{
  "version": 4,
  "terraform_version": "1.3.1",
  "serial": 89,
  "lineage": "605761da-90fc-2a5a-d852-11772528d41f",
  "outputs": {},
  "resources": [
    {
      "module": "module.appsync",
      "mode": "data",
      "type": "local_file",
      "name": "appsync_schema",
      "provider": "provider[\"registry.terraform.io/hashicorp/local\"]",
      "instances": [
        {
          "schema_version": 0,
          "attributes": {
            "content": "type MenueItems {\n    id: id\n    name: String!\n    description: String\n    price: Int!\n}\n\ntype Query {\n    getMenue(restaurantID:ID!):[MenueItems]\n}\n\ninput AddMenueItem {\n    restaurantID: ID!\n    name: String!\n    description: String\n    price: Int!\n}\n\ntype Mutation {\n    addMenueItem(input: AddMenueItem!): ID!\n    deleteMenueItem(id:ID!): ID!\n}",
            "content_base64": "dHlwZSBNZW51ZUl0ZW1zIHsKICAgIGlkOiBpZAogICAgbmFtZTogU3RyaW5nIQogICAgZGVzY3JpcHRpb246IFN0cmluZwogICAgcHJpY2U6IEludCEKfQoKdHlwZSBRdWVyeSB7CiAgICBnZXRNZW51ZShyZXN0YXVyYW50SUQ6SUQhKTpbTWVudWVJdGVtc10KfQoKaW5wdXQgQWRkTWVudWVJdGVtIHsKICAgIHJlc3RhdXJhbnRJRDogSUQhCiAgICBuYW1lOiBTdHJpbmchCiAgICBkZXNjcmlwdGlvbjogU3RyaW5nCiAgICBwcmljZTogSW50IQp9Cgp0eXBlIE11dGF0aW9uIHsKICAgIGFkZE1lbnVlSXRlbShpbnB1dDogQWRkTWVudWVJdGVtISk6IElEIQogICAgZGVsZXRlTWVudWVJdGVtKGlkOklEISk6IElEIQp9",
            "content_base64sha256": "XODNs7hLWx5C/UyM2NbMsyzatY1RyRND+6gPjnSs6Xc=",
            "content_base64sha512": "rSKhwxZu5EH30rqNYElLouoQHvZ3qlBrCXkuJ6TVJ5uGdlZmE2ZIkxKJgRQl3NMv9Pc8sumCkd0dnLiM+PFa1Q==",
            "content_md5": "20ece9a42b670faec204ad6c4040e806",
            "content_sha1": "b86a72c091b6fcf5e61a32251afbf07d64128929",
            "content_sha256": "5ce0cdb3b84b5b1e42fd4c8cd8d6ccb32cdab58d51c91343fba80f8e74ace977",
            "content_sha512": "ad22a1c3166ee441f7d2ba8d60494ba2ea101ef677aa506b09792e27a4d5279b86765666136648931289811425dcd32ff4f73cb2e98291dd1d9cb88cf8f15ad5",
            "filename": "appsync/appsync-schema.graphql",
            "id": "b86a72c091b6fcf5e61a32251afbf07d64128929"
          },
          "sensitive_attributes": []
        }
      ]
    },
    {
      "module": "module.appsync",
      "mode": "managed",
      "type": "aws_appsync_graphql_api",
      "name": "appsync_api",
      "provider": "provider[\"registry.terraform.io/hashicorp/aws\"].useast",
      "instances": [
        {
          "status": "tainted",
          "schema_version": 0,
          "attributes": {
            "additional_authentication_provider": [
              {
                "authentication_type": "API_KEY",
                "lambda_authorizer_config": [],
                "openid_connect_config": [],
                "user_pool_config": []
              }
            ],
            "arn": null,
            "authentication_type": "AMAZON_COGNITO_USER_POOLS",
            "id": "6jd5fbijwjh2zexkqnbceawtbm",
            "lambda_authorizer_config": [],
            "log_config": [],
            "name": "Cognito",
            "openid_connect_config": [],
            "schema": "type MenueItems {\n    id: id\n    name: String!\n    description: String\n    price: Int!\n}\n\ntype Query {\n    getMenue(restaurantID:ID!):[MenueItems]\n}\n\ninput AddMenueItem {\n    restaurantID: ID!\n    name: String!\n    description: String\n    price: Int!\n}\n\ntype Mutation {\n    addMenueItem(input: AddMenueItem!): ID!\n    deleteMenueItem(id:ID!): ID!\n}",
            "tags": null,
            "tags_all": null,
            "uris": null,
            "user_pool_config": [
              {
                "app_id_client_regex": "",
                "aws_region": "us-east-1",
                "default_action": "ALLOW",
                "user_pool_id": "us-east-1_sPGXjVrTy"
              }
            ],
            "xray_enabled": null
          },
          "sensitive_attributes": [],
          "private": "bnVsbA==",
          "dependencies": [
            "module.appsync.data.local_file.appsync_schema",
            "module.cognito.aws_cognito_user_pool.pool"
          ]
        }
      ]
    },
    {
      "module": "module.appsync",
      "mode": "managed",
      "type": "null_resource",
      "name": "appsync_rds_datasource",
      "provider": "provider[\"registry.terraform.io/hashicorp/null\"]",
      "instances": []
    },
    {
      "module": "module.cognito",
      "mode": "managed",
      "type": "aws_cognito_user_group",
      "name": "admin",
      "provider": "module.cognito.provider[\"registry.terraform.io/hashicorp/aws\"]",
      "instances": [
        {
          "schema_version": 0,
          "attributes": {
            "description": "",
            "id": "us-east-1_sPGXjVrTy/admin",
            "name": "admin",
            "precedence": 0,
            "role_arn": "",
            "user_pool_id": "us-east-1_sPGXjVrTy"
          },
          "sensitive_attributes": [],
          "private": "bnVsbA==",
          "dependencies": [
            "module.cognito.aws_cognito_user_pool.pool"
          ]
        }
      ]
    },
    {
      "module": "module.cognito",
      "mode": "managed",
      "type": "aws_cognito_user_pool",
      "name": "pool",
      "provider": "module.cognito.provider[\"registry.terraform.io/hashicorp/aws\"]",
      "instances": [
        {
          "schema_version": 0,
          "attributes": {
            "account_recovery_setting": [
              {
                "recovery_mechanism": [
                  {
                    "name": "verified_email",
                    "priority": 1
                  }
                ]
              }
            ],
            "admin_create_user_config": [
              {
                "allow_admin_create_user_only": false,
                "invite_message_template": []
              }
            ],
            "alias_attributes": null,
            "arn": "arn:aws:cognito-idp:us-east-1:617942035950:userpool/us-east-1_sPGXjVrTy",
            "auto_verified_attributes": [
              "email"
            ],
            "creation_date": "2023-05-20T07:12:50Z",
            "custom_domain": "",
            "deletion_protection": "INACTIVE",
            "device_configuration": [],
            "domain": "",
            "email_configuration": [
              {
                "configuration_set": "",
                "email_sending_account": "COGNITO_DEFAULT",
                "from_email_address": "",
                "reply_to_email_address": "",
                "source_arn": ""
              }
            ],
            "email_verification_message": "Your reset password validation code is: {####}",
            "email_verification_subject": "Reset password code",
            "endpoint": "cognito-idp.us-east-1.amazonaws.com/us-east-1_sPGXjVrTy",
            "estimated_number_of_users": 0,
            "id": "us-east-1_sPGXjVrTy",
            "lambda_config": [],
            "last_modified_date": "2023-05-20T07:12:50Z",
            "mfa_configuration": "OPTIONAL",
            "name": "restaurant-manager",
            "password_policy": [
              {
                "minimum_length": 8,
                "require_lowercase": true,
                "require_numbers": true,
                "require_symbols": false,
                "require_uppercase": true,
                "temporary_password_validity_days": 7
              }
            ],
            "schema": [
              {
                "attribute_data_type": "String",
                "developer_only_attribute": false,
                "mutable": true,
                "name": "email",
                "number_attribute_constraints": [],
                "required": true,
                "string_attribute_constraints": [
                  {
                    "max_length": "100",
                    "min_length": "7"
                  }
                ]
              }
            ],
            "sms_authentication_message": "",
            "sms_configuration": [],
            "sms_verification_message": "",
            "software_token_mfa_configuration": [
              {
                "enabled": false
              }
            ],
            "tags": {
              "Name": "restaurant-manager"
            },
            "tags_all": {
              "Name": "restaurant-manager"
            },
            "user_attribute_update_settings": [],
            "user_pool_add_ons": [
              {
                "advanced_security_mode": "OFF"
              }
            ],
            "username_attributes": [
              "email"
            ],
            "username_configuration": [],
            "verification_message_template": [
              {
                "default_email_option": "CONFIRM_WITH_CODE",
                "email_message": "Your reset password validation code is: {####}",
                "email_message_by_link": "",
                "email_subject": "Reset password code",
                "email_subject_by_link": "",
                "sms_message": ""
              }
            ]
          },
          "sensitive_attributes": [],
          "private": "bnVsbA=="
        }
      ]
    },
    {
      "module": "module.cognito",
      "mode": "managed",
      "type": "aws_cognito_user_pool_client",
      "name": "client",
      "provider": "module.cognito.provider[\"registry.terraform.io/hashicorp/aws\"]",
      "instances": [
        {
          "schema_version": 0,
          "attributes": {
            "access_token_validity": 0,
            "allowed_oauth_flows": [],
            "allowed_oauth_flows_user_pool_client": false,
            "allowed_oauth_scopes": [],
            "analytics_configuration": [],
            "auth_session_validity": 3,
            "callback_urls": [],
            "client_secret": "",
            "default_redirect_uri": "",
            "enable_propagate_additional_user_context_data": false,
            "enable_token_revocation": true,
            "explicit_auth_flows": [
              "ADMIN_NO_SRP_AUTH",
              "USER_PASSWORD_AUTH"
            ],
            "generate_secret": false,
            "id": "6oiig33cv3ab5ji8f082agdb3e",
            "id_token_validity": 0,
            "logout_urls": [],
            "name": "restaurant-manager",
            "prevent_user_existence_errors": "",
            "read_attributes": [],
            "refresh_token_validity": 30,
            "supported_identity_providers": [],
            "token_validity_units": [],
            "user_pool_id": "us-east-1_sPGXjVrTy",
            "write_attributes": []
          },
          "sensitive_attributes": [],
          "dependencies": [
            "module.cognito.aws_cognito_user_pool.pool"
          ]
        }
      ]
    },
    {
      "module": "module.database",
      "mode": "managed",
      "type": "aws_rds_cluster",
      "name": "cluster",
      "provider": "provider[\"registry.terraform.io/hashicorp/aws\"].useast",
      "instances": [
        {
          "schema_version": 0,
          "attributes": {
            "allocated_storage": 1,
            "allow_major_version_upgrade": null,
            "apply_immediately": null,
            "arn": "arn:aws:rds:us-east-1:617942035950:cluster:restaurant-manager",
            "availability_zones": [
              "us-east-1a",
              "us-east-1b",
              "us-east-1d"
            ],
            "backtrack_window": 0,
            "backup_retention_period": 7,
            "cluster_identifier": "restaurant-manager",
            "cluster_identifier_prefix": null,
            "cluster_members": [],
            "cluster_resource_id": "cluster-ATY3EIWMQMKS6QHEPPHDVA6WEM",
            "copy_tags_to_snapshot": false,
            "database_name": "restaurant",
            "db_cluster_instance_class": "",
            "db_cluster_parameter_group_name": "default.aurora-mysql5.7",
            "db_instance_parameter_group_name": null,
            "db_subnet_group_name": "default",
            "deletion_protection": false,
            "enable_global_write_forwarding": false,
            "enable_http_endpoint": true,
            "enabled_cloudwatch_logs_exports": null,
            "endpoint": "restaurant-manager.cluster-czyhnv4qk082.us-east-1.rds.amazonaws.com",
            "engine": "aurora-mysql",
            "engine_mode": "serverless",
            "engine_version": "5.7.mysql_aurora.2.08.3",
            "engine_version_actual": "5.7.mysql_aurora.2.08.3",
            "final_snapshot_identifier": null,
            "global_cluster_identifier": "",
            "hosted_zone_id": "Z2R2ITUGPM61AM",
            "iam_database_authentication_enabled": false,
            "iam_roles": [],
            "id": "restaurant-manager",
            "iops": 0,
            "kms_key_id": "arn:aws:kms:us-east-1:617942035950:key/8cf03d97-6a62-4eb9-af2f-b5e5eba95c47",
            "manage_master_user_password": null,
            "master_password": "password",
            "master_user_secret": [],
            "master_user_secret_kms_key_id": null,
            "master_username": "admin",
            "network_type": "IPV4",
            "port": 3306,
            "preferred_backup_window": "09:12-09:42",
            "preferred_maintenance_window": "fri:05:10-fri:05:40",
            "reader_endpoint": "",
            "replication_source_identifier": "",
            "restore_to_point_in_time": [],
            "s3_import": [],
            "scaling_configuration": [
              {
                "auto_pause": true,
                "max_capacity": 16,
                "min_capacity": 2,
                "seconds_until_auto_pause": 300,
                "timeout_action": "RollbackCapacityChange"
              }
            ],
            "serverlessv2_scaling_configuration": [],
            "skip_final_snapshot": true,
            "snapshot_identifier": null,
            "source_region": null,
            "storage_encrypted": true,
            "storage_type": "",
            "tags": {
              "name": "restaurant manager"
            },
            "tags_all": {
              "name": "restaurant manager"
            },
            "timeouts": null,
            "vpc_security_group_ids": [
              "sg-07398cfeac41af7b0"
            ]
          },
          "sensitive_attributes": [],
          "private": "eyJlMmJmYjczMC1lY2FhLTExZTYtOGY4OC0zNDM2M2JjN2M0YzAiOnsiY3JlYXRlIjo3MjAwMDAwMDAwMDAwLCJkZWxldGUiOjcyMDAwMDAwMDAwMDAsInVwZGF0ZSI6NzIwMDAwMDAwMDAwMH19"
        }
      ]
    },
    {
      "module": "module.database",
      "mode": "managed",
      "type": "aws_secretsmanager_secret",
      "name": "restaurant",
      "provider": "provider[\"registry.terraform.io/hashicorp/aws\"].useast",
      "instances": [
        {
          "schema_version": 0,
          "attributes": {
            "arn": "arn:aws:secretsmanager:us-east-1:617942035950:secret:restaurant-manager-secret-jdLTkK",
            "description": "RDS database admin credentials for restaurant-manager",
            "force_overwrite_replica_secret": false,
            "id": "arn:aws:secretsmanager:us-east-1:617942035950:secret:restaurant-manager-secret-jdLTkK",
            "kms_key_id": "",
            "name": "restaurant-manager-secret",
            "name_prefix": "",
            "policy": "",
            "recovery_window_in_days": 0,
            "replica": [],
            "rotation_enabled": false,
            "rotation_lambda_arn": "",
            "rotation_rules": [],
            "tags": null,
            "tags_all": {}
          },
          "sensitive_attributes": [],
          "private": "bnVsbA=="
        }
      ]
    },
    {
      "module": "module.database",
      "mode": "managed",
      "type": "aws_secretsmanager_secret_version",
      "name": "restaurant",
      "provider": "provider[\"registry.terraform.io/hashicorp/aws\"].useast",
      "instances": [
        {
          "schema_version": 0,
          "attributes": {
            "arn": "arn:aws:secretsmanager:us-east-1:617942035950:secret:restaurant-manager-secret-jdLTkK",
            "id": "arn:aws:secretsmanager:us-east-1:617942035950:secret:restaurant-manager-secret-jdLTkK|AA58E260-97D0-4FF0-842A-1C7628E9F2F9",
            "secret_binary": "",
            "secret_id": "arn:aws:secretsmanager:us-east-1:617942035950:secret:restaurant-manager-secret-jdLTkK",
            "secret_string": "{\"dbClusterIdentifier\":\"restaurant-manager\",\"engine\":\"mysql\",\"host\":\"restaurant-manager.cluster-czyhnv4qk082.us-east-1.rds.amazonaws.com\",\"password\":\"password\",\"port\":3306,\"username\":\"admin\"}",
            "version_id": "AA58E260-97D0-4FF0-842A-1C7628E9F2F9",
            "version_stages": [
              "AWSCURRENT"
            ]
          },
          "sensitive_attributes": [],
          "private": "bnVsbA==",
          "dependencies": [
            "module.database.aws_rds_cluster.cluster",
            "module.database.aws_secretsmanager_secret.restaurant"
          ]
        }
      ]
    },
    {
      "module": "module.database",
      "mode": "managed",
      "type": "aws_ssm_parameter",
      "name": "rds-secret",
      "provider": "provider[\"registry.terraform.io/hashicorp/aws\"]",
      "instances": [
        {
          "schema_version": 0,
          "attributes": {
            "allowed_pattern": "",
            "arn": "arn:aws:ssm:eu-central-1:617942035950:parameter/restaurant/secrets/aurora/arn",
            "data_type": "text",
            "description": "",
            "id": "/restaurant/secrets/aurora/arn",
            "insecure_value": null,
            "key_id": "",
            "name": "/restaurant/secrets/aurora/arn",
            "overwrite": null,
            "tags": null,
            "tags_all": {},
            "tier": "Standard",
            "type": "String",
            "value": "arn:aws:secretsmanager:us-east-1:617942035950:secret:restaurant-manager-secret-jdLTkK",
            "version": 1
          },
          "sensitive_attributes": [],
          "private": "bnVsbA==",
          "dependencies": [
            "module.database.aws_rds_cluster.cluster",
            "module.database.aws_secretsmanager_secret.restaurant",
            "module.database.aws_secretsmanager_secret_version.restaurant"
          ]
        }
      ]
    }
  ],
  "check_results": []
}
