{
  "version": 4,
  "terraform_version": "1.3.1",
  "serial": 3743,
  "lineage": "8e8b41e3-1656-f318-8ea2-53c07a968a41",
  "outputs": {},
  "resources": [
    {
      "module": "module.appsync",
      "mode": "data",
      "type": "local_file",
      "name": "add_menue_item_request",
      "provider": "provider[\"registry.terraform.io/hashicorp/local\"]",
      "instances": [
        {
          "schema_version": 0,
          "attributes": {
            "content": "#foreach($item in $context.args.input.entrySet())\n    #set($item.value=$item.value.replace(\"'\", \"''\"))\n    #set($item.value=$item.value.replace(\"\\\", \"\\\\\\\\\"))\n    #set($item.value=$item.value.replace('\"', '\\\\\\\"'))\n#end\n#foreach($item in $context.args.entrySet())\n    #set($item.value=$item.value.replace(\"'\", \"''\"))\n    #set($item.value=$item.value.replace(\"\\\", \"\\\\\\\\\"))\n    #set($item.value=$item.value.replace('\"', '\\\\\\\"'))\n#end\n\n#set($process_id=$utils.autoId())\n#set($description=$util.defaultIfNullOrEmpty($ctx.args.input.description, ''))\n\n{\n    \"version\": \"2018-05-29\",\n    \"statements\": [\n        \"INSERT INTO restaurant.menu_items (id, restaurant_username, name, description, price) VALUES ('$process_id','$context.args.input.restaurantUsername', '$context.args.input.name', '$description', '$context.args.input.price')\",\n        \"SELECT id, name, description, price FROM restaurant.menu_items WHERE id = '$process_id'\"\n    ]\n}",
            "content_base64": "I2ZvcmVhY2goJGl0ZW0gaW4gJGNvbnRleHQuYXJncy5pbnB1dC5lbnRyeVNldCgpKQogICAgI3NldCgkaXRlbS52YWx1ZT0kaXRlbS52YWx1ZS5yZXBsYWNlKCInIiwgIicnIikpCiAgICAjc2V0KCRpdGVtLnZhbHVlPSRpdGVtLnZhbHVlLnJlcGxhY2UoIlwiLCAiXFxcXCIpKQogICAgI3NldCgkaXRlbS52YWx1ZT0kaXRlbS52YWx1ZS5yZXBsYWNlKCciJywgJ1xcXCInKSkKI2VuZAojZm9yZWFjaCgkaXRlbSBpbiAkY29udGV4dC5hcmdzLmVudHJ5U2V0KCkpCiAgICAjc2V0KCRpdGVtLnZhbHVlPSRpdGVtLnZhbHVlLnJlcGxhY2UoIiciLCAiJyciKSkKICAgICNzZXQoJGl0ZW0udmFsdWU9JGl0ZW0udmFsdWUucmVwbGFjZSgiXCIsICJcXFxcIikpCiAgICAjc2V0KCRpdGVtLnZhbHVlPSRpdGVtLnZhbHVlLnJlcGxhY2UoJyInLCAnXFxcIicpKQojZW5kCgojc2V0KCRwcm9jZXNzX2lkPSR1dGlscy5hdXRvSWQoKSkKI3NldCgkZGVzY3JpcHRpb249JHV0aWwuZGVmYXVsdElmTnVsbE9yRW1wdHkoJGN0eC5hcmdzLmlucHV0LmRlc2NyaXB0aW9uLCAnJykpCgp7CiAgICAidmVyc2lvbiI6ICIyMDE4LTA1LTI5IiwKICAgICJzdGF0ZW1lbnRzIjogWwogICAgICAgICJJTlNFUlQgSU5UTyByZXN0YXVyYW50Lm1lbnVfaXRlbXMgKGlkLCByZXN0YXVyYW50X3VzZXJuYW1lLCBuYW1lLCBkZXNjcmlwdGlvbiwgcHJpY2UpIFZBTFVFUyAoJyRwcm9jZXNzX2lkJywnJGNvbnRleHQuYXJncy5pbnB1dC5yZXN0YXVyYW50VXNlcm5hbWUnLCAnJGNvbnRleHQuYXJncy5pbnB1dC5uYW1lJywgJyRkZXNjcmlwdGlvbicsICckY29udGV4dC5hcmdzLmlucHV0LnByaWNlJykiLAogICAgICAgICJTRUxFQ1QgaWQsIG5hbWUsIGRlc2NyaXB0aW9uLCBwcmljZSBGUk9NIHJlc3RhdXJhbnQubWVudV9pdGVtcyBXSEVSRSBpZCA9ICckcHJvY2Vzc19pZCciCiAgICBdCn0=",
            "content_base64sha256": "PyqugPfp5SPTzmNu6KHNi371tkWdBnBx6oy8NkIxUkA=",
            "content_base64sha512": "hTvNigol97UAI4DhhqGjs58wfA1qiWphbwR9ewPKD9/wZt5mdpUNfOQhGQ6BAO8+19V36yGkmEY+xRxZbYd7og==",
            "content_md5": "edaaa48ebfd33362a845c1c951404873",
            "content_sha1": "3fef314a9c841c3fac690b5a0fcb1c70a37ef927",
            "content_sha256": "3f2aae80f7e9e523d3ce636ee8a1cd8b7ef5b6459d067071ea8cbc3642315240",
            "content_sha512": "853bcd8a0a25f7b5002380e186a1a3b39f307c0d6a896a616f047d7b03ca0fdff066de6676950d7ce421190e8100ef3ed7d577eb21a498463ec51c596d877ba2",
            "filename": "appsync/templates/add_menue_item_request.vtl",
            "id": "3fef314a9c841c3fac690b5a0fcb1c70a37ef927"
          },
          "sensitive_attributes": []
        }
      ]
    },
    {
      "module": "module.appsync",
      "mode": "data",
      "type": "local_file",
      "name": "add_menue_item_response",
      "provider": "provider[\"registry.terraform.io/hashicorp/local\"]",
      "instances": [
        {
          "schema_version": 0,
          "attributes": {
            "content": "#if($ctx.error)\n    $utils.error($ctx.error.message, $ctx.error.type)\n#end\n\n$utils.toJson($utils.rds.toJsonObject($ctx.result)[1][0])",
            "content_base64": "I2lmKCRjdHguZXJyb3IpCiAgICAkdXRpbHMuZXJyb3IoJGN0eC5lcnJvci5tZXNzYWdlLCAkY3R4LmVycm9yLnR5cGUpCiNlbmQKCiR1dGlscy50b0pzb24oJHV0aWxzLnJkcy50b0pzb25PYmplY3QoJGN0eC5yZXN1bHQpWzFdWzBdKQ==",
            "content_base64sha256": "jl/Qe4LfHPs9lzhie1JKmkHl8XcRlV8QNcgCEy9Gunc=",
            "content_base64sha512": "wBw5/thqXsmJ6CuL4XJBh1CCEpTRv+Ey+n+mgW9ixwvbs6SGH3w1UBrqBEyUYSVDJwsPumm519nHzO8w9kidtA==",
            "content_md5": "9e1c940cb6d02bf1bd1a4c05e5cb802d",
            "content_sha1": "8b26730c55c5b58ab254d1ea3736e4672e9effb4",
            "content_sha256": "8e5fd07b82df1cfb3d9738627b524a9a41e5f17711955f1035c802132f46ba77",
            "content_sha512": "c01c39fed86a5ec989e82b8be172418750821294d1bfe132fa7fa6816f62c70bdbb3a4861f7c35501aea044c94612543270b0fba69b9d7d9c7ccef30f6489db4",
            "filename": "appsync/templates/add_menue_item_response.vtl",
            "id": "8b26730c55c5b58ab254d1ea3736e4672e9effb4"
          },
          "sensitive_attributes": []
        }
      ]
    },
    {
      "module": "module.appsync",
      "mode": "data",
      "type": "local_file",
      "name": "appsync_schema",
      "provider": "provider[\"registry.terraform.io/hashicorp/local\"]",
      "instances": [
        {
          "schema_version": 0,
          "attributes": {
            "content": "schema {\n    query: Query\n    mutation: Mutation\n}\n\ntype Query {\n    getMenue(restaurantUsername:String!): [MenueItem]\n    getRestaurant(id:String!): Restaurant!\n    listOrder(filter:ListOrder!): [Order]\n    listInvoice: [Invoice]\n}\n\ntype Mutation {\n    addMenueItem(input: AddMenueItem!): MenueItem\n    deleteMenueItem(id:String!): String\n    createRestaurant(input: CreateRestaurant!): Restaurant\n    deleteRestaurant(username:String!): String\n    createOrder(input: CreateOrder!): Order\n    deleteOrder(id:String!): String\n    addOrderItem(input: CreateOrderItem): OrderItem\n    updateOrderItem(input: UpdateOrderItem): OrderItem\n    removeOrderItem(input: RemoveOrderItem): String\n    createInvoice(input: CreateInvoice!): Invoice\n}\n\ntype MenueItem {\n    id: String\n    name: String!\n    description: String\n    price: Int!\n}\n\ninput AddMenueItem {\n    restaurantUsername: String!\n    name: String!\n    description: String\n    price: Int!\n}\n\ntype Restaurant {\n    username: String!\n    name: String!\n    address: String\n    phone: String\n}\n\ninput CreateRestaurant {\n    email: String!\n    password: String!\n    name: String!\n    address: String\n    phone: String\n}\n\ntype Order {\n    id: String!\n    restaurant_username: String!\n    customer_name: String!\n    customer_phone: String!\n    order_status: OrderStatus\n    order_date: String\n}\n\ninput CreateOrder {\n    restaurantUsername: String!\n    customerName: String!\n    customerPhone: String!\n}\n\ninput ListOrder {\n    restaurantUsername: String!\n    status: OrderStatus\n}\n\nenum OrderStatus {\n\treceived\n\tpreparing\n\tdone\n}\n\ntype OrderItem {\n    id: ID!\n    orderId: String!\n    menueItemId: String!\n    quantity: Int!\n}\n\ninput CreateOrderItem {\n    orderId: String!\n    menueItemId: String!\n    quantity: Int!\n}\n\ninput UpdateOrderItem {\n    orderId: String!\n    menueItemId: String!\n    quantity: Int!\n}\n\ninput RemoveOrderItem {\n    orderId: String!\n    menueItemId: String!\n}\n\ntype Invoice {\n    id: ID!\n    orderId: String!\n    amount: Int!\n    paymentDate: String\n}\n\ninput CreateInvoice {\n    orderId: String!\n}",
            "content_base64": "c2NoZW1hIHsKICAgIHF1ZXJ5OiBRdWVyeQogICAgbXV0YXRpb246IE11dGF0aW9uCn0KCnR5cGUgUXVlcnkgewogICAgZ2V0TWVudWUocmVzdGF1cmFudFVzZXJuYW1lOlN0cmluZyEpOiBbTWVudWVJdGVtXQogICAgZ2V0UmVzdGF1cmFudChpZDpTdHJpbmchKTogUmVzdGF1cmFudCEKICAgIGxpc3RPcmRlcihmaWx0ZXI6TGlzdE9yZGVyISk6IFtPcmRlcl0KICAgIGxpc3RJbnZvaWNlOiBbSW52b2ljZV0KfQoKdHlwZSBNdXRhdGlvbiB7CiAgICBhZGRNZW51ZUl0ZW0oaW5wdXQ6IEFkZE1lbnVlSXRlbSEpOiBNZW51ZUl0ZW0KICAgIGRlbGV0ZU1lbnVlSXRlbShpZDpTdHJpbmchKTogU3RyaW5nCiAgICBjcmVhdGVSZXN0YXVyYW50KGlucHV0OiBDcmVhdGVSZXN0YXVyYW50ISk6IFJlc3RhdXJhbnQKICAgIGRlbGV0ZVJlc3RhdXJhbnQodXNlcm5hbWU6U3RyaW5nISk6IFN0cmluZwogICAgY3JlYXRlT3JkZXIoaW5wdXQ6IENyZWF0ZU9yZGVyISk6IE9yZGVyCiAgICBkZWxldGVPcmRlcihpZDpTdHJpbmchKTogU3RyaW5nCiAgICBhZGRPcmRlckl0ZW0oaW5wdXQ6IENyZWF0ZU9yZGVySXRlbSk6IE9yZGVySXRlbQogICAgdXBkYXRlT3JkZXJJdGVtKGlucHV0OiBVcGRhdGVPcmRlckl0ZW0pOiBPcmRlckl0ZW0KICAgIHJlbW92ZU9yZGVySXRlbShpbnB1dDogUmVtb3ZlT3JkZXJJdGVtKTogU3RyaW5nCiAgICBjcmVhdGVJbnZvaWNlKGlucHV0OiBDcmVhdGVJbnZvaWNlISk6IEludm9pY2UKfQoKdHlwZSBNZW51ZUl0ZW0gewogICAgaWQ6IFN0cmluZwogICAgbmFtZTogU3RyaW5nIQogICAgZGVzY3JpcHRpb246IFN0cmluZwogICAgcHJpY2U6IEludCEKfQoKaW5wdXQgQWRkTWVudWVJdGVtIHsKICAgIHJlc3RhdXJhbnRVc2VybmFtZTogU3RyaW5nIQogICAgbmFtZTogU3RyaW5nIQogICAgZGVzY3JpcHRpb246IFN0cmluZwogICAgcHJpY2U6IEludCEKfQoKdHlwZSBSZXN0YXVyYW50IHsKICAgIHVzZXJuYW1lOiBTdHJpbmchCiAgICBuYW1lOiBTdHJpbmchCiAgICBhZGRyZXNzOiBTdHJpbmcKICAgIHBob25lOiBTdHJpbmcKfQoKaW5wdXQgQ3JlYXRlUmVzdGF1cmFudCB7CiAgICBlbWFpbDogU3RyaW5nIQogICAgcGFzc3dvcmQ6IFN0cmluZyEKICAgIG5hbWU6IFN0cmluZyEKICAgIGFkZHJlc3M6IFN0cmluZwogICAgcGhvbmU6IFN0cmluZwp9Cgp0eXBlIE9yZGVyIHsKICAgIGlkOiBTdHJpbmchCiAgICByZXN0YXVyYW50X3VzZXJuYW1lOiBTdHJpbmchCiAgICBjdXN0b21lcl9uYW1lOiBTdHJpbmchCiAgICBjdXN0b21lcl9waG9uZTogU3RyaW5nIQogICAgb3JkZXJfc3RhdHVzOiBPcmRlclN0YXR1cwogICAgb3JkZXJfZGF0ZTogU3RyaW5nCn0KCmlucHV0IENyZWF0ZU9yZGVyIHsKICAgIHJlc3RhdXJhbnRVc2VybmFtZTogU3RyaW5nIQogICAgY3VzdG9tZXJOYW1lOiBTdHJpbmchCiAgICBjdXN0b21lclBob25lOiBTdHJpbmchCn0KCmlucHV0IExpc3RPcmRlciB7CiAgICByZXN0YXVyYW50VXNlcm5hbWU6IFN0cmluZyEKICAgIHN0YXR1czogT3JkZXJTdGF0dXMKfQoKZW51bSBPcmRlclN0YXR1cyB7CglyZWNlaXZlZAoJcHJlcGFyaW5nCglkb25lCn0KCnR5cGUgT3JkZXJJdGVtIHsKICAgIGlkOiBJRCEKICAgIG9yZGVySWQ6IFN0cmluZyEKICAgIG1lbnVlSXRlbUlkOiBTdHJpbmchCiAgICBxdWFudGl0eTogSW50IQp9CgppbnB1dCBDcmVhdGVPcmRlckl0ZW0gewogICAgb3JkZXJJZDogU3RyaW5nIQogICAgbWVudWVJdGVtSWQ6IFN0cmluZyEKICAgIHF1YW50aXR5OiBJbnQhCn0KCmlucHV0IFVwZGF0ZU9yZGVySXRlbSB7CiAgICBvcmRlcklkOiBTdHJpbmchCiAgICBtZW51ZUl0ZW1JZDogU3RyaW5nIQogICAgcXVhbnRpdHk6IEludCEKfQoKaW5wdXQgUmVtb3ZlT3JkZXJJdGVtIHsKICAgIG9yZGVySWQ6IFN0cmluZyEKICAgIG1lbnVlSXRlbUlkOiBTdHJpbmchCn0KCnR5cGUgSW52b2ljZSB7CiAgICBpZDogSUQhCiAgICBvcmRlcklkOiBTdHJpbmchCiAgICBhbW91bnQ6IEludCEKICAgIHBheW1lbnREYXRlOiBTdHJpbmcKfQoKaW5wdXQgQ3JlYXRlSW52b2ljZSB7CiAgICBvcmRlcklkOiBTdHJpbmchCn0=",
            "content_base64sha256": "1sAbk887vP/avufQkWPHqEjtx1eECHchScATcGxaS+c=",
            "content_base64sha512": "TqlF/44zhbrXR+dmEbAQlvnYoKxzLEMcGYZ7AhT4Zv2z0zwOeFqKWXqjaR5KU5jMRsuQpG9hDrU0xvrdZI1mMA==",
            "content_md5": "1073d75fa9bc663657b132f87dc300c3",
            "content_sha1": "93c1dbb6cd0217e6be7c116e25a8ffb958762ef5",
            "content_sha256": "d6c01b93cf3bbcffdabee7d09163c7a848edc7578408772149c013706c5a4be7",
            "content_sha512": "4ea945ff8e3385bad747e76611b01096f9d8a0ac732c431c19867b0214f866fdb3d33c0e785a8a597aa3691e4a5398cc46cb90a46f610eb534c6fadd648d6630",
            "filename": "appsync/appsync-schema.graphql",
            "id": "93c1dbb6cd0217e6be7c116e25a8ffb958762ef5"
          },
          "sensitive_attributes": []
        }
      ]
    },
    {
      "module": "module.appsync",
      "mode": "data",
      "type": "local_file",
      "name": "create_cognito_user_request",
      "provider": "provider[\"registry.terraform.io/hashicorp/local\"]",
      "instances": [
        {
          "schema_version": 0,
          "attributes": {
            "content": "#set($data = {\n    \"action\": \"CREATE\",\n    \"email\": $ctx.args.input.email,\n    \"password\": $ctx.args.input.password,\n    \"name\": $ctx.args.input.name,\n    \"address\": $ctx.args.input.address,\n    \"phone\": $ctx.args.input.phone\n})\n{\n  \"operation\": \"Invoke\",\n  \"payload\": $util.toJson($data)\n}",
            "content_base64": "I3NldCgkZGF0YSA9IHsKICAgICJhY3Rpb24iOiAiQ1JFQVRFIiwKICAgICJlbWFpbCI6ICRjdHguYXJncy5pbnB1dC5lbWFpbCwKICAgICJwYXNzd29yZCI6ICRjdHguYXJncy5pbnB1dC5wYXNzd29yZCwKICAgICJuYW1lIjogJGN0eC5hcmdzLmlucHV0Lm5hbWUsCiAgICAiYWRkcmVzcyI6ICRjdHguYXJncy5pbnB1dC5hZGRyZXNzLAogICAgInBob25lIjogJGN0eC5hcmdzLmlucHV0LnBob25lCn0pCnsKICAib3BlcmF0aW9uIjogIkludm9rZSIsCiAgInBheWxvYWQiOiAkdXRpbC50b0pzb24oJGRhdGEpCn0=",
            "content_base64sha256": "dxhiIrxf7YTos2DC7f/4BNdzy3PUi0lqWOYrCEa44Lk=",
            "content_base64sha512": "KNaondT2MzVuzF8jL+xf30Gi++Ig+rgjSaS8lgUBmm3GFzUes1ItO5p+gOL8vkwCooArQk2JTaVV4YeZyZzl8A==",
            "content_md5": "c94d19b8a0cbf4cb1a456a15bb887d0a",
            "content_sha1": "b68cf6415d68194083fdcfad94fed066994a1d55",
            "content_sha256": "77186222bc5fed84e8b360c2edfff804d773cb73d48b496a58e62b0846b8e0b9",
            "content_sha512": "28d6a89dd4f633356ecc5f232fec5fdf41a2fbe220fab82349a4bc9605019a6dc617351eb3522d3b9a7e80e2fcbe4c02a2802b424d894da555e18799c99ce5f0",
            "filename": "appsync/templates/create_cognito_user_request.vtl",
            "id": "b68cf6415d68194083fdcfad94fed066994a1d55"
          },
          "sensitive_attributes": []
        }
      ]
    },
    {
      "module": "module.appsync",
      "mode": "data",
      "type": "local_file",
      "name": "create_cognito_user_response",
      "provider": "provider[\"registry.terraform.io/hashicorp/local\"]",
      "instances": [
        {
          "schema_version": 0,
          "attributes": {
            "content": "#if($ctx.error)\n    $utils.error($ctx.error.message, $ctx.error.type)\n#end\n\n$utils.toJson($context.result)",
            "content_base64": "I2lmKCRjdHguZXJyb3IpCiAgICAkdXRpbHMuZXJyb3IoJGN0eC5lcnJvci5tZXNzYWdlLCAkY3R4LmVycm9yLnR5cGUpCiNlbmQKCiR1dGlscy50b0pzb24oJGNvbnRleHQucmVzdWx0KQ==",
            "content_base64sha256": "yKRrFNEBbTxSmqSJpqKFcqjm0Dqk9nxxooVTSVnU1tw=",
            "content_base64sha512": "RAtze3jVWrppehjVarj6xN5nGsXj5QXN51Z0p+hpOdRbir+4oWn51RNFAyBoM5PBvtaAe8dpTi58XXoyNoDoqw==",
            "content_md5": "71f56feacc9a2073d4886547eba919bd",
            "content_sha1": "61b1a444fbe8e92d4315b3dfc4b0988fa2835bcb",
            "content_sha256": "c8a46b14d1016d3c529aa489a6a28572a8e6d03aa4f67c71a285534959d4d6dc",
            "content_sha512": "440b737b78d55aba697a18d56ab8fac4de671ac5e3e505cde75674a7e86939d45b8abfb8a169f9d513450320683393c1bed6807bc7694e2e7c5d7a323680e8ab",
            "filename": "appsync/templates/create_cognito_user_response.vtl",
            "id": "61b1a444fbe8e92d4315b3dfc4b0988fa2835bcb"
          },
          "sensitive_attributes": []
        }
      ]
    },
    {
      "module": "module.appsync",
      "mode": "data",
      "type": "local_file",
      "name": "create_order_request",
      "provider": "provider[\"registry.terraform.io/hashicorp/local\"]",
      "instances": [
        {
          "schema_version": 0,
          "attributes": {
            "content": "#set($address=$util.defaultIfNullOrEmpty($ctx.prev.result.address, ''))\n#set($phone=$util.defaultIfNullOrEmpty($ctx.prev.result.phone, ''))\n#set($username=$util.defaultIfNullOrEmpty($ctx.prev.result.username, ''))\n\n#set($process_id=$utils.autoId())\n\n{\n    \"version\": \"2018-05-29\",\n    \"statements\": [\n        \"INSERT INTO restaurant.orders (id, restaurant_username, customer_name, customer_phone, order_status) VALUES ('$process_id', '$context.args.input.restaurantUsername', '$context.args.input.customerName', '$context.args.input.customerPhone', 'received')\",\n        \"SELECT id, restaurant_username, customer_name, customer_phone, order_status, order_date  FROM restaurant.orders WHERE id = '$process_id'\"\n    ]\n}",
            "content_base64": "I3NldCgkYWRkcmVzcz0kdXRpbC5kZWZhdWx0SWZOdWxsT3JFbXB0eSgkY3R4LnByZXYucmVzdWx0LmFkZHJlc3MsICcnKSkKI3NldCgkcGhvbmU9JHV0aWwuZGVmYXVsdElmTnVsbE9yRW1wdHkoJGN0eC5wcmV2LnJlc3VsdC5waG9uZSwgJycpKQojc2V0KCR1c2VybmFtZT0kdXRpbC5kZWZhdWx0SWZOdWxsT3JFbXB0eSgkY3R4LnByZXYucmVzdWx0LnVzZXJuYW1lLCAnJykpCgojc2V0KCRwcm9jZXNzX2lkPSR1dGlscy5hdXRvSWQoKSkKCnsKICAgICJ2ZXJzaW9uIjogIjIwMTgtMDUtMjkiLAogICAgInN0YXRlbWVudHMiOiBbCiAgICAgICAgIklOU0VSVCBJTlRPIHJlc3RhdXJhbnQub3JkZXJzIChpZCwgcmVzdGF1cmFudF91c2VybmFtZSwgY3VzdG9tZXJfbmFtZSwgY3VzdG9tZXJfcGhvbmUsIG9yZGVyX3N0YXR1cykgVkFMVUVTICgnJHByb2Nlc3NfaWQnLCAnJGNvbnRleHQuYXJncy5pbnB1dC5yZXN0YXVyYW50VXNlcm5hbWUnLCAnJGNvbnRleHQuYXJncy5pbnB1dC5jdXN0b21lck5hbWUnLCAnJGNvbnRleHQuYXJncy5pbnB1dC5jdXN0b21lclBob25lJywgJ3JlY2VpdmVkJykiLAogICAgICAgICJTRUxFQ1QgaWQsIHJlc3RhdXJhbnRfdXNlcm5hbWUsIGN1c3RvbWVyX25hbWUsIGN1c3RvbWVyX3Bob25lLCBvcmRlcl9zdGF0dXMsIG9yZGVyX2RhdGUgIEZST00gcmVzdGF1cmFudC5vcmRlcnMgV0hFUkUgaWQgPSAnJHByb2Nlc3NfaWQnIgogICAgXQp9",
            "content_base64sha256": "5JblbbVouOSxsIbx1dBSMawPFzDLKFvjLH++XfswOiU=",
            "content_base64sha512": "Uw94nnBTkBj48ev7b05X6+dbfV19p4xjbFBPBbV/XiBnSoucRXfdf1wxbldEjjX56/16aEF0mwvY+Xr4qrrBOw==",
            "content_md5": "d6ada9e788f300c4e8f3b0ffda509668",
            "content_sha1": "1d43710e2d46f27eda677581723d9c40151e6e18",
            "content_sha256": "e496e56db568b8e4b1b086f1d5d05231ac0f1730cb285be32c7fbe5dfb303a25",
            "content_sha512": "530f789e70539018f8f1ebfb6f4e57ebe75b7d5d7da78c636c504f05b57f5e20674a8b9c4577dd7f5c316e57448e35f9ebfd7a6841749b0bd8f97af8aabac13b",
            "filename": "appsync/templates/create_order_request.vtl",
            "id": "1d43710e2d46f27eda677581723d9c40151e6e18"
          },
          "sensitive_attributes": []
        }
      ]
    },
    {
      "module": "module.appsync",
      "mode": "data",
      "type": "local_file",
      "name": "create_order_response",
      "provider": "provider[\"registry.terraform.io/hashicorp/local\"]",
      "instances": [
        {
          "schema_version": 0,
          "attributes": {
            "content": "#if($ctx.error)\n    $utils.error($ctx.error.message, $ctx.error.type)\n#end\n$utils.toJson($utils.rds.toJsonObject($ctx.result)[1][0])",
            "content_base64": "I2lmKCRjdHguZXJyb3IpCiAgICAkdXRpbHMuZXJyb3IoJGN0eC5lcnJvci5tZXNzYWdlLCAkY3R4LmVycm9yLnR5cGUpCiNlbmQKJHV0aWxzLnRvSnNvbigkdXRpbHMucmRzLnRvSnNvbk9iamVjdCgkY3R4LnJlc3VsdClbMV1bMF0p",
            "content_base64sha256": "7r3oMnMyLo+mI4juNoGKewW/6BMWa/EhGZ9NceovpW8=",
            "content_base64sha512": "sEGDCrM3sBFxuz33W3yT3BykjL54Oc6zvms0Yr47NimP9RUQc5eNSs07Ta0qVygDnemxdGTkcBAo/r7pgJgk5g==",
            "content_md5": "47ea652477b0f516529c16f21c795c34",
            "content_sha1": "7424135be4a6aeb3f9d3c6310d01747a746706a5",
            "content_sha256": "eebde83273322e8fa62388ee36818a7b05bfe813166bf121199f4d71ea2fa56f",
            "content_sha512": "b041830ab337b01171bb3df75b7c93dc1ca48cbe7839ceb3be6b3462be3b36298ff5151073978d4acd3b4dad2a5728039de9b17464e4701028febee9809824e6",
            "filename": "appsync/templates/create_order_response.vtl",
            "id": "7424135be4a6aeb3f9d3c6310d01747a746706a5"
          },
          "sensitive_attributes": []
        }
      ]
    },
    {
      "module": "module.appsync",
      "mode": "data",
      "type": "local_file",
      "name": "create_restaurant_request",
      "provider": "provider[\"registry.terraform.io/hashicorp/local\"]",
      "instances": [
        {
          "schema_version": 0,
          "attributes": {
            "content": "#set($address=$util.defaultIfNullOrEmpty($ctx.prev.result.address, ''))\n#set($phone=$util.defaultIfNullOrEmpty($ctx.prev.result.phone, ''))\n#set($username=$util.defaultIfNullOrEmpty($ctx.prev.result.username, ''))\n\n{\n    \"version\": \"2018-05-29\",\n    \"statements\": [\n        \"INSERT INTO restaurant.restaurants (username, name, address, phone) VALUES ('$username', '$context.args.input.name', '$address', '$phone')\",\n        \"SELECT username, name, address, phone  FROM restaurant.restaurants where username = '$username'\"\n    ]\n}\n\n\n",
            "content_base64": "I3NldCgkYWRkcmVzcz0kdXRpbC5kZWZhdWx0SWZOdWxsT3JFbXB0eSgkY3R4LnByZXYucmVzdWx0LmFkZHJlc3MsICcnKSkKI3NldCgkcGhvbmU9JHV0aWwuZGVmYXVsdElmTnVsbE9yRW1wdHkoJGN0eC5wcmV2LnJlc3VsdC5waG9uZSwgJycpKQojc2V0KCR1c2VybmFtZT0kdXRpbC5kZWZhdWx0SWZOdWxsT3JFbXB0eSgkY3R4LnByZXYucmVzdWx0LnVzZXJuYW1lLCAnJykpCgp7CiAgICAidmVyc2lvbiI6ICIyMDE4LTA1LTI5IiwKICAgICJzdGF0ZW1lbnRzIjogWwogICAgICAgICJJTlNFUlQgSU5UTyByZXN0YXVyYW50LnJlc3RhdXJhbnRzICh1c2VybmFtZSwgbmFtZSwgYWRkcmVzcywgcGhvbmUpIFZBTFVFUyAoJyR1c2VybmFtZScsICckY29udGV4dC5hcmdzLmlucHV0Lm5hbWUnLCAnJGFkZHJlc3MnLCAnJHBob25lJykiLAogICAgICAgICJTRUxFQ1QgdXNlcm5hbWUsIG5hbWUsIGFkZHJlc3MsIHBob25lICBGUk9NIHJlc3RhdXJhbnQucmVzdGF1cmFudHMgd2hlcmUgdXNlcm5hbWUgPSAnJHVzZXJuYW1lJyIKICAgIF0KfQoKCg==",
            "content_base64sha256": "lpWHRskowd5p/RntVKFdPJMSUl+82BKNDGyZEnCEqU4=",
            "content_base64sha512": "L+rBm3Hk5sh/OlNAqoBeUvjX2b7GQxQZHcvNpc5qaM2RmRYcD9k2fVWiFXQ9hYEjRzhEFj4OvTkUBLvL8AnkMg==",
            "content_md5": "2fb8315c862d11e31ae683fdde7f99ba",
            "content_sha1": "e0108b8987a5cad4ef3b3b46cc6c1313a1ee8b55",
            "content_sha256": "96958746c928c1de69fd19ed54a15d3c9312525fbcd8128d0c6c99127084a94e",
            "content_sha512": "2feac19b71e4e6c87f3a5340aa805e52f8d7d9bec64314191dcbcda5ce6a68cd9199161c0fd9367d55a215743d858123473844163e0ebd391404bbcbf009e432",
            "filename": "appsync/templates/create_restaurant_request.vtl",
            "id": "e0108b8987a5cad4ef3b3b46cc6c1313a1ee8b55"
          },
          "sensitive_attributes": []
        }
      ]
    },
    {
      "module": "module.appsync",
      "mode": "data",
      "type": "local_file",
      "name": "create_restaurant_response",
      "provider": "provider[\"registry.terraform.io/hashicorp/local\"]",
      "instances": [
        {
          "schema_version": 0,
          "attributes": {
            "content": "#if($ctx.error)\n    $utils.error($ctx.error.message, $ctx.error.type)\n#end\n\n$utils.toJson($utils.rds.toJsonObject($ctx.result)[1][0])",
            "content_base64": "I2lmKCRjdHguZXJyb3IpCiAgICAkdXRpbHMuZXJyb3IoJGN0eC5lcnJvci5tZXNzYWdlLCAkY3R4LmVycm9yLnR5cGUpCiNlbmQKCiR1dGlscy50b0pzb24oJHV0aWxzLnJkcy50b0pzb25PYmplY3QoJGN0eC5yZXN1bHQpWzFdWzBdKQ==",
            "content_base64sha256": "jl/Qe4LfHPs9lzhie1JKmkHl8XcRlV8QNcgCEy9Gunc=",
            "content_base64sha512": "wBw5/thqXsmJ6CuL4XJBh1CCEpTRv+Ey+n+mgW9ixwvbs6SGH3w1UBrqBEyUYSVDJwsPumm519nHzO8w9kidtA==",
            "content_md5": "9e1c940cb6d02bf1bd1a4c05e5cb802d",
            "content_sha1": "8b26730c55c5b58ab254d1ea3736e4672e9effb4",
            "content_sha256": "8e5fd07b82df1cfb3d9738627b524a9a41e5f17711955f1035c802132f46ba77",
            "content_sha512": "c01c39fed86a5ec989e82b8be172418750821294d1bfe132fa7fa6816f62c70bdbb3a4861f7c35501aea044c94612543270b0fba69b9d7d9c7ccef30f6489db4",
            "filename": "appsync/templates/create_restaurant_response.vtl",
            "id": "8b26730c55c5b58ab254d1ea3736e4672e9effb4"
          },
          "sensitive_attributes": []
        }
      ]
    },
    {
      "module": "module.appsync",
      "mode": "data",
      "type": "local_file",
      "name": "delete_cognito_user_lambda_request",
      "provider": "provider[\"registry.terraform.io/hashicorp/local\"]",
      "instances": [
        {
          "schema_version": 0,
          "attributes": {
            "content": "#set($data = {\n    \"action\": \"DELETE_USER\",\n    \"username\": $ctx.args.username\n})\n{\n  \"operation\": \"Invoke\",\n  \"payload\": $util.toJson($data)\n}",
            "content_base64": "I3NldCgkZGF0YSA9IHsKICAgICJhY3Rpb24iOiAiREVMRVRFX1VTRVIiLAogICAgInVzZXJuYW1lIjogJGN0eC5hcmdzLnVzZXJuYW1lCn0pCnsKICAib3BlcmF0aW9uIjogIkludm9rZSIsCiAgInBheWxvYWQiOiAkdXRpbC50b0pzb24oJGRhdGEpCn0=",
            "content_base64sha256": "KKh2W+PK/P4NV3r8uuhKgWRGPkL5r6TfPnGWVb1fPLc=",
            "content_base64sha512": "RKUxWof0g2dnUkdixBOdA0GJYIaloFfGskO1c/zWkKIrwSeas3pzpP9ZZYP9w0p7nni9PXukeuLpC3ncomMceA==",
            "content_md5": "3104111547ee9671a4dc82341aabc8ba",
            "content_sha1": "c53d40706fb06c61d52a9a99c6b494b1a8d64bb6",
            "content_sha256": "28a8765be3cafcfe0d577afcbae84a8164463e42f9afa4df3e719655bd5f3cb7",
            "content_sha512": "44a5315a87f4836767524762c4139d0341896086a5a057c6b243b573fcd690a22bc1279ab37a73a4ff596583fdc34a7b9e78bd3d7ba47ae2e90b79dca2631c78",
            "filename": "appsync/templates/delete_cognito_user_lambda_request.vtl",
            "id": "c53d40706fb06c61d52a9a99c6b494b1a8d64bb6"
          },
          "sensitive_attributes": []
        }
      ]
    },
    {
      "module": "module.appsync",
      "mode": "data",
      "type": "local_file",
      "name": "delete_cognito_user_lambda_response",
      "provider": "provider[\"registry.terraform.io/hashicorp/local\"]",
      "instances": [
        {
          "schema_version": 0,
          "attributes": {
            "content": "#if($ctx.error)\n    $utils.error($ctx.error.message, $ctx.error.type)\n#end\n\n$utils.toJson($context.result)",
            "content_base64": "I2lmKCRjdHguZXJyb3IpCiAgICAkdXRpbHMuZXJyb3IoJGN0eC5lcnJvci5tZXNzYWdlLCAkY3R4LmVycm9yLnR5cGUpCiNlbmQKCiR1dGlscy50b0pzb24oJGNvbnRleHQucmVzdWx0KQ==",
            "content_base64sha256": "yKRrFNEBbTxSmqSJpqKFcqjm0Dqk9nxxooVTSVnU1tw=",
            "content_base64sha512": "RAtze3jVWrppehjVarj6xN5nGsXj5QXN51Z0p+hpOdRbir+4oWn51RNFAyBoM5PBvtaAe8dpTi58XXoyNoDoqw==",
            "content_md5": "71f56feacc9a2073d4886547eba919bd",
            "content_sha1": "61b1a444fbe8e92d4315b3dfc4b0988fa2835bcb",
            "content_sha256": "c8a46b14d1016d3c529aa489a6a28572a8e6d03aa4f67c71a285534959d4d6dc",
            "content_sha512": "440b737b78d55aba697a18d56ab8fac4de671ac5e3e505cde75674a7e86939d45b8abfb8a169f9d513450320683393c1bed6807bc7694e2e7c5d7a323680e8ab",
            "filename": "appsync/templates/delete_cognito_user_lambda_response.vtl",
            "id": "61b1a444fbe8e92d4315b3dfc4b0988fa2835bcb"
          },
          "sensitive_attributes": []
        }
      ]
    },
    {
      "module": "module.appsync",
      "mode": "data",
      "type": "local_file",
      "name": "delete_menue_item_request",
      "provider": "provider[\"registry.terraform.io/hashicorp/local\"]",
      "instances": [
        {
          "schema_version": 0,
          "attributes": {
            "content": "{\n    \"version\": \"2018-05-29\",\n    \"statements\": [\n        \"DELETE FROM restaurant.menu_items WHERE id = '$ctx.arguments.id'\"\n    ]\n}",
            "content_base64": "ewogICAgInZlcnNpb24iOiAiMjAxOC0wNS0yOSIsCiAgICAic3RhdGVtZW50cyI6IFsKICAgICAgICAiREVMRVRFIEZST00gcmVzdGF1cmFudC5tZW51X2l0ZW1zIFdIRVJFIGlkID0gJyRjdHguYXJndW1lbnRzLmlkJyIKICAgIF0KfQ==",
            "content_base64sha256": "inMA5HBtMuS+OKKzb8Uc0zjDtJ50lclYm+p9j159z6c=",
            "content_base64sha512": "uGet+3JxJX/JiiPVcJ1bfnjbEJCLyi2bQLi86OE0FAi6ajHrhqoA7FPBFIY1Ci5WPMIyTgUmZwnfJq8YkoeMyA==",
            "content_md5": "61167b95b2a0b2ee13517a607e883884",
            "content_sha1": "fa79da0e1997af3b118cc5517a30c4bbe6be215e",
            "content_sha256": "8a7300e4706d32e4be38a2b36fc51cd338c3b49e7495c9589bea7d8f5e7dcfa7",
            "content_sha512": "b867adfb7271257fc98a23d5709d5b7e78db10908bca2d9b40b8bce8e1341408ba6a31eb86aa00ec53c11486350a2e563cc2324e05266709df26af1892878cc8",
            "filename": "appsync/templates/delete_menue_item_request.vtl",
            "id": "fa79da0e1997af3b118cc5517a30c4bbe6be215e"
          },
          "sensitive_attributes": []
        }
      ]
    },
    {
      "module": "module.appsync",
      "mode": "data",
      "type": "local_file",
      "name": "delete_menue_item_response",
      "provider": "provider[\"registry.terraform.io/hashicorp/local\"]",
      "instances": [
        {
          "schema_version": 0,
          "attributes": {
            "content": "#if($ctx.error)\n    $utils.error($ctx.error.message, $ctx.error.type)\n#end\n$utils.toJson($utils.rds.toJsonObject($ctx.result)[0][0])",
            "content_base64": "I2lmKCRjdHguZXJyb3IpCiAgICAkdXRpbHMuZXJyb3IoJGN0eC5lcnJvci5tZXNzYWdlLCAkY3R4LmVycm9yLnR5cGUpCiNlbmQKJHV0aWxzLnRvSnNvbigkdXRpbHMucmRzLnRvSnNvbk9iamVjdCgkY3R4LnJlc3VsdClbMF1bMF0p",
            "content_base64sha256": "GUE2KQTfUWGj+GTWHeMh/imCRHWgACT+BY66FMnsBKg=",
            "content_base64sha512": "8hrTGUq8Xskrls+iqQFY8J+pS/ZCIyLun+Ap2XuacjBUxe942S7BOEUx3K7G6FjWnITPGV+w0i5iiMLI0+NRoA==",
            "content_md5": "ef84afe7a3a6e4106342cb77cc905ec1",
            "content_sha1": "d06b1e78646df168e8c664b02cdee3982403d6f6",
            "content_sha256": "1941362904df5161a3f864d61de321fe29824475a00024fe058eba14c9ec04a8",
            "content_sha512": "f21ad3194abc5ec92b96cfa2a90158f09fa94bf6422322ee9fe029d97b9a723054c5ef78d92ec1384531dcaec6e858d69c84cf195fb0d22e6288c2c8d3e351a0",
            "filename": "appsync/templates/delete_menue_item_response.vtl",
            "id": "d06b1e78646df168e8c664b02cdee3982403d6f6"
          },
          "sensitive_attributes": []
        }
      ]
    },
    {
      "module": "module.appsync",
      "mode": "data",
      "type": "local_file",
      "name": "delete_restaurant_function_request",
      "provider": "provider[\"registry.terraform.io/hashicorp/local\"]",
      "instances": [
        {
          "schema_version": 0,
          "attributes": {
            "content": "{\n    \"version\": \"2018-05-29\",\n    \"statements\": [\n        \"DELETE FROM restaurant.restaurants WHERE username = '$ctx.prev.result.username'\"\n    ]\n}",
            "content_base64": "ewogICAgInZlcnNpb24iOiAiMjAxOC0wNS0yOSIsCiAgICAic3RhdGVtZW50cyI6IFsKICAgICAgICAiREVMRVRFIEZST00gcmVzdGF1cmFudC5yZXN0YXVyYW50cyBXSEVSRSB1c2VybmFtZSA9ICckY3R4LnByZXYucmVzdWx0LnVzZXJuYW1lJyIKICAgIF0KfQ==",
            "content_base64sha256": "l7lQSA4xH0KoyTd0FZGJwhwOPfHRmR82FbETz9XK/SE=",
            "content_base64sha512": "smCAPjmGrzadugtQbXaeE6eyYxoAMU82QobAukg9hk0wfd5NrkmZo1YzwU3H5Yh+Dj7UEChRkdgRtTuNQJFR2Q==",
            "content_md5": "0ca58a86fad4b22f858ff38b5372e817",
            "content_sha1": "c59b9f706e776e63dc1db7c12f7acc857f31eac5",
            "content_sha256": "97b950480e311f42a8c93774159189c21c0e3df1d1991f3615b113cfd5cafd21",
            "content_sha512": "b260803e3986af369dba0b506d769e13a7b2631a00314f364286c0ba483d864d307dde4dae4999a35633c14dc7e5887e0e3ed410285191d811b53b8d409151d9",
            "filename": "appsync/templates/delete_restaurant_function_request.vtl",
            "id": "c59b9f706e776e63dc1db7c12f7acc857f31eac5"
          },
          "sensitive_attributes": []
        }
      ]
    },
    {
      "module": "module.appsync",
      "mode": "data",
      "type": "local_file",
      "name": "delete_restaurant_function_response",
      "provider": "provider[\"registry.terraform.io/hashicorp/local\"]",
      "instances": [
        {
          "schema_version": 0,
          "attributes": {
            "content": "#if($ctx.error)\n    $utils.error($ctx.error.message, $ctx.error.type)\n#end\n$utils.toJson($utils.rds.toJsonObject($ctx.result)[0][0])",
            "content_base64": "I2lmKCRjdHguZXJyb3IpCiAgICAkdXRpbHMuZXJyb3IoJGN0eC5lcnJvci5tZXNzYWdlLCAkY3R4LmVycm9yLnR5cGUpCiNlbmQKJHV0aWxzLnRvSnNvbigkdXRpbHMucmRzLnRvSnNvbk9iamVjdCgkY3R4LnJlc3VsdClbMF1bMF0p",
            "content_base64sha256": "GUE2KQTfUWGj+GTWHeMh/imCRHWgACT+BY66FMnsBKg=",
            "content_base64sha512": "8hrTGUq8Xskrls+iqQFY8J+pS/ZCIyLun+Ap2XuacjBUxe942S7BOEUx3K7G6FjWnITPGV+w0i5iiMLI0+NRoA==",
            "content_md5": "ef84afe7a3a6e4106342cb77cc905ec1",
            "content_sha1": "d06b1e78646df168e8c664b02cdee3982403d6f6",
            "content_sha256": "1941362904df5161a3f864d61de321fe29824475a00024fe058eba14c9ec04a8",
            "content_sha512": "f21ad3194abc5ec92b96cfa2a90158f09fa94bf6422322ee9fe029d97b9a723054c5ef78d92ec1384531dcaec6e858d69c84cf195fb0d22e6288c2c8d3e351a0",
            "filename": "appsync/templates/delete_restaurant_function_response.vtl",
            "id": "d06b1e78646df168e8c664b02cdee3982403d6f6"
          },
          "sensitive_attributes": []
        }
      ]
    },
    {
      "module": "module.appsync",
      "mode": "data",
      "type": "local_file",
      "name": "get_menue_request",
      "provider": "provider[\"registry.terraform.io/hashicorp/local\"]",
      "instances": [
        {
          "schema_version": 0,
          "attributes": {
            "content": "{\n    \"version\": \"2018-05-29\",\n    \"statements\": [\n         \"SELECT id, name, description, price FROM restaurant.menu_items WHERE restaurant_username = '$ctx.args.restaurantUsername'\"\n    ]\n}",
            "content_base64": "ewogICAgInZlcnNpb24iOiAiMjAxOC0wNS0yOSIsCiAgICAic3RhdGVtZW50cyI6IFsKICAgICAgICAgIlNFTEVDVCBpZCwgbmFtZSwgZGVzY3JpcHRpb24sIHByaWNlIEZST00gcmVzdGF1cmFudC5tZW51X2l0ZW1zIFdIRVJFIHJlc3RhdXJhbnRfdXNlcm5hbWUgPSAnJGN0eC5hcmdzLnJlc3RhdXJhbnRVc2VybmFtZSciCiAgICBdCn0=",
            "content_base64sha256": "l9aiaLXrPDJ8PjsmDfFgQTubFvLKtSh0kXvjKjMgDLs=",
            "content_base64sha512": "rDIhrw5gXfdb8QiABYE8mx1RN+Xp25rOgQUEGFs7rNRmgBC7IEjI2Q0ywjPDDKATnbrpRMX1N0ECZe1roe8eBQ==",
            "content_md5": "98f4c1ee5a3f129482b5e6245e3f076c",
            "content_sha1": "44ecfec80f4b3a8fbf01551992ac27f49118afda",
            "content_sha256": "97d6a268b5eb3c327c3e3b260df160413b9b16f2cab52874917be32a33200cbb",
            "content_sha512": "ac3221af0e605df75bf1088005813c9b1d5137e5e9db9ace810504185b3bacd4668010bb2048c8d90d32c233c30ca0139dbae944c5f537410265ed6ba1ef1e05",
            "filename": "appsync/templates/get_menue_request.vtl",
            "id": "44ecfec80f4b3a8fbf01551992ac27f49118afda"
          },
          "sensitive_attributes": []
        }
      ]
    },
    {
      "module": "module.appsync",
      "mode": "data",
      "type": "local_file",
      "name": "get_menue_response",
      "provider": "provider[\"registry.terraform.io/hashicorp/local\"]",
      "instances": [
        {
          "schema_version": 0,
          "attributes": {
            "content": "#if($ctx.error)\n    $utils.error($ctx.error.message, $ctx.error.type)\n#end\n\n$utils.toJson($utils.rds.toJsonObject($ctx.result)[0])",
            "content_base64": "I2lmKCRjdHguZXJyb3IpCiAgICAkdXRpbHMuZXJyb3IoJGN0eC5lcnJvci5tZXNzYWdlLCAkY3R4LmVycm9yLnR5cGUpCiNlbmQKCiR1dGlscy50b0pzb24oJHV0aWxzLnJkcy50b0pzb25PYmplY3QoJGN0eC5yZXN1bHQpWzBdKQ==",
            "content_base64sha256": "DzWCKwwbGDJcdOE5A7R+kLmJCuCwQptgMpR2VaKySzM=",
            "content_base64sha512": "8BmwoaptksJNxJj/Hq4gK3t14xyVhF5Q6d37M3uy/wj9rmzb54OODSRHRJArWRV+idnKNxSzYstXc+tDEv1+GQ==",
            "content_md5": "6a2d9f4792d9caf41ddc1f2a08134e97",
            "content_sha1": "ff624a2bf5862c5bd97a360a45d30af38cb4d760",
            "content_sha256": "0f35822b0c1b18325c74e13903b47e90b9890ae0b0429b6032947655a2b24b33",
            "content_sha512": "f019b0a1aa6d92c24dc498ff1eae202b7b75e31c95845e50e9ddfb337bb2ff08fdae6cdbe7838e0d244744902b59157e89d9ca3714b362cb5773eb4312fd7e19",
            "filename": "appsync/templates/get_menue_response.vtl",
            "id": "ff624a2bf5862c5bd97a360a45d30af38cb4d760"
          },
          "sensitive_attributes": []
        }
      ]
    },
    {
      "module": "module.appsync",
      "mode": "data",
      "type": "local_file",
      "name": "get_restaurant_request",
      "provider": "provider[\"registry.terraform.io/hashicorp/local\"]",
      "instances": [
        {
          "schema_version": 0,
          "attributes": {
            "content": "{\n    \"version\": \"2018-05-29\",\n    \"statements\": [\n        \"SELECT username, name, address, phone FROM restaurant.restaurants WHERE username = '$ctx.args.id'\"\n    ]\n}",
            "content_base64": "ewogICAgInZlcnNpb24iOiAiMjAxOC0wNS0yOSIsCiAgICAic3RhdGVtZW50cyI6IFsKICAgICAgICAiU0VMRUNUIHVzZXJuYW1lLCBuYW1lLCBhZGRyZXNzLCBwaG9uZSBGUk9NIHJlc3RhdXJhbnQucmVzdGF1cmFudHMgV0hFUkUgdXNlcm5hbWUgPSAnJGN0eC5hcmdzLmlkJyIKICAgIF0KfQ==",
            "content_base64sha256": "oiJJGMPcVjvaft/TAabMik79kf4Xd40Dse9aW36LaKE=",
            "content_base64sha512": "++ZJdGZ3eb4RqAHYz7i8THoRgpi2h/k/Cp4DxAnan4Wytsib0QxvdXJctfgBoPwT17esset4q674UdtI0ROQ6A==",
            "content_md5": "40c630928334b1387245ca5591eda554",
            "content_sha1": "7be276672c665014a68db74b5da313d588f2dcdf",
            "content_sha256": "a2224918c3dc563bda7edfd301a6cc8a4efd91fe17778d03b1ef5a5b7e8b68a1",
            "content_sha512": "fbe64974667779be11a801d8cfb8bc4c7a118298b687f93f0a9e03c409da9f85b2b6c89bd10c6f75725cb5f801a0fc13d7b7acb1eb78abaef851db48d11390e8",
            "filename": "appsync/templates/get_restaurant_request.vtl",
            "id": "7be276672c665014a68db74b5da313d588f2dcdf"
          },
          "sensitive_attributes": []
        }
      ]
    },
    {
      "module": "module.appsync",
      "mode": "data",
      "type": "local_file",
      "name": "get_restaurant_response",
      "provider": "provider[\"registry.terraform.io/hashicorp/local\"]",
      "instances": [
        {
          "schema_version": 0,
          "attributes": {
            "content": "#if($ctx.error)\n    $utils.error($ctx.error.message, $ctx.error.type)\n#end\n$utils.toJson($utils.rds.toJsonObject($ctx.result)[0][0])\n\n\n",
            "content_base64": "I2lmKCRjdHguZXJyb3IpCiAgICAkdXRpbHMuZXJyb3IoJGN0eC5lcnJvci5tZXNzYWdlLCAkY3R4LmVycm9yLnR5cGUpCiNlbmQKJHV0aWxzLnRvSnNvbigkdXRpbHMucmRzLnRvSnNvbk9iamVjdCgkY3R4LnJlc3VsdClbMF1bMF0pCgoK",
            "content_base64sha256": "mGf+xl1Y+vDbm7ODGgZXuBiL88Q1JmWN8MxP56o0nL8=",
            "content_base64sha512": "TxxVoPBBfyB3MivHOyAlcaHrLCx4QxwEa3+i6jUQxfZ/NT3lzi1CGfkptZ8ViWMCJ20ZMMSp3NarhLDp0oYl3Q==",
            "content_md5": "4bf13c89d93ddf68e8a52116bde8ffb9",
            "content_sha1": "023160bbdcf90d5680f3c3d2ffbbf9ceee62517e",
            "content_sha256": "9867fec65d58faf0db9bb3831a0657b8188bf3c43526658df0cc4fe7aa349cbf",
            "content_sha512": "4f1c55a0f0417f2077322bc73b202571a1eb2c2c78431c046b7fa2ea3510c5f67f353de5ce2d4219f929b59f15896302276d1930c4a9dcd6ab84b0e9d28625dd",
            "filename": "appsync/templates/get_restaurant_response.vtl",
            "id": "023160bbdcf90d5680f3c3d2ffbbf9ceee62517e"
          },
          "sensitive_attributes": []
        }
      ]
    },
    {
      "module": "module.appsync",
      "mode": "data",
      "type": "local_file",
      "name": "list_order_request",
      "provider": "provider[\"registry.terraform.io/hashicorp/local\"]",
      "instances": [
        {
          "schema_version": 0,
          "attributes": {
            "content": "#if($ctx.args.filter.status)\n    {\n        \"version\": \"2018-05-29\",\n        \"statements\": [\n            \"SELECT id, restaurant_username, customer_name, customer_phone, order_status, order_date  FROM restaurant.orders WHERE restaurant_username = '$ctx.args.filter.restaurantUsername' AND order_status = '$ctx.args.filter.status'\"\n        ]\n    }\n#else\n    {\n        \"version\": \"2018-05-29\",\n        \"statements\": [\n            \"SELECT id, restaurant_username, customer_name, customer_phone, order_status, order_date  FROM restaurant.orders WHERE restaurant_username = '$ctx.args.filter.restaurantUsername'\"\n        ]\n    }\n#end\n\n\n",
            "content_base64": "I2lmKCRjdHguYXJncy5maWx0ZXIuc3RhdHVzKQogICAgewogICAgICAgICJ2ZXJzaW9uIjogIjIwMTgtMDUtMjkiLAogICAgICAgICJzdGF0ZW1lbnRzIjogWwogICAgICAgICAgICAiU0VMRUNUIGlkLCByZXN0YXVyYW50X3VzZXJuYW1lLCBjdXN0b21lcl9uYW1lLCBjdXN0b21lcl9waG9uZSwgb3JkZXJfc3RhdHVzLCBvcmRlcl9kYXRlICBGUk9NIHJlc3RhdXJhbnQub3JkZXJzIFdIRVJFIHJlc3RhdXJhbnRfdXNlcm5hbWUgPSAnJGN0eC5hcmdzLmZpbHRlci5yZXN0YXVyYW50VXNlcm5hbWUnIEFORCBvcmRlcl9zdGF0dXMgPSAnJGN0eC5hcmdzLmZpbHRlci5zdGF0dXMnIgogICAgICAgIF0KICAgIH0KI2Vsc2UKICAgIHsKICAgICAgICAidmVyc2lvbiI6ICIyMDE4LTA1LTI5IiwKICAgICAgICAic3RhdGVtZW50cyI6IFsKICAgICAgICAgICAgIlNFTEVDVCBpZCwgcmVzdGF1cmFudF91c2VybmFtZSwgY3VzdG9tZXJfbmFtZSwgY3VzdG9tZXJfcGhvbmUsIG9yZGVyX3N0YXR1cywgb3JkZXJfZGF0ZSAgRlJPTSByZXN0YXVyYW50Lm9yZGVycyBXSEVSRSByZXN0YXVyYW50X3VzZXJuYW1lID0gJyRjdHguYXJncy5maWx0ZXIucmVzdGF1cmFudFVzZXJuYW1lJyIKICAgICAgICBdCiAgICB9CiNlbmQKCgo=",
            "content_base64sha256": "XSSgJJUZLY9/28kPPYOiqL8HijS6li+JGICiSehrrA0=",
            "content_base64sha512": "Wib1p46yaDxU9xBzsFt1OchRY/4JMLnUueBHSpIJclEZkLOKjb5VwHbVnUZ+Tth6b39SQmIaP/XFvh+1qd/ZZQ==",
            "content_md5": "c62c614284e5c1f5e3d5d3f22616fc1b",
            "content_sha1": "dc74f4d644f736e91a11996af6eea9bf84f2c13b",
            "content_sha256": "5d24a02495192d8f7fdbc90f3d83a2a8bf078a34ba962f891880a249e86bac0d",
            "content_sha512": "5a26f5a78eb2683c54f71073b05b7539c85163fe0930b9d4b9e0474a920972511990b38a8dbe55c076d59d467e4ed87a6f7f5242621a3ff5c5be1fb5a9dfd965",
            "filename": "appsync/templates/list_order_request.vtl",
            "id": "dc74f4d644f736e91a11996af6eea9bf84f2c13b"
          },
          "sensitive_attributes": []
        }
      ]
    },
    {
      "module": "module.appsync",
      "mode": "data",
      "type": "local_file",
      "name": "list_order_response",
      "provider": "provider[\"registry.terraform.io/hashicorp/local\"]",
      "instances": [
        {
          "schema_version": 0,
          "attributes": {
            "content": "#if($ctx.error)\n    $utils.error($ctx.error.message, $ctx.error.type)\n#end\n\n$utils.toJson($utils.rds.toJsonObject($ctx.result)[0])",
            "content_base64": "I2lmKCRjdHguZXJyb3IpCiAgICAkdXRpbHMuZXJyb3IoJGN0eC5lcnJvci5tZXNzYWdlLCAkY3R4LmVycm9yLnR5cGUpCiNlbmQKCiR1dGlscy50b0pzb24oJHV0aWxzLnJkcy50b0pzb25PYmplY3QoJGN0eC5yZXN1bHQpWzBdKQ==",
            "content_base64sha256": "DzWCKwwbGDJcdOE5A7R+kLmJCuCwQptgMpR2VaKySzM=",
            "content_base64sha512": "8BmwoaptksJNxJj/Hq4gK3t14xyVhF5Q6d37M3uy/wj9rmzb54OODSRHRJArWRV+idnKNxSzYstXc+tDEv1+GQ==",
            "content_md5": "6a2d9f4792d9caf41ddc1f2a08134e97",
            "content_sha1": "ff624a2bf5862c5bd97a360a45d30af38cb4d760",
            "content_sha256": "0f35822b0c1b18325c74e13903b47e90b9890ae0b0429b6032947655a2b24b33",
            "content_sha512": "f019b0a1aa6d92c24dc498ff1eae202b7b75e31c95845e50e9ddfb337bb2ff08fdae6cdbe7838e0d244744902b59157e89d9ca3714b362cb5773eb4312fd7e19",
            "filename": "appsync/templates/list_order_response.vtl",
            "id": "ff624a2bf5862c5bd97a360a45d30af38cb4d760"
          },
          "sensitive_attributes": []
        }
      ]
    },
    {
      "module": "module.appsync",
      "mode": "data",
      "type": "local_file",
      "name": "pipeline_after_request",
      "provider": "provider[\"registry.terraform.io/hashicorp/local\"]",
      "instances": [
        {
          "schema_version": 0,
          "attributes": {
            "content": "#if($ctx.error)\n    $utils.error($ctx.error.message, $ctx.error.type)\n#end\n\n$utils.toJson($context.prev.result)",
            "content_base64": "I2lmKCRjdHguZXJyb3IpCiAgICAkdXRpbHMuZXJyb3IoJGN0eC5lcnJvci5tZXNzYWdlLCAkY3R4LmVycm9yLnR5cGUpCiNlbmQKCiR1dGlscy50b0pzb24oJGNvbnRleHQucHJldi5yZXN1bHQp",
            "content_base64sha256": "Utxq5cyZlWhdh8KebLOgOvBco66Tf5tUIM8GPAMSXqE=",
            "content_base64sha512": "wmj0Y6BigMdRpA8R/8gFpG7RUKJrBr1Kgmcg+1ZBJ4e1Hlexe2/6TRPraSKphcbfWqzEUepi4I2hz/Bsf8iZKg==",
            "content_md5": "10eda4cb7d126aa3d3d22aa7e0840bdb",
            "content_sha1": "bb7fdc7f6f4ebaf27088685b4c992867f6a1d0b8",
            "content_sha256": "52dc6ae5cc9995685d87c29e6cb3a03af05ca3ae937f9b5420cf063c03125ea1",
            "content_sha512": "c268f463a06280c751a40f11ffc805a46ed150a26b06bd4a826720fb56412787b51e57b17b6ffa4d13eb6922a985c6df5aacc451ea62e08da1cff06c7fc8992a",
            "filename": "appsync/templates/pipeline_after_request.vtl",
            "id": "bb7fdc7f6f4ebaf27088685b4c992867f6a1d0b8"
          },
          "sensitive_attributes": []
        }
      ]
    },
    {
      "module": "module.appsync",
      "mode": "data",
      "type": "local_file",
      "name": "pipeline_before_request",
      "provider": "provider[\"registry.terraform.io/hashicorp/local\"]",
      "instances": [
        {
          "schema_version": 0,
          "attributes": {
            "content": "#foreach($item in $context.args.input.entrySet())\n    #set($item.value=$item.value.replace(\"'\", \"''\"))\n    #set($item.value=$item.value.replace(\"\\\", \"\\\\\\\\\"))\n    #set($item.value=$item.value.replace('\"', '\\\\\\\"'))\n#end\n#foreach($item in $context.args.entrySet())\n    #set($item.value=$item.value.replace(\"'\", \"''\"))\n    #set($item.value=$item.value.replace(\"\\\", \"\\\\\\\\\"))\n    #set($item.value=$item.value.replace('\"', '\\\\\\\"'))\n#end\n{}",
            "content_base64": "I2ZvcmVhY2goJGl0ZW0gaW4gJGNvbnRleHQuYXJncy5pbnB1dC5lbnRyeVNldCgpKQogICAgI3NldCgkaXRlbS52YWx1ZT0kaXRlbS52YWx1ZS5yZXBsYWNlKCInIiwgIicnIikpCiAgICAjc2V0KCRpdGVtLnZhbHVlPSRpdGVtLnZhbHVlLnJlcGxhY2UoIlwiLCAiXFxcXCIpKQogICAgI3NldCgkaXRlbS52YWx1ZT0kaXRlbS52YWx1ZS5yZXBsYWNlKCciJywgJ1xcXCInKSkKI2VuZAojZm9yZWFjaCgkaXRlbSBpbiAkY29udGV4dC5hcmdzLmVudHJ5U2V0KCkpCiAgICAjc2V0KCRpdGVtLnZhbHVlPSRpdGVtLnZhbHVlLnJlcGxhY2UoIiciLCAiJyciKSkKICAgICNzZXQoJGl0ZW0udmFsdWU9JGl0ZW0udmFsdWUucmVwbGFjZSgiXCIsICJcXFxcIikpCiAgICAjc2V0KCRpdGVtLnZhbHVlPSRpdGVtLnZhbHVlLnJlcGxhY2UoJyInLCAnXFxcIicpKQojZW5kCnt9",
            "content_base64sha256": "fcz7JJ1NEr7GzfgCn6BSydQ9ae9hIiSNzPXgX21qUjM=",
            "content_base64sha512": "4JO7jOhvicf28oVmohj+wfJxaxbH9i6r+MzftBEPx5aWL62PfKCkB3K30lYHhxJ/DEUOOiwcIcRshRCy0q93yA==",
            "content_md5": "8f5a2efe40fb55e362670e4d36b73999",
            "content_sha1": "a6d84a91d528f822098295451eca348ac197e666",
            "content_sha256": "7dccfb249d4d12bec6cdf8029fa052c9d43d69ef6122248dccf5e05f6d6a5233",
            "content_sha512": "e093bb8ce86f89c7f6f28566a218fec1f2716b16c7f62eabf8ccdfb4110fc796962fad8f7ca0a40772b7d2560787127f0c450e3a2c1c21c46c8510b2d2af77c8",
            "filename": "appsync/templates/pipeline_before_request.vtl",
            "id": "a6d84a91d528f822098295451eca348ac197e666"
          },
          "sensitive_attributes": []
        }
      ]
    },
    {
      "module": "module.appsync",
      "mode": "managed",
      "type": "aws_appsync_datasource",
      "name": "cognito_user_lambda",
      "provider": "provider[\"registry.terraform.io/hashicorp/aws\"].useast",
      "instances": [
        {
          "schema_version": 0,
          "attributes": {
            "api_id": "hgxrzchb6vhs7g6zgrmykmg3rm",
            "arn": "arn:aws:appsync:us-east-1:617942035950:apis/hgxrzchb6vhs7g6zgrmykmg3rm/datasources/CognitoUser",
            "description": "",
            "dynamodb_config": [],
            "elasticsearch_config": [],
            "event_bridge_config": [],
            "http_config": [],
            "id": "hgxrzchb6vhs7g6zgrmykmg3rm-CognitoUser",
            "lambda_config": [
              {
                "function_arn": "arn:aws:lambda:us-east-1:617942035950:function:cognito-user-function"
              }
            ],
            "name": "CognitoUser",
            "opensearchservice_config": [],
            "relational_database_config": [],
            "service_role_arn": "arn:aws:iam::617942035950:role/restaurant-manager-appsync",
            "type": "AWS_LAMBDA"
          },
          "sensitive_attributes": [],
          "private": "bnVsbA==",
          "dependencies": [
            "module.appsync.aws_appsync_graphql_api.appsync_api",
            "module.appsync.data.local_file.appsync_schema",
            "module.cognito.aws_cognito_user_pool.pool",
            "module.cognito.aws_cognito_user_pool_client.client",
            "module.iam.aws_iam_role.appsync-role",
            "module.iam.aws_iam_role.lambda-role",
            "module.lambda.aws_lambda_function.cognito-user"
          ]
        }
      ]
    },
    {
      "module": "module.appsync",
      "mode": "managed",
      "type": "aws_appsync_function",
      "name": "create_cognito_user_lambda",
      "provider": "provider[\"registry.terraform.io/hashicorp/aws\"].useast",
      "instances": [
        {
          "schema_version": 0,
          "attributes": {
            "api_id": "hgxrzchb6vhs7g6zgrmykmg3rm",
            "arn": "arn:aws:appsync:us-east-1:617942035950:apis/hgxrzchb6vhs7g6zgrmykmg3rm/functions/24pnvkv7pfc2hirf6oivenn7py",
            "code": "",
            "data_source": "CognitoUser",
            "description": "",
            "function_id": "24pnvkv7pfc2hirf6oivenn7py",
            "function_version": "2018-05-29",
            "id": "hgxrzchb6vhs7g6zgrmykmg3rm-24pnvkv7pfc2hirf6oivenn7py",
            "max_batch_size": 0,
            "name": "CreateCognitoUser",
            "request_mapping_template": "#set($data = {\n    \"action\": \"CREATE\",\n    \"email\": $ctx.args.input.email,\n    \"password\": $ctx.args.input.password,\n    \"name\": $ctx.args.input.name,\n    \"address\": $ctx.args.input.address,\n    \"phone\": $ctx.args.input.phone\n})\n{\n  \"operation\": \"Invoke\",\n  \"payload\": $util.toJson($data)\n}",
            "response_mapping_template": "#if($ctx.error)\n    $utils.error($ctx.error.message, $ctx.error.type)\n#end\n\n$utils.toJson($context.result)",
            "runtime": [],
            "sync_config": []
          },
          "sensitive_attributes": [],
          "private": "bnVsbA==",
          "dependencies": [
            "module.appsync.aws_appsync_datasource.cognito_user_lambda",
            "module.appsync.aws_appsync_graphql_api.appsync_api",
            "module.appsync.data.local_file.appsync_schema",
            "module.appsync.data.local_file.create_cognito_user_request",
            "module.appsync.data.local_file.create_cognito_user_response",
            "module.appsync.null_resource.appsync_rds_datasource",
            "module.cognito.aws_cognito_user_pool.pool",
            "module.cognito.aws_cognito_user_pool_client.client",
            "module.database.aws_rds_cluster.cluster",
            "module.database.aws_secretsmanager_secret.restaurant",
            "module.iam.aws_iam_role.appsync-role",
            "module.iam.aws_iam_role.lambda-role",
            "module.lambda.aws_lambda_function.cognito-user"
          ]
        }
      ]
    },
    {
      "module": "module.appsync",
      "mode": "managed",
      "type": "aws_appsync_function",
      "name": "create_restaurant_function",
      "provider": "provider[\"registry.terraform.io/hashicorp/aws\"].useast",
      "instances": [
        {
          "schema_version": 0,
          "attributes": {
            "api_id": "hgxrzchb6vhs7g6zgrmykmg3rm",
            "arn": "arn:aws:appsync:us-east-1:617942035950:apis/hgxrzchb6vhs7g6zgrmykmg3rm/functions/nhavebyspbdejivf5vl3dsevgu",
            "code": "",
            "data_source": "AuroraRDS",
            "description": "",
            "function_id": "nhavebyspbdejivf5vl3dsevgu",
            "function_version": "2018-05-29",
            "id": "hgxrzchb6vhs7g6zgrmykmg3rm-nhavebyspbdejivf5vl3dsevgu",
            "max_batch_size": 0,
            "name": "CreateRestaurantFunction",
            "request_mapping_template": "#set($address=$util.defaultIfNullOrEmpty($ctx.prev.result.address, ''))\n#set($phone=$util.defaultIfNullOrEmpty($ctx.prev.result.phone, ''))\n#set($username=$util.defaultIfNullOrEmpty($ctx.prev.result.username, ''))\n\n{\n    \"version\": \"2018-05-29\",\n    \"statements\": [\n        \"INSERT INTO restaurant.restaurants (username, name, address, phone) VALUES ('$username', '$context.args.input.name', '$address', '$phone')\",\n        \"SELECT username, name, address, phone  FROM restaurant.restaurants where username = '$username'\"\n    ]\n}\n\n\n",
            "response_mapping_template": "#if($ctx.error)\n    $utils.error($ctx.error.message, $ctx.error.type)\n#end\n\n$utils.toJson($utils.rds.toJsonObject($ctx.result)[1][0])",
            "runtime": [],
            "sync_config": []
          },
          "sensitive_attributes": [],
          "private": "bnVsbA==",
          "dependencies": [
            "module.appsync.aws_appsync_graphql_api.appsync_api",
            "module.appsync.data.local_file.appsync_schema",
            "module.appsync.data.local_file.create_restaurant_request",
            "module.appsync.data.local_file.create_restaurant_response",
            "module.appsync.null_resource.appsync_rds_datasource",
            "module.cognito.aws_cognito_user_pool.pool",
            "module.cognito.aws_cognito_user_pool_client.client",
            "module.database.aws_rds_cluster.cluster",
            "module.database.aws_secretsmanager_secret.restaurant",
            "module.iam.aws_iam_role.appsync-role"
          ]
        }
      ]
    },
    {
      "module": "module.appsync",
      "mode": "managed",
      "type": "aws_appsync_function",
      "name": "delete_cognito_user_lambda",
      "provider": "provider[\"registry.terraform.io/hashicorp/aws\"].useast",
      "instances": [
        {
          "schema_version": 0,
          "attributes": {
            "api_id": "hgxrzchb6vhs7g6zgrmykmg3rm",
            "arn": "arn:aws:appsync:us-east-1:617942035950:apis/hgxrzchb6vhs7g6zgrmykmg3rm/functions/f4uylbkvpjdxfar4mitbf4wy7m",
            "code": "",
            "data_source": "CognitoUser",
            "description": "",
            "function_id": "f4uylbkvpjdxfar4mitbf4wy7m",
            "function_version": "2018-05-29",
            "id": "hgxrzchb6vhs7g6zgrmykmg3rm-f4uylbkvpjdxfar4mitbf4wy7m",
            "max_batch_size": 0,
            "name": "DeleteCognitoUser",
            "request_mapping_template": "#set($data = {\n    \"action\": \"DELETE_USER\",\n    \"username\": $ctx.args.username\n})\n{\n  \"operation\": \"Invoke\",\n  \"payload\": $util.toJson($data)\n}",
            "response_mapping_template": "#if($ctx.error)\n    $utils.error($ctx.error.message, $ctx.error.type)\n#end\n\n$utils.toJson($context.result)",
            "runtime": [],
            "sync_config": []
          },
          "sensitive_attributes": [],
          "private": "bnVsbA==",
          "dependencies": [
            "module.appsync.aws_appsync_datasource.cognito_user_lambda",
            "module.appsync.aws_appsync_graphql_api.appsync_api",
            "module.appsync.data.local_file.appsync_schema",
            "module.appsync.data.local_file.delete_cognito_user_lambda_request",
            "module.appsync.data.local_file.delete_cognito_user_lambda_response",
            "module.appsync.null_resource.appsync_rds_datasource",
            "module.cognito.aws_cognito_user_pool.pool",
            "module.cognito.aws_cognito_user_pool_client.client",
            "module.database.aws_rds_cluster.cluster",
            "module.database.aws_secretsmanager_secret.restaurant",
            "module.iam.aws_iam_role.appsync-role",
            "module.iam.aws_iam_role.lambda-role",
            "module.lambda.aws_lambda_function.cognito-user"
          ]
        }
      ]
    },
    {
      "module": "module.appsync",
      "mode": "managed",
      "type": "aws_appsync_function",
      "name": "delete_restaurant_function",
      "provider": "provider[\"registry.terraform.io/hashicorp/aws\"].useast",
      "instances": [
        {
          "schema_version": 0,
          "attributes": {
            "api_id": "hgxrzchb6vhs7g6zgrmykmg3rm",
            "arn": "arn:aws:appsync:us-east-1:617942035950:apis/hgxrzchb6vhs7g6zgrmykmg3rm/functions/uamsx56nfzfrtbcolhtrpbhcye",
            "code": "",
            "data_source": "AuroraRDS",
            "description": "",
            "function_id": "uamsx56nfzfrtbcolhtrpbhcye",
            "function_version": "2018-05-29",
            "id": "hgxrzchb6vhs7g6zgrmykmg3rm-uamsx56nfzfrtbcolhtrpbhcye",
            "max_batch_size": 0,
            "name": "DeleteRestaurantFunction",
            "request_mapping_template": "{\n    \"version\": \"2018-05-29\",\n    \"statements\": [\n        \"DELETE FROM restaurant.restaurants WHERE username = '$ctx.prev.result.username'\"\n    ]\n}",
            "response_mapping_template": "#if($ctx.error)\n    $utils.error($ctx.error.message, $ctx.error.type)\n#end\n$utils.toJson($utils.rds.toJsonObject($ctx.result)[0][0])",
            "runtime": [],
            "sync_config": []
          },
          "sensitive_attributes": [],
          "private": "bnVsbA==",
          "dependencies": [
            "module.appsync.aws_appsync_graphql_api.appsync_api",
            "module.appsync.data.local_file.appsync_schema",
            "module.appsync.data.local_file.delete_restaurant_function_request",
            "module.appsync.data.local_file.delete_restaurant_function_response",
            "module.appsync.null_resource.appsync_rds_datasource",
            "module.cognito.aws_cognito_user_pool.pool",
            "module.cognito.aws_cognito_user_pool_client.client",
            "module.database.aws_rds_cluster.cluster",
            "module.database.aws_secretsmanager_secret.restaurant",
            "module.iam.aws_iam_role.appsync-role"
          ]
        }
      ]
    },
    {
      "module": "module.appsync",
      "mode": "managed",
      "type": "aws_appsync_graphql_api",
      "name": "appsync_api",
      "provider": "provider[\"registry.terraform.io/hashicorp/aws\"].useast",
      "instances": [
        {
          "schema_version": 0,
          "attributes": {
            "additional_authentication_provider": [
              {
                "authentication_type": "API_KEY",
                "lambda_authorizer_config": [],
                "openid_connect_config": [],
                "user_pool_config": []
              }
            ],
            "arn": "arn:aws:appsync:us-east-1:617942035950:apis/hgxrzchb6vhs7g6zgrmykmg3rm",
            "authentication_type": "AMAZON_COGNITO_USER_POOLS",
            "id": "hgxrzchb6vhs7g6zgrmykmg3rm",
            "lambda_authorizer_config": [],
            "log_config": [],
            "name": "Cognito",
            "openid_connect_config": [],
            "schema": "schema {\n    query: Query\n    mutation: Mutation\n}\n\ntype Query {\n    getMenue(restaurantUsername:String!): [MenueItem]\n    getRestaurant(id:String!): Restaurant!\n    listOrder(filter:ListOrder!): [Order]\n    listInvoice: [Invoice]\n}\n\ntype Mutation {\n    addMenueItem(input: AddMenueItem!): MenueItem\n    deleteMenueItem(id:String!): String\n    createRestaurant(input: CreateRestaurant!): Restaurant\n    deleteRestaurant(username:String!): String\n    createOrder(input: CreateOrder!): Order\n    deleteOrder(id:String!): String\n    addOrderItem(input: CreateOrderItem): OrderItem\n    updateOrderItem(input: UpdateOrderItem): OrderItem\n    removeOrderItem(input: RemoveOrderItem): String\n    createInvoice(input: CreateInvoice!): Invoice\n}\n\ntype MenueItem {\n    id: String\n    name: String!\n    description: String\n    price: Int!\n}\n\ninput AddMenueItem {\n    restaurantUsername: String!\n    name: String!\n    description: String\n    price: Int!\n}\n\ntype Restaurant {\n    username: String!\n    name: String!\n    address: String\n    phone: String\n}\n\ninput CreateRestaurant {\n    email: String!\n    password: String!\n    name: String!\n    address: String\n    phone: String\n}\n\ntype Order {\n    id: String!\n    restaurant_username: String!\n    customer_name: String!\n    customer_phone: String!\n    order_status: OrderStatus\n    order_date: String\n}\n\ninput CreateOrder {\n    restaurantUsername: String!\n    customerName: String!\n    customerPhone: String!\n}\n\ninput ListOrder {\n    restaurantUsername: String!\n    status: OrderStatus\n}\n\nenum OrderStatus {\n\treceived\n\tpreparing\n\tdone\n}\n\ntype OrderItem {\n    id: ID!\n    orderId: String!\n    menueItemId: String!\n    quantity: Int!\n}\n\ninput CreateOrderItem {\n    orderId: String!\n    menueItemId: String!\n    quantity: Int!\n}\n\ninput UpdateOrderItem {\n    orderId: String!\n    menueItemId: String!\n    quantity: Int!\n}\n\ninput RemoveOrderItem {\n    orderId: String!\n    menueItemId: String!\n}\n\ntype Invoice {\n    id: ID!\n    orderId: String!\n    amount: Int!\n    paymentDate: String\n}\n\ninput CreateInvoice {\n    orderId: String!\n}",
            "tags": {},
            "tags_all": {},
            "uris": {
              "GRAPHQL": "https://vxkaz4vxz5gotktbdxj7yutlgu.appsync-api.us-east-1.amazonaws.com/graphql",
              "REALTIME": "wss://vxkaz4vxz5gotktbdxj7yutlgu.appsync-realtime-api.us-east-1.amazonaws.com/graphql"
            },
            "user_pool_config": [
              {
                "app_id_client_regex": "463eojoa29p4g5khrbdu4j3dp0",
                "aws_region": "us-east-1",
                "default_action": "ALLOW",
                "user_pool_id": "us-east-1_hYYGMcYFF"
              }
            ],
            "xray_enabled": false
          },
          "sensitive_attributes": [],
          "private": "bnVsbA==",
          "dependencies": [
            "module.appsync.data.local_file.appsync_schema",
            "module.cognito.aws_cognito_user_pool.pool",
            "module.cognito.aws_cognito_user_pool_client.client"
          ]
        }
      ]
    },
    {
      "module": "module.appsync",
      "mode": "managed",
      "type": "aws_appsync_resolver",
      "name": "add_menue_item",
      "provider": "provider[\"registry.terraform.io/hashicorp/aws\"].useast",
      "instances": [
        {
          "schema_version": 0,
          "attributes": {
            "api_id": "hgxrzchb6vhs7g6zgrmykmg3rm",
            "arn": "arn:aws:appsync:us-east-1:617942035950:apis/hgxrzchb6vhs7g6zgrmykmg3rm/types/Mutation/resolvers/addMenueItem",
            "caching_config": [],
            "code": "",
            "data_source": "AuroraRDS",
            "field": "addMenueItem",
            "id": "hgxrzchb6vhs7g6zgrmykmg3rm-Mutation-addMenueItem",
            "kind": "UNIT",
            "max_batch_size": 0,
            "pipeline_config": [],
            "request_template": "#foreach($item in $context.args.input.entrySet())\n    #set($item.value=$item.value.replace(\"'\", \"''\"))\n    #set($item.value=$item.value.replace(\"\\\", \"\\\\\\\\\"))\n    #set($item.value=$item.value.replace('\"', '\\\\\\\"'))\n#end\n#foreach($item in $context.args.entrySet())\n    #set($item.value=$item.value.replace(\"'\", \"''\"))\n    #set($item.value=$item.value.replace(\"\\\", \"\\\\\\\\\"))\n    #set($item.value=$item.value.replace('\"', '\\\\\\\"'))\n#end\n\n#set($process_id=$utils.autoId())\n#set($description=$util.defaultIfNullOrEmpty($ctx.args.input.description, ''))\n\n{\n    \"version\": \"2018-05-29\",\n    \"statements\": [\n        \"INSERT INTO restaurant.menu_items (id, restaurant_username, name, description, price) VALUES ('$process_id','$context.args.input.restaurantUsername', '$context.args.input.name', '$description', '$context.args.input.price')\",\n        \"SELECT id, name, description, price FROM restaurant.menu_items WHERE id = '$process_id'\"\n    ]\n}",
            "response_template": "#if($ctx.error)\n    $utils.error($ctx.error.message, $ctx.error.type)\n#end\n\n$utils.toJson($utils.rds.toJsonObject($ctx.result)[1][0])",
            "runtime": [],
            "sync_config": [],
            "type": "Mutation"
          },
          "sensitive_attributes": [],
          "private": "bnVsbA==",
          "dependencies": [
            "module.appsync.aws_appsync_graphql_api.appsync_api",
            "module.appsync.data.local_file.add_menue_item_request",
            "module.appsync.data.local_file.add_menue_item_response",
            "module.appsync.data.local_file.appsync_schema",
            "module.appsync.null_resource.appsync_rds_datasource",
            "module.cognito.aws_cognito_user_pool.pool",
            "module.cognito.aws_cognito_user_pool_client.client",
            "module.database.aws_rds_cluster.cluster",
            "module.database.aws_secretsmanager_secret.restaurant",
            "module.iam.aws_iam_role.appsync-role"
          ]
        }
      ]
    },
    {
      "module": "module.appsync",
      "mode": "managed",
      "type": "aws_appsync_resolver",
      "name": "create_order",
      "provider": "provider[\"registry.terraform.io/hashicorp/aws\"].useast",
      "instances": [
        {
          "schema_version": 0,
          "attributes": {
            "api_id": "hgxrzchb6vhs7g6zgrmykmg3rm",
            "arn": "arn:aws:appsync:us-east-1:617942035950:apis/hgxrzchb6vhs7g6zgrmykmg3rm/types/Mutation/resolvers/createOrder",
            "caching_config": [],
            "code": "",
            "data_source": "AuroraRDS",
            "field": "createOrder",
            "id": "hgxrzchb6vhs7g6zgrmykmg3rm-Mutation-createOrder",
            "kind": "UNIT",
            "max_batch_size": 0,
            "pipeline_config": [],
            "request_template": "#set($address=$util.defaultIfNullOrEmpty($ctx.prev.result.address, ''))\n#set($phone=$util.defaultIfNullOrEmpty($ctx.prev.result.phone, ''))\n#set($username=$util.defaultIfNullOrEmpty($ctx.prev.result.username, ''))\n\n#set($process_id=$utils.autoId())\n\n{\n    \"version\": \"2018-05-29\",\n    \"statements\": [\n        \"INSERT INTO restaurant.orders (id, restaurant_username, customer_name, customer_phone, order_status) VALUES ('$process_id', '$context.args.input.restaurantUsername', '$context.args.input.customerName', '$context.args.input.customerPhone', 'received')\",\n        \"SELECT id, restaurant_username, customer_name, customer_phone, order_status, order_date  FROM restaurant.orders WHERE id = '$process_id'\"\n    ]\n}",
            "response_template": "#if($ctx.error)\n    $utils.error($ctx.error.message, $ctx.error.type)\n#end\n$utils.toJson($utils.rds.toJsonObject($ctx.result)[1][0])",
            "runtime": [],
            "sync_config": [],
            "type": "Mutation"
          },
          "sensitive_attributes": [],
          "private": "bnVsbA==",
          "dependencies": [
            "module.appsync.aws_appsync_graphql_api.appsync_api",
            "module.appsync.data.local_file.appsync_schema",
            "module.appsync.data.local_file.create_order_request",
            "module.appsync.data.local_file.create_order_response",
            "module.appsync.null_resource.appsync_rds_datasource",
            "module.cognito.aws_cognito_user_pool.pool",
            "module.cognito.aws_cognito_user_pool_client.client",
            "module.database.aws_rds_cluster.cluster",
            "module.database.aws_secretsmanager_secret.restaurant",
            "module.iam.aws_iam_role.appsync-role"
          ]
        }
      ]
    },
    {
      "module": "module.appsync",
      "mode": "managed",
      "type": "aws_appsync_resolver",
      "name": "create_restaurant",
      "provider": "provider[\"registry.terraform.io/hashicorp/aws\"].useast",
      "instances": [
        {
          "schema_version": 0,
          "attributes": {
            "api_id": "hgxrzchb6vhs7g6zgrmykmg3rm",
            "arn": "arn:aws:appsync:us-east-1:617942035950:apis/hgxrzchb6vhs7g6zgrmykmg3rm/types/Mutation/resolvers/createRestaurant",
            "caching_config": [],
            "code": "",
            "data_source": "",
            "field": "createRestaurant",
            "id": "hgxrzchb6vhs7g6zgrmykmg3rm-Mutation-createRestaurant",
            "kind": "PIPELINE",
            "max_batch_size": 0,
            "pipeline_config": [
              {
                "functions": [
                  "24pnvkv7pfc2hirf6oivenn7py",
                  "nhavebyspbdejivf5vl3dsevgu"
                ]
              }
            ],
            "request_template": "#foreach($item in $context.args.input.entrySet())\n    #set($item.value=$item.value.replace(\"'\", \"''\"))\n    #set($item.value=$item.value.replace(\"\\\", \"\\\\\\\\\"))\n    #set($item.value=$item.value.replace('\"', '\\\\\\\"'))\n#end\n#foreach($item in $context.args.entrySet())\n    #set($item.value=$item.value.replace(\"'\", \"''\"))\n    #set($item.value=$item.value.replace(\"\\\", \"\\\\\\\\\"))\n    #set($item.value=$item.value.replace('\"', '\\\\\\\"'))\n#end\n{}",
            "response_template": "#if($ctx.error)\n    $utils.error($ctx.error.message, $ctx.error.type)\n#end\n\n$utils.toJson($context.prev.result)",
            "runtime": [],
            "sync_config": [],
            "type": "Mutation"
          },
          "sensitive_attributes": [],
          "private": "bnVsbA==",
          "dependencies": [
            "module.appsync.aws_appsync_datasource.cognito_user_lambda",
            "module.appsync.aws_appsync_function.create_cognito_user_lambda",
            "module.appsync.aws_appsync_function.create_restaurant_function",
            "module.appsync.aws_appsync_graphql_api.appsync_api",
            "module.appsync.data.local_file.appsync_schema",
            "module.appsync.data.local_file.create_cognito_user_request",
            "module.appsync.data.local_file.create_cognito_user_response",
            "module.appsync.data.local_file.create_restaurant_request",
            "module.appsync.data.local_file.create_restaurant_response",
            "module.appsync.data.local_file.pipeline_after_request",
            "module.appsync.data.local_file.pipeline_before_request",
            "module.appsync.null_resource.appsync_rds_datasource",
            "module.cognito.aws_cognito_user_pool.pool",
            "module.cognito.aws_cognito_user_pool_client.client",
            "module.database.aws_rds_cluster.cluster",
            "module.database.aws_secretsmanager_secret.restaurant",
            "module.iam.aws_iam_role.appsync-role",
            "module.iam.aws_iam_role.lambda-role",
            "module.lambda.aws_lambda_function.cognito-user"
          ]
        }
      ]
    },
    {
      "module": "module.appsync",
      "mode": "managed",
      "type": "aws_appsync_resolver",
      "name": "delete_menue_item",
      "provider": "provider[\"registry.terraform.io/hashicorp/aws\"].useast",
      "instances": [
        {
          "schema_version": 0,
          "attributes": {
            "api_id": "hgxrzchb6vhs7g6zgrmykmg3rm",
            "arn": "arn:aws:appsync:us-east-1:617942035950:apis/hgxrzchb6vhs7g6zgrmykmg3rm/types/Mutation/resolvers/deleteMenueItem",
            "caching_config": [],
            "code": "",
            "data_source": "AuroraRDS",
            "field": "deleteMenueItem",
            "id": "hgxrzchb6vhs7g6zgrmykmg3rm-Mutation-deleteMenueItem",
            "kind": "UNIT",
            "max_batch_size": 0,
            "pipeline_config": [],
            "request_template": "{\n    \"version\": \"2018-05-29\",\n    \"statements\": [\n        \"DELETE FROM restaurant.menu_items WHERE id = '$ctx.arguments.id'\"\n    ]\n}",
            "response_template": "#if($ctx.error)\n    $utils.error($ctx.error.message, $ctx.error.type)\n#end\n$utils.toJson($utils.rds.toJsonObject($ctx.result)[0][0])",
            "runtime": [],
            "sync_config": [],
            "type": "Mutation"
          },
          "sensitive_attributes": [],
          "private": "bnVsbA==",
          "dependencies": [
            "module.appsync.aws_appsync_graphql_api.appsync_api",
            "module.appsync.data.local_file.appsync_schema",
            "module.appsync.data.local_file.delete_menue_item_request",
            "module.appsync.data.local_file.delete_menue_item_response",
            "module.appsync.null_resource.appsync_rds_datasource",
            "module.cognito.aws_cognito_user_pool.pool",
            "module.cognito.aws_cognito_user_pool_client.client",
            "module.database.aws_rds_cluster.cluster",
            "module.database.aws_secretsmanager_secret.restaurant",
            "module.iam.aws_iam_role.appsync-role"
          ]
        }
      ]
    },
    {
      "module": "module.appsync",
      "mode": "managed",
      "type": "aws_appsync_resolver",
      "name": "delete_restaurant",
      "provider": "provider[\"registry.terraform.io/hashicorp/aws\"].useast",
      "instances": [
        {
          "schema_version": 0,
          "attributes": {
            "api_id": "hgxrzchb6vhs7g6zgrmykmg3rm",
            "arn": "arn:aws:appsync:us-east-1:617942035950:apis/hgxrzchb6vhs7g6zgrmykmg3rm/types/Mutation/resolvers/deleteRestaurant",
            "caching_config": [],
            "code": "",
            "data_source": "",
            "field": "deleteRestaurant",
            "id": "hgxrzchb6vhs7g6zgrmykmg3rm-Mutation-deleteRestaurant",
            "kind": "PIPELINE",
            "max_batch_size": 0,
            "pipeline_config": [
              {
                "functions": [
                  "f4uylbkvpjdxfar4mitbf4wy7m",
                  "uamsx56nfzfrtbcolhtrpbhcye"
                ]
              }
            ],
            "request_template": "#foreach($item in $context.args.input.entrySet())\n    #set($item.value=$item.value.replace(\"'\", \"''\"))\n    #set($item.value=$item.value.replace(\"\\\", \"\\\\\\\\\"))\n    #set($item.value=$item.value.replace('\"', '\\\\\\\"'))\n#end\n#foreach($item in $context.args.entrySet())\n    #set($item.value=$item.value.replace(\"'\", \"''\"))\n    #set($item.value=$item.value.replace(\"\\\", \"\\\\\\\\\"))\n    #set($item.value=$item.value.replace('\"', '\\\\\\\"'))\n#end\n{}",
            "response_template": "#if($ctx.error)\n    $utils.error($ctx.error.message, $ctx.error.type)\n#end\n\n$utils.toJson($context.prev.result)",
            "runtime": [],
            "sync_config": [],
            "type": "Mutation"
          },
          "sensitive_attributes": [],
          "private": "bnVsbA==",
          "dependencies": [
            "module.appsync.aws_appsync_datasource.cognito_user_lambda",
            "module.appsync.aws_appsync_function.delete_cognito_user_lambda",
            "module.appsync.aws_appsync_function.delete_restaurant_function",
            "module.appsync.aws_appsync_graphql_api.appsync_api",
            "module.appsync.data.local_file.appsync_schema",
            "module.appsync.data.local_file.delete_cognito_user_lambda_request",
            "module.appsync.data.local_file.delete_cognito_user_lambda_response",
            "module.appsync.data.local_file.delete_restaurant_function_request",
            "module.appsync.data.local_file.delete_restaurant_function_response",
            "module.appsync.data.local_file.pipeline_after_request",
            "module.appsync.data.local_file.pipeline_before_request",
            "module.appsync.null_resource.appsync_rds_datasource",
            "module.cognito.aws_cognito_user_pool.pool",
            "module.cognito.aws_cognito_user_pool_client.client",
            "module.database.aws_rds_cluster.cluster",
            "module.database.aws_secretsmanager_secret.restaurant",
            "module.iam.aws_iam_role.appsync-role",
            "module.iam.aws_iam_role.lambda-role",
            "module.lambda.aws_lambda_function.cognito-user"
          ]
        }
      ]
    },
    {
      "module": "module.appsync",
      "mode": "managed",
      "type": "aws_appsync_resolver",
      "name": "get_menue",
      "provider": "provider[\"registry.terraform.io/hashicorp/aws\"].useast",
      "instances": [
        {
          "schema_version": 0,
          "attributes": {
            "api_id": "hgxrzchb6vhs7g6zgrmykmg3rm",
            "arn": "arn:aws:appsync:us-east-1:617942035950:apis/hgxrzchb6vhs7g6zgrmykmg3rm/types/Query/resolvers/getMenue",
            "caching_config": [],
            "code": "",
            "data_source": "AuroraRDS",
            "field": "getMenue",
            "id": "hgxrzchb6vhs7g6zgrmykmg3rm-Query-getMenue",
            "kind": "UNIT",
            "max_batch_size": 0,
            "pipeline_config": [],
            "request_template": "{\n    \"version\": \"2018-05-29\",\n    \"statements\": [\n         \"SELECT id, name, description, price FROM restaurant.menu_items WHERE restaurant_username = '$ctx.args.restaurantUsername'\"\n    ]\n}",
            "response_template": "#if($ctx.error)\n    $utils.error($ctx.error.message, $ctx.error.type)\n#end\n\n$utils.toJson($utils.rds.toJsonObject($ctx.result)[0])",
            "runtime": [],
            "sync_config": [],
            "type": "Query"
          },
          "sensitive_attributes": [],
          "private": "bnVsbA==",
          "dependencies": [
            "module.appsync.aws_appsync_graphql_api.appsync_api",
            "module.appsync.data.local_file.appsync_schema",
            "module.appsync.data.local_file.get_menue_request",
            "module.appsync.data.local_file.get_menue_response",
            "module.appsync.null_resource.appsync_rds_datasource",
            "module.cognito.aws_cognito_user_pool.pool",
            "module.cognito.aws_cognito_user_pool_client.client",
            "module.database.aws_rds_cluster.cluster",
            "module.database.aws_secretsmanager_secret.restaurant",
            "module.iam.aws_iam_role.appsync-role"
          ]
        }
      ]
    },
    {
      "module": "module.appsync",
      "mode": "managed",
      "type": "aws_appsync_resolver",
      "name": "get_restaurant",
      "provider": "provider[\"registry.terraform.io/hashicorp/aws\"].useast",
      "instances": [
        {
          "schema_version": 0,
          "attributes": {
            "api_id": "hgxrzchb6vhs7g6zgrmykmg3rm",
            "arn": "arn:aws:appsync:us-east-1:617942035950:apis/hgxrzchb6vhs7g6zgrmykmg3rm/types/Query/resolvers/getRestaurant",
            "caching_config": [],
            "code": "",
            "data_source": "AuroraRDS",
            "field": "getRestaurant",
            "id": "hgxrzchb6vhs7g6zgrmykmg3rm-Query-getRestaurant",
            "kind": "UNIT",
            "max_batch_size": 0,
            "pipeline_config": [],
            "request_template": "{\n    \"version\": \"2018-05-29\",\n    \"statements\": [\n        \"SELECT username, name, address, phone FROM restaurant.restaurants WHERE username = '$ctx.args.id'\"\n    ]\n}",
            "response_template": "#if($ctx.error)\n    $utils.error($ctx.error.message, $ctx.error.type)\n#end\n$utils.toJson($utils.rds.toJsonObject($ctx.result)[0][0])\n\n\n",
            "runtime": [],
            "sync_config": [],
            "type": "Query"
          },
          "sensitive_attributes": [],
          "private": "bnVsbA==",
          "dependencies": [
            "module.appsync.aws_appsync_graphql_api.appsync_api",
            "module.appsync.data.local_file.appsync_schema",
            "module.appsync.data.local_file.get_restaurant_request",
            "module.appsync.data.local_file.get_restaurant_response",
            "module.appsync.null_resource.appsync_rds_datasource",
            "module.cognito.aws_cognito_user_pool.pool",
            "module.cognito.aws_cognito_user_pool_client.client",
            "module.database.aws_rds_cluster.cluster",
            "module.database.aws_secretsmanager_secret.restaurant",
            "module.iam.aws_iam_role.appsync-role"
          ]
        }
      ]
    },
    {
      "module": "module.appsync",
      "mode": "managed",
      "type": "aws_appsync_resolver",
      "name": "list_order",
      "provider": "provider[\"registry.terraform.io/hashicorp/aws\"].useast",
      "instances": [
        {
          "schema_version": 0,
          "attributes": {
            "api_id": "hgxrzchb6vhs7g6zgrmykmg3rm",
            "arn": "arn:aws:appsync:us-east-1:617942035950:apis/hgxrzchb6vhs7g6zgrmykmg3rm/types/Query/resolvers/listOrder",
            "caching_config": [],
            "code": "",
            "data_source": "AuroraRDS",
            "field": "listOrder",
            "id": "hgxrzchb6vhs7g6zgrmykmg3rm-Query-listOrder",
            "kind": "UNIT",
            "max_batch_size": 0,
            "pipeline_config": [],
            "request_template": "#if($ctx.args.filter.status)\n    {\n        \"version\": \"2018-05-29\",\n        \"statements\": [\n            \"SELECT id, restaurant_username, customer_name, customer_phone, order_status, order_date  FROM restaurant.orders WHERE restaurant_username = '$ctx.args.filter.restaurantUsername' AND order_status = '$ctx.args.filter.status'\"\n        ]\n    }\n#else\n    {\n        \"version\": \"2018-05-29\",\n        \"statements\": [\n            \"SELECT id, restaurant_username, customer_name, customer_phone, order_status, order_date  FROM restaurant.orders WHERE restaurant_username = '$ctx.args.filter.restaurantUsername'\"\n        ]\n    }\n#end\n\n\n",
            "response_template": "#if($ctx.error)\n    $utils.error($ctx.error.message, $ctx.error.type)\n#end\n\n$utils.toJson($utils.rds.toJsonObject($ctx.result)[0])",
            "runtime": [],
            "sync_config": [],
            "type": "Query"
          },
          "sensitive_attributes": [],
          "private": "bnVsbA==",
          "dependencies": [
            "module.appsync.aws_appsync_graphql_api.appsync_api",
            "module.appsync.data.local_file.appsync_schema",
            "module.appsync.data.local_file.list_order_request",
            "module.appsync.data.local_file.list_order_response",
            "module.appsync.null_resource.appsync_rds_datasource",
            "module.cognito.aws_cognito_user_pool.pool",
            "module.cognito.aws_cognito_user_pool_client.client",
            "module.database.aws_rds_cluster.cluster",
            "module.database.aws_secretsmanager_secret.restaurant",
            "module.iam.aws_iam_role.appsync-role"
          ]
        }
      ]
    },
    {
      "module": "module.appsync",
      "mode": "managed",
      "type": "null_resource",
      "name": "appsync_rds_datasource",
      "provider": "provider[\"registry.terraform.io/hashicorp/null\"]",
      "instances": [
        {
          "schema_version": 0,
          "attributes": {
            "id": "4325028122990306573",
            "triggers": {
              "appsync_api_id": "hgxrzchb6vhs7g6zgrmykmg3rm",
              "appsync_region": "us-east-1"
            }
          },
          "sensitive_attributes": [],
          "dependencies": [
            "module.appsync.aws_appsync_graphql_api.appsync_api",
            "module.appsync.data.local_file.appsync_schema",
            "module.cognito.aws_cognito_user_pool.pool",
            "module.cognito.aws_cognito_user_pool_client.client",
            "module.database.aws_rds_cluster.cluster",
            "module.database.aws_secretsmanager_secret.restaurant",
            "module.iam.aws_iam_role.appsync-role"
          ]
        }
      ]
    },
    {
      "module": "module.cognito",
      "mode": "managed",
      "type": "aws_cognito_user_group",
      "name": "admin",
      "provider": "module.cognito.provider[\"registry.terraform.io/hashicorp/aws\"]",
      "instances": [
        {
          "schema_version": 0,
          "attributes": {
            "description": "",
            "id": "us-east-1_hYYGMcYFF/admin",
            "name": "admin",
            "precedence": 0,
            "role_arn": "",
            "user_pool_id": "us-east-1_hYYGMcYFF"
          },
          "sensitive_attributes": [],
          "private": "bnVsbA==",
          "dependencies": [
            "module.cognito.aws_cognito_user_pool.pool"
          ]
        }
      ]
    },
    {
      "module": "module.cognito",
      "mode": "managed",
      "type": "aws_cognito_user_pool",
      "name": "pool",
      "provider": "module.cognito.provider[\"registry.terraform.io/hashicorp/aws\"]",
      "instances": [
        {
          "schema_version": 0,
          "attributes": {
            "account_recovery_setting": [
              {
                "recovery_mechanism": [
                  {
                    "name": "verified_email",
                    "priority": 1
                  }
                ]
              }
            ],
            "admin_create_user_config": [
              {
                "allow_admin_create_user_only": false,
                "invite_message_template": []
              }
            ],
            "alias_attributes": null,
            "arn": "arn:aws:cognito-idp:us-east-1:617942035950:userpool/us-east-1_hYYGMcYFF",
            "auto_verified_attributes": [
              "email"
            ],
            "creation_date": "2023-05-25T10:56:16Z",
            "custom_domain": "",
            "deletion_protection": "INACTIVE",
            "device_configuration": [],
            "domain": "",
            "email_configuration": [
              {
                "configuration_set": "",
                "email_sending_account": "COGNITO_DEFAULT",
                "from_email_address": "",
                "reply_to_email_address": "",
                "source_arn": ""
              }
            ],
            "email_verification_message": "Your reset password validation code is: {####}",
            "email_verification_subject": "Reset password code",
            "endpoint": "cognito-idp.us-east-1.amazonaws.com/us-east-1_hYYGMcYFF",
            "estimated_number_of_users": 2,
            "id": "us-east-1_hYYGMcYFF",
            "lambda_config": [],
            "last_modified_date": "2023-05-25T14:48:13Z",
            "mfa_configuration": "OPTIONAL",
            "name": "restaurant-manager",
            "password_policy": [
              {
                "minimum_length": 8,
                "require_lowercase": true,
                "require_numbers": true,
                "require_symbols": false,
                "require_uppercase": true,
                "temporary_password_validity_days": 7
              }
            ],
            "schema": [
              {
                "attribute_data_type": "String",
                "developer_only_attribute": false,
                "mutable": true,
                "name": "email",
                "number_attribute_constraints": [],
                "required": true,
                "string_attribute_constraints": [
                  {
                    "max_length": "100",
                    "min_length": "7"
                  }
                ]
              }
            ],
            "sms_authentication_message": "",
            "sms_configuration": [],
            "sms_verification_message": "",
            "software_token_mfa_configuration": [
              {
                "enabled": false
              }
            ],
            "tags": {
              "Name": "restaurant-manager"
            },
            "tags_all": {
              "Name": "restaurant-manager"
            },
            "user_attribute_update_settings": [],
            "user_pool_add_ons": [
              {
                "advanced_security_mode": "OFF"
              }
            ],
            "username_attributes": [
              "email"
            ],
            "username_configuration": [],
            "verification_message_template": [
              {
                "default_email_option": "CONFIRM_WITH_CODE",
                "email_message": "Your reset password validation code is: {####}",
                "email_message_by_link": "",
                "email_subject": "Reset password code",
                "email_subject_by_link": "",
                "sms_message": ""
              }
            ]
          },
          "sensitive_attributes": [],
          "private": "bnVsbA=="
        }
      ]
    },
    {
      "module": "module.cognito",
      "mode": "managed",
      "type": "aws_cognito_user_pool_client",
      "name": "client",
      "provider": "module.cognito.provider[\"registry.terraform.io/hashicorp/aws\"]",
      "instances": [
        {
          "schema_version": 0,
          "attributes": {
            "access_token_validity": 0,
            "allowed_oauth_flows": [],
            "allowed_oauth_flows_user_pool_client": false,
            "allowed_oauth_scopes": [],
            "analytics_configuration": [],
            "auth_session_validity": 3,
            "callback_urls": [],
            "client_secret": "",
            "default_redirect_uri": "",
            "enable_propagate_additional_user_context_data": false,
            "enable_token_revocation": true,
            "explicit_auth_flows": [
              "ADMIN_NO_SRP_AUTH",
              "USER_PASSWORD_AUTH"
            ],
            "generate_secret": false,
            "id": "463eojoa29p4g5khrbdu4j3dp0",
            "id_token_validity": 0,
            "logout_urls": [],
            "name": "restaurant-manager",
            "prevent_user_existence_errors": "",
            "read_attributes": [],
            "refresh_token_validity": 30,
            "supported_identity_providers": [],
            "token_validity_units": [],
            "user_pool_id": "us-east-1_hYYGMcYFF",
            "write_attributes": []
          },
          "sensitive_attributes": [],
          "dependencies": [
            "module.cognito.aws_cognito_user_pool.pool"
          ]
        }
      ]
    },
    {
      "module": "module.cognito",
      "mode": "managed",
      "type": "aws_ssm_parameter",
      "name": "email",
      "provider": "module.cognito.provider[\"registry.terraform.io/hashicorp/aws\"]",
      "instances": [
        {
          "schema_version": 0,
          "attributes": {
            "allowed_pattern": "",
            "arn": "arn:aws:ssm:us-east-1:617942035950:parameter/restaurant-manager/app/users/root/email",
            "data_type": "text",
            "description": "",
            "id": "/restaurant-manager/app/users/root/email",
            "insecure_value": null,
            "key_id": "",
            "name": "/restaurant-manager/app/users/root/email",
            "overwrite": null,
            "tags": {},
            "tags_all": {},
            "tier": "Standard",
            "type": "String",
            "value": "test@example.com",
            "version": 1
          },
          "sensitive_attributes": [],
          "private": "bnVsbA=="
        }
      ]
    },
    {
      "module": "module.cognito",
      "mode": "managed",
      "type": "aws_ssm_parameter",
      "name": "password",
      "provider": "module.cognito.provider[\"registry.terraform.io/hashicorp/aws\"]",
      "instances": [
        {
          "schema_version": 0,
          "attributes": {
            "allowed_pattern": "",
            "arn": "arn:aws:ssm:us-east-1:617942035950:parameter/restaurant-manager/app/users/root/password",
            "data_type": "text",
            "description": "",
            "id": "/restaurant-manager/app/users/root/password",
            "insecure_value": null,
            "key_id": "",
            "name": "/restaurant-manager/app/users/root/password",
            "overwrite": null,
            "tags": {},
            "tags_all": {},
            "tier": "Standard",
            "type": "String",
            "value": "Test1234",
            "version": 1
          },
          "sensitive_attributes": [],
          "private": "bnVsbA=="
        }
      ]
    },
    {
      "module": "module.cognito",
      "mode": "managed",
      "type": "null_resource",
      "name": "sputnik_root_user",
      "provider": "provider[\"registry.terraform.io/hashicorp/null\"]",
      "instances": [
        {
          "schema_version": 0,
          "attributes": {
            "id": "754817861239902515",
            "triggers": null
          },
          "sensitive_attributes": [],
          "dependencies": [
            "module.cognito.aws_cognito_user_pool.pool"
          ]
        }
      ]
    },
    {
      "module": "module.cognito",
      "mode": "managed",
      "type": "null_resource",
      "name": "sputnik_root_user_confirm_email",
      "provider": "provider[\"registry.terraform.io/hashicorp/null\"]",
      "instances": [
        {
          "schema_version": 0,
          "attributes": {
            "id": "3881986657234132363",
            "triggers": null
          },
          "sensitive_attributes": [],
          "dependencies": [
            "module.cognito.aws_cognito_user_pool.pool",
            "module.cognito.null_resource.sputnik_root_user"
          ]
        }
      ]
    },
    {
      "module": "module.cognito",
      "mode": "managed",
      "type": "null_resource",
      "name": "sputnik_root_user_group",
      "provider": "provider[\"registry.terraform.io/hashicorp/null\"]",
      "instances": [
        {
          "schema_version": 0,
          "attributes": {
            "id": "8019847928104176621",
            "triggers": null
          },
          "sensitive_attributes": [],
          "dependencies": [
            "module.cognito.aws_cognito_user_group.admin",
            "module.cognito.aws_cognito_user_pool.pool",
            "module.cognito.null_resource.sputnik_root_user"
          ]
        }
      ]
    },
    {
      "module": "module.database",
      "mode": "managed",
      "type": "aws_rds_cluster",
      "name": "cluster",
      "provider": "provider[\"registry.terraform.io/hashicorp/aws\"].useast",
      "instances": [
        {
          "schema_version": 0,
          "attributes": {
            "allocated_storage": 1,
            "allow_major_version_upgrade": null,
            "apply_immediately": null,
            "arn": "arn:aws:rds:us-east-1:617942035950:cluster:restaurant-manager-rds",
            "availability_zones": [
              "us-east-1a",
              "us-east-1b",
              "us-east-1d"
            ],
            "backtrack_window": 0,
            "backup_retention_period": 7,
            "cluster_identifier": "restaurant-manager-rds",
            "cluster_identifier_prefix": null,
            "cluster_members": [],
            "cluster_resource_id": "cluster-5MJZWE7UVGWKORVW2JRIVSEUBU",
            "copy_tags_to_snapshot": false,
            "database_name": "restaurant",
            "db_cluster_instance_class": "",
            "db_cluster_parameter_group_name": "default.aurora-mysql5.7",
            "db_instance_parameter_group_name": null,
            "db_subnet_group_name": "default",
            "deletion_protection": false,
            "enable_global_write_forwarding": false,
            "enable_http_endpoint": true,
            "enabled_cloudwatch_logs_exports": [],
            "endpoint": "restaurant-manager-rds.cluster-czyhnv4qk082.us-east-1.rds.amazonaws.com",
            "engine": "aurora-mysql",
            "engine_mode": "serverless",
            "engine_version": "5.7.mysql_aurora.2.08.3",
            "engine_version_actual": "5.7.mysql_aurora.2.08.3",
            "final_snapshot_identifier": null,
            "global_cluster_identifier": "",
            "hosted_zone_id": "Z2R2ITUGPM61AM",
            "iam_database_authentication_enabled": false,
            "iam_roles": [],
            "id": "restaurant-manager-rds",
            "iops": 0,
            "kms_key_id": "arn:aws:kms:us-east-1:617942035950:key/8cf03d97-6a62-4eb9-af2f-b5e5eba95c47",
            "manage_master_user_password": null,
            "master_password": "password",
            "master_user_secret": [],
            "master_user_secret_kms_key_id": null,
            "master_username": "admin",
            "network_type": "IPV4",
            "port": 3306,
            "preferred_backup_window": "08:47-09:17",
            "preferred_maintenance_window": "wed:05:14-wed:05:44",
            "reader_endpoint": "",
            "replication_source_identifier": "",
            "restore_to_point_in_time": [],
            "s3_import": [],
            "scaling_configuration": [
              {
                "auto_pause": true,
                "max_capacity": 16,
                "min_capacity": 1,
                "seconds_until_auto_pause": 300,
                "timeout_action": "RollbackCapacityChange"
              }
            ],
            "serverlessv2_scaling_configuration": [],
            "skip_final_snapshot": true,
            "snapshot_identifier": null,
            "source_region": null,
            "storage_encrypted": true,
            "storage_type": "",
            "tags": {
              "name": "restaurant manager"
            },
            "tags_all": {
              "name": "restaurant manager"
            },
            "timeouts": null,
            "vpc_security_group_ids": [
              "sg-07398cfeac41af7b0"
            ]
          },
          "sensitive_attributes": [],
          "private": "eyJlMmJmYjczMC1lY2FhLTExZTYtOGY4OC0zNDM2M2JjN2M0YzAiOnsiY3JlYXRlIjo3MjAwMDAwMDAwMDAwLCJkZWxldGUiOjcyMDAwMDAwMDAwMDAsInVwZGF0ZSI6NzIwMDAwMDAwMDAwMH19"
        }
      ]
    },
    {
      "module": "module.database",
      "mode": "managed",
      "type": "aws_secretsmanager_secret",
      "name": "restaurant",
      "provider": "provider[\"registry.terraform.io/hashicorp/aws\"].useast",
      "instances": [
        {
          "schema_version": 0,
          "attributes": {
            "arn": "arn:aws:secretsmanager:us-east-1:617942035950:secret:restaurant-manager-rds-secret-OcHwcE",
            "description": "RDS database admin credentials for restaurant-manager-rds",
            "force_overwrite_replica_secret": false,
            "id": "arn:aws:secretsmanager:us-east-1:617942035950:secret:restaurant-manager-rds-secret-OcHwcE",
            "kms_key_id": "",
            "name": "restaurant-manager-rds-secret",
            "name_prefix": "",
            "policy": "",
            "recovery_window_in_days": 0,
            "replica": [],
            "rotation_enabled": false,
            "rotation_lambda_arn": "",
            "rotation_rules": [],
            "tags": {},
            "tags_all": {}
          },
          "sensitive_attributes": [],
          "private": "bnVsbA=="
        }
      ]
    },
    {
      "module": "module.database",
      "mode": "managed",
      "type": "aws_secretsmanager_secret_version",
      "name": "restaurant",
      "provider": "provider[\"registry.terraform.io/hashicorp/aws\"].useast",
      "instances": [
        {
          "schema_version": 0,
          "attributes": {
            "arn": "arn:aws:secretsmanager:us-east-1:617942035950:secret:restaurant-manager-rds-secret-OcHwcE",
            "id": "arn:aws:secretsmanager:us-east-1:617942035950:secret:restaurant-manager-rds-secret-OcHwcE|24331CF8-B7F6-4528-BAB3-6F2867562B91",
            "secret_binary": "",
            "secret_id": "arn:aws:secretsmanager:us-east-1:617942035950:secret:restaurant-manager-rds-secret-OcHwcE",
            "secret_string": "{\"dbClusterIdentifier\":\"restaurant-manager-rds\",\"engine\":\"mysql\",\"host\":\"restaurant-manager-rds.cluster-czyhnv4qk082.us-east-1.rds.amazonaws.com\",\"password\":\"password\",\"port\":3306,\"username\":\"admin\"}",
            "version_id": "24331CF8-B7F6-4528-BAB3-6F2867562B91",
            "version_stages": [
              "AWSCURRENT"
            ]
          },
          "sensitive_attributes": [],
          "private": "bnVsbA==",
          "dependencies": [
            "module.database.aws_rds_cluster.cluster",
            "module.database.aws_secretsmanager_secret.restaurant"
          ]
        }
      ]
    },
    {
      "module": "module.database",
      "mode": "managed",
      "type": "aws_ssm_parameter",
      "name": "rds-secret",
      "provider": "provider[\"registry.terraform.io/hashicorp/aws\"]",
      "instances": [
        {
          "schema_version": 0,
          "attributes": {
            "allowed_pattern": "",
            "arn": "arn:aws:ssm:eu-central-1:617942035950:parameter/restaurant/secrets/aurora/arn",
            "data_type": "text",
            "description": "",
            "id": "/restaurant/secrets/aurora/arn",
            "insecure_value": null,
            "key_id": "",
            "name": "/restaurant/secrets/aurora/arn",
            "overwrite": true,
            "tags": {},
            "tags_all": {},
            "tier": "Standard",
            "type": "String",
            "value": "arn:aws:secretsmanager:us-east-1:617942035950:secret:restaurant-manager-rds-secret-OcHwcE",
            "version": 1
          },
          "sensitive_attributes": [],
          "private": "bnVsbA==",
          "dependencies": [
            "module.database.aws_rds_cluster.cluster",
            "module.database.aws_secretsmanager_secret.restaurant",
            "module.database.aws_secretsmanager_secret_version.restaurant"
          ]
        }
      ]
    },
    {
      "module": "module.database",
      "mode": "managed",
      "type": "null_resource",
      "name": "db_setup",
      "provider": "provider[\"registry.terraform.io/hashicorp/null\"]",
      "instances": [
        {
          "schema_version": 0,
          "attributes": {
            "id": "6416807064428719538",
            "triggers": {
              "file": "dfdc35a1923172e60dc43afd0ec115c427d2dfbc"
            }
          },
          "sensitive_attributes": [],
          "dependencies": [
            "module.database.aws_rds_cluster.cluster",
            "module.database.aws_secretsmanager_secret.restaurant"
          ]
        }
      ]
    },
    {
      "module": "module.iam",
      "mode": "managed",
      "type": "aws_iam_policy",
      "name": "appsync-access-rds",
      "provider": "provider[\"registry.terraform.io/hashicorp/aws\"]",
      "instances": [
        {
          "schema_version": 0,
          "attributes": {
            "arn": "arn:aws:iam::617942035950:policy/restaurant-manager-appsync-rds",
            "description": "Appsync access to RDS data and secret to get user/password for database",
            "id": "arn:aws:iam::617942035950:policy/restaurant-manager-appsync-rds",
            "name": "restaurant-manager-appsync-rds",
            "name_prefix": "",
            "path": "/",
            "policy": "{\"Statement\":[{\"Action\":[\"rds-data:DeleteItems\",\"rds-data:ExecuteSql\",\"rds-data:GetItems\",\"rds-data:InsertItems\",\"rds-data:UpdateItems\",\"rds-data:ExecuteStatement\"],\"Effect\":\"Allow\",\"Resource\":[\"arn:aws:rds:us-east-1:*:cluster:*\"]},{\"Action\":[\"secretsmanager:GetSecretValue\"],\"Effect\":\"Allow\",\"Resource\":[\"arn:aws:secretsmanager:us-east-1:*:secret:*\"]},{\"Action\":\"lambda:InvokeFunction\",\"Effect\":\"Allow\",\"Resource\":\"*\"}],\"Version\":\"2012-10-17\"}",
            "policy_id": "ANPAY7YBXFXXJ7FUK66RA",
            "tags": {},
            "tags_all": {}
          },
          "sensitive_attributes": [],
          "private": "bnVsbA=="
        }
      ]
    },
    {
      "module": "module.iam",
      "mode": "managed",
      "type": "aws_iam_policy",
      "name": "appsync-lambda-policy",
      "provider": "provider[\"registry.terraform.io/hashicorp/aws\"]",
      "instances": [
        {
          "schema_version": 0,
          "attributes": {
            "arn": "arn:aws:iam::617942035950:policy/restaurant-appsync-lambda",
            "description": "IAM policy for AppSync to invoke a lambda",
            "id": "arn:aws:iam::617942035950:policy/restaurant-appsync-lambda",
            "name": "restaurant-appsync-lambda",
            "name_prefix": "",
            "path": "/",
            "policy": "{\"Statement\":[{\"Action\":[\"cognito-idp:AdminDeleteUser\",\"cognito-idp:AdminDisableUser\",\"cognito-idp:AdminGetUser\",\"cognito-idp:AdminResetUserPassword\",\"cognito-idp:AdminSetUserPassword\",\"cognito-idp:SignUp\"],\"Effect\":\"Allow\",\"Resource\":\"arn:aws:cognito-idp:*:*:*\"}],\"Version\":\"2012-10-17\"}",
            "policy_id": "ANPAY7YBXFXXITYJDHTIL",
            "tags": {},
            "tags_all": {}
          },
          "sensitive_attributes": [],
          "private": "bnVsbA=="
        }
      ]
    },
    {
      "module": "module.iam",
      "mode": "managed",
      "type": "aws_iam_role",
      "name": "appsync-role",
      "provider": "provider[\"registry.terraform.io/hashicorp/aws\"].useast",
      "instances": [
        {
          "schema_version": 0,
          "attributes": {
            "arn": "arn:aws:iam::617942035950:role/restaurant-manager-appsync",
            "assume_role_policy": "{\"Statement\":[{\"Action\":\"sts:AssumeRole\",\"Effect\":\"Allow\",\"Principal\":{\"Service\":\"appsync.amazonaws.com\"},\"Sid\":\"\"}],\"Version\":\"2012-10-17\"}",
            "create_date": "2023-05-25T10:56:16Z",
            "description": "IAM Role for Sputnik appsync logging",
            "force_detach_policies": false,
            "id": "restaurant-manager-appsync",
            "inline_policy": [],
            "managed_policy_arns": [
              "arn:aws:iam::617942035950:policy/restaurant-manager-appsync-rds",
              "arn:aws:iam::aws:policy/service-role/AWSAppSyncPushToCloudWatchLogs"
            ],
            "max_session_duration": 3600,
            "name": "restaurant-manager-appsync",
            "name_prefix": "",
            "path": "/",
            "permissions_boundary": null,
            "role_last_used": [
              {
                "last_used_date": "2023-05-25T14:27:18Z",
                "region": "us-east-1"
              }
            ],
            "tags": {},
            "tags_all": {},
            "unique_id": "AROAY7YBXFXXIPVP4O2RD"
          },
          "sensitive_attributes": [],
          "private": "bnVsbA=="
        }
      ]
    },
    {
      "module": "module.iam",
      "mode": "managed",
      "type": "aws_iam_role",
      "name": "lambda-role",
      "provider": "provider[\"registry.terraform.io/hashicorp/aws\"].useast",
      "instances": [
        {
          "schema_version": 0,
          "attributes": {
            "arn": "arn:aws:iam::617942035950:role/restaurant-lambda-role",
            "assume_role_policy": "{\"Statement\":[{\"Action\":\"sts:AssumeRole\",\"Effect\":\"Allow\",\"Principal\":{\"Service\":\"lambda.amazonaws.com\"},\"Sid\":\"\"}],\"Version\":\"2012-10-17\"}",
            "create_date": "2023-05-25T10:56:16Z",
            "description": "",
            "force_detach_policies": false,
            "id": "restaurant-lambda-role",
            "inline_policy": [],
            "managed_policy_arns": [
              "arn:aws:iam::617942035950:policy/restaurant-appsync-lambda"
            ],
            "max_session_duration": 3600,
            "name": "restaurant-lambda-role",
            "name_prefix": "",
            "path": "/",
            "permissions_boundary": null,
            "role_last_used": [
              {
                "last_used_date": "2023-05-25T11:25:29Z",
                "region": "us-east-1"
              }
            ],
            "tags": {},
            "tags_all": {},
            "unique_id": "AROAY7YBXFXXDL5LWQEFV"
          },
          "sensitive_attributes": [],
          "private": "bnVsbA=="
        }
      ]
    },
    {
      "module": "module.iam",
      "mode": "managed",
      "type": "aws_iam_role_policy_attachment",
      "name": "appsync-logs-policy-attachment",
      "provider": "provider[\"registry.terraform.io/hashicorp/aws\"]",
      "instances": [
        {
          "schema_version": 0,
          "attributes": {
            "id": "restaurant-manager-appsync-20230525105617043000000002",
            "policy_arn": "arn:aws:iam::aws:policy/service-role/AWSAppSyncPushToCloudWatchLogs",
            "role": "restaurant-manager-appsync"
          },
          "sensitive_attributes": [],
          "private": "bnVsbA==",
          "dependencies": [
            "module.iam.aws_iam_role.appsync-role"
          ]
        }
      ]
    },
    {
      "module": "module.iam",
      "mode": "managed",
      "type": "aws_iam_role_policy_attachment",
      "name": "appsync-rds-policy-attachment",
      "provider": "provider[\"registry.terraform.io/hashicorp/aws\"]",
      "instances": [
        {
          "schema_version": 0,
          "attributes": {
            "id": "restaurant-manager-appsync-20230525105617018500000001",
            "policy_arn": "arn:aws:iam::617942035950:policy/restaurant-manager-appsync-rds",
            "role": "restaurant-manager-appsync"
          },
          "sensitive_attributes": [],
          "private": "bnVsbA==",
          "dependencies": [
            "module.iam.aws_iam_policy.appsync-access-rds",
            "module.iam.aws_iam_role.appsync-role"
          ]
        }
      ]
    },
    {
      "module": "module.iam",
      "mode": "managed",
      "type": "aws_iam_role_policy_attachment",
      "name": "lambda_policy_attachment",
      "provider": "provider[\"registry.terraform.io/hashicorp/aws\"]",
      "instances": [
        {
          "schema_version": 0,
          "attributes": {
            "id": "restaurant-lambda-role-20230525105617271800000003",
            "policy_arn": "arn:aws:iam::617942035950:policy/restaurant-appsync-lambda",
            "role": "restaurant-lambda-role"
          },
          "sensitive_attributes": [],
          "private": "bnVsbA==",
          "dependencies": [
            "module.iam.aws_iam_policy.appsync-lambda-policy",
            "module.iam.aws_iam_role.lambda-role"
          ]
        }
      ]
    },
    {
      "module": "module.lambda",
      "mode": "managed",
      "type": "aws_lambda_function",
      "name": "cognito-user",
      "provider": "provider[\"registry.terraform.io/hashicorp/aws\"].useast",
      "instances": [
        {
          "schema_version": 0,
          "attributes": {
            "architectures": [
              "x86_64"
            ],
            "arn": "arn:aws:lambda:us-east-1:617942035950:function:cognito-user-function",
            "code_signing_config_arn": "",
            "dead_letter_config": [],
            "description": "",
            "environment": [
              {
                "variables": {
                  "COGNITO_CLIENT_ID": "463eojoa29p4g5khrbdu4j3dp0",
                  "COGNITO_USER_POOL": "us-east-1_hYYGMcYFF"
                }
              }
            ],
            "ephemeral_storage": [
              {
                "size": 512
              }
            ],
            "file_system_config": [],
            "filename": "lambda/cognito-user-go/main.zip",
            "function_name": "cognito-user-function",
            "handler": "main",
            "id": "cognito-user-function",
            "image_config": [],
            "image_uri": "",
            "invoke_arn": "arn:aws:apigateway:us-east-1:lambda:path/2015-03-31/functions/arn:aws:lambda:us-east-1:617942035950:function:cognito-user-function/invocations",
            "kms_key_arn": "",
            "last_modified": "2023-05-25T10:56:27.611+0000",
            "layers": [],
            "memory_size": 128,
            "package_type": "Zip",
            "publish": false,
            "qualified_arn": "arn:aws:lambda:us-east-1:617942035950:function:cognito-user-function:$LATEST",
            "qualified_invoke_arn": "arn:aws:apigateway:us-east-1:lambda:path/2015-03-31/functions/arn:aws:lambda:us-east-1:617942035950:function:cognito-user-function:$LATEST/invocations",
            "replace_security_groups_on_destroy": null,
            "replacement_security_group_ids": null,
            "reserved_concurrent_executions": -1,
            "role": "arn:aws:iam::617942035950:role/restaurant-lambda-role",
            "runtime": "go1.x",
            "s3_bucket": null,
            "s3_key": null,
            "s3_object_version": null,
            "signing_job_arn": "",
            "signing_profile_version_arn": "",
            "skip_destroy": false,
            "snap_start": [],
            "source_code_hash": "Q5e9WphUAdWHi3IQV+goHkO1FzlmaBNDisga/7amO4A=",
            "source_code_size": 7599886,
            "tags": {},
            "tags_all": {},
            "timeout": 10,
            "timeouts": null,
            "tracing_config": [
              {
                "mode": "PassThrough"
              }
            ],
            "version": "$LATEST",
            "vpc_config": []
          },
          "sensitive_attributes": [],
          "private": "eyJlMmJmYjczMC1lY2FhLTExZTYtOGY4OC0zNDM2M2JjN2M0YzAiOnsiY3JlYXRlIjo2MDAwMDAwMDAwMDAsImRlbGV0ZSI6NjAwMDAwMDAwMDAwLCJ1cGRhdGUiOjYwMDAwMDAwMDAwMH19",
          "dependencies": [
            "module.cognito.aws_cognito_user_pool.pool",
            "module.cognito.aws_cognito_user_pool_client.client",
            "module.iam.aws_iam_role.lambda-role"
          ]
        }
      ]
    }
  ],
  "check_results": []
}
