{
  "version": 4,
  "terraform_version": "1.3.1",
  "serial": 171,
  "lineage": "605761da-90fc-2a5a-d852-11772528d41f",
  "outputs": {},
  "resources": [
    {
      "module": "module.appsync",
      "mode": "data",
      "type": "local_file",
      "name": "appsync_schema",
      "provider": "provider[\"registry.terraform.io/hashicorp/local\"]",
      "instances": [
        {
          "schema_version": 0,
          "attributes": {
            "content": "schema {\n    query: Query\n    mutation: Mutation\n}\n\ntype Query {\n    getMenue(restaurantID:ID!):[MenueItems]\n}\n\ntype Mutation {\n    addMenueItem(input: AddMenueItem!): ID!\n    deleteMenueItem(id:ID!): ID!\n}\n\ntype MenueItems {\n    id: ID\n    name: String!\n    description: String\n    price: Int!\n}\n\ninput AddMenueItem {\n    restaurantID: ID!\n    name: String!\n    description: String\n    price: Int!\n}",
            "content_base64": "c2NoZW1hIHsKICAgIHF1ZXJ5OiBRdWVyeQogICAgbXV0YXRpb246IE11dGF0aW9uCn0KCnR5cGUgUXVlcnkgewogICAgZ2V0TWVudWUocmVzdGF1cmFudElEOklEISk6W01lbnVlSXRlbXNdCn0KCnR5cGUgTXV0YXRpb24gewogICAgYWRkTWVudWVJdGVtKGlucHV0OiBBZGRNZW51ZUl0ZW0hKTogSUQhCiAgICBkZWxldGVNZW51ZUl0ZW0oaWQ6SUQhKTogSUQhCn0KCnR5cGUgTWVudWVJdGVtcyB7CiAgICBpZDogSUQKICAgIG5hbWU6IFN0cmluZyEKICAgIGRlc2NyaXB0aW9uOiBTdHJpbmcKICAgIHByaWNlOiBJbnQhCn0KCmlucHV0IEFkZE1lbnVlSXRlbSB7CiAgICByZXN0YXVyYW50SUQ6IElEIQogICAgbmFtZTogU3RyaW5nIQogICAgZGVzY3JpcHRpb246IFN0cmluZwogICAgcHJpY2U6IEludCEKfQ==",
            "content_base64sha256": "HttD8iIav2DIOet6gi3MfSFiUqsO0mirDFDnaFo/m/c=",
            "content_base64sha512": "pfJl7Hjp3bfdIDjDXlh5z5t92WnCJls7TnuOZJCS3X8VmhXTlF/aJm+OJzRPCC/D1j/IMkce0YMG+awa1XN/uQ==",
            "content_md5": "a10faf9a407fb4fa07205b0775ba0555",
            "content_sha1": "85996fc878716d2f601acba9d8e11becb85232d2",
            "content_sha256": "1edb43f2221abf60c839eb7a822dcc7d216252ab0ed268ab0c50e7685a3f9bf7",
            "content_sha512": "a5f265ec78e9ddb7dd2038c35e5879cf9b7dd969c2265b3b4e7b8e649092dd7f159a15d3945fda266f8e27344f082fc3d63fc832471ed18306f9ac1ad5737fb9",
            "filename": "appsync/appsync-schema.graphql",
            "id": "85996fc878716d2f601acba9d8e11becb85232d2"
          },
          "sensitive_attributes": []
        }
      ]
    },
    {
      "module": "module.appsync",
      "mode": "data",
      "type": "local_file",
      "name": "get_menue_request",
      "provider": "provider[\"registry.terraform.io/hashicorp/local\"]",
      "instances": [
        {
          "schema_version": 0,
          "attributes": {
            "content": "{\n    \"version\": \"2018-05-29\",\n    \"statements\": [\n         \"SELECT id, name, description, price FROM restaurant.menu_items WHERE restaurant_id = '$ctx.args.restaurantID'\"\n    ]\n}",
            "content_base64": "ewogICAgInZlcnNpb24iOiAiMjAxOC0wNS0yOSIsCiAgICAic3RhdGVtZW50cyI6IFsKICAgICAgICAgIlNFTEVDVCBpZCwgbmFtZSwgZGVzY3JpcHRpb24sIHByaWNlIEZST00gcmVzdGF1cmFudC5tZW51X2l0ZW1zIFdIRVJFIHJlc3RhdXJhbnRfaWQgPSAnJGN0eC5hcmdzLnJlc3RhdXJhbnRJRCciCiAgICBdCn0=",
            "content_base64sha256": "NbUlmCIXPbAqH/lwwXbgIYAAlxJ9eqcWCIdFbzhQqqs=",
            "content_base64sha512": "jY4aNmbCSrbw9Rd+VC7OI9TgdSuQWna8kcLRQGxbMGd+qgx5xX2idOnhfWMqgnITGrgWHQX0ShhsRDyqD+XxRg==",
            "content_md5": "e945202e30fd531ad59d1abf254f76f9",
            "content_sha1": "27472d4700c92428e969a7b2d4f6b1950ed9b612",
            "content_sha256": "35b5259822173db02a1ff970c176e021800097127d7aa7160887456f3850aaab",
            "content_sha512": "8d8e1a3666c24ab6f0f5177e542ece23d4e0752b905a76bc91c2d1406c5b30677eaa0c79c57da274e9e17d632a8272131ab8161d05f44a186c443caa0fe5f146",
            "filename": "appsync/templates/get_menue_request.vtl",
            "id": "27472d4700c92428e969a7b2d4f6b1950ed9b612"
          },
          "sensitive_attributes": []
        }
      ]
    },
    {
      "module": "module.appsync",
      "mode": "data",
      "type": "local_file",
      "name": "get_menue_response",
      "provider": "provider[\"registry.terraform.io/hashicorp/local\"]",
      "instances": [
        {
          "schema_version": 0,
          "attributes": {
            "content": "#if($ctx.error)\n    $utils.error($ctx.error.message, $ctx.error.type)\n#end\n\n$utils.toJson($utils.rds.toJsonObject($ctx.result)[0][0])",
            "content_base64": "I2lmKCRjdHguZXJyb3IpCiAgICAkdXRpbHMuZXJyb3IoJGN0eC5lcnJvci5tZXNzYWdlLCAkY3R4LmVycm9yLnR5cGUpCiNlbmQKCiR1dGlscy50b0pzb24oJHV0aWxzLnJkcy50b0pzb25PYmplY3QoJGN0eC5yZXN1bHQpWzBdWzBdKQ==",
            "content_base64sha256": "Yg+VKseP+SIo9WzYWIzwx0xV4V+BW3EMq1I8FcHlfUA=",
            "content_base64sha512": "CzCnSHPVOaLCikYA3aj/ImMxqqoDYSzQ8eAo/NpueGsBftyvkiB8Ki5nSPIl/9xheYHCRMSvPhBssk/FMyimAw==",
            "content_md5": "6507cc68a093b0fc2d92939846acbb15",
            "content_sha1": "8ba36e71c72e7eb252278c350f338ab29711faed",
            "content_sha256": "620f952ac78ff92228f56cd8588cf0c74c55e15f815b710cab523c15c1e57d40",
            "content_sha512": "0b30a74873d539a2c28a4600dda8ff226331aaaa03612cd0f1e028fcda6e786b017edcaf92207c2a2e6748f225ffdc617981c244c4af3e106cb24fc53328a603",
            "filename": "appsync/templates/get_menue_response.vtl",
            "id": "8ba36e71c72e7eb252278c350f338ab29711faed"
          },
          "sensitive_attributes": []
        }
      ]
    },
    {
      "module": "module.appsync",
      "mode": "managed",
      "type": "aws_appsync_graphql_api",
      "name": "appsync_api",
      "provider": "provider[\"registry.terraform.io/hashicorp/aws\"].useast",
      "instances": [
        {
          "schema_version": 0,
          "attributes": {
            "additional_authentication_provider": [
              {
                "authentication_type": "API_KEY",
                "lambda_authorizer_config": [],
                "openid_connect_config": [],
                "user_pool_config": []
              }
            ],
            "arn": "arn:aws:appsync:us-east-1:617942035950:apis/jvmletzvcvehxcr4znv373hv3a",
            "authentication_type": "AMAZON_COGNITO_USER_POOLS",
            "id": "jvmletzvcvehxcr4znv373hv3a",
            "lambda_authorizer_config": [],
            "log_config": [],
            "name": "Cognito",
            "openid_connect_config": [],
            "schema": "schema {\n    query: Query\n    mutation: Mutation\n}\n\ntype Query {\n    getMenue(restaurantID:ID!):[MenueItems]\n}\n\ntype Mutation {\n    addMenueItem(input: AddMenueItem!): ID!\n    deleteMenueItem(id:ID!): ID!\n}\n\ntype MenueItems {\n    id: ID\n    name: String!\n    description: String\n    price: Int!\n}\n\ninput AddMenueItem {\n    restaurantID: ID!\n    name: String!\n    description: String\n    price: Int!\n}",
            "tags": {},
            "tags_all": {},
            "uris": {
              "GRAPHQL": "https://j5s5556dwbalnaou5a4kzss7dm.appsync-api.us-east-1.amazonaws.com/graphql",
              "REALTIME": "wss://j5s5556dwbalnaou5a4kzss7dm.appsync-realtime-api.us-east-1.amazonaws.com/graphql"
            },
            "user_pool_config": [
              {
                "app_id_client_regex": "",
                "aws_region": "us-east-1",
                "default_action": "ALLOW",
                "user_pool_id": "us-east-1_sPGXjVrTy"
              }
            ],
            "xray_enabled": false
          },
          "sensitive_attributes": [],
          "private": "bnVsbA==",
          "dependencies": [
            "module.appsync.data.local_file.appsync_schema",
            "module.cognito.aws_cognito_user_pool.pool"
          ]
        }
      ]
    },
    {
      "module": "module.appsync",
      "mode": "managed",
      "type": "aws_appsync_resolver",
      "name": "list_user_groups",
      "provider": "provider[\"registry.terraform.io/hashicorp/aws\"].useast",
      "instances": [
        {
          "schema_version": 0,
          "attributes": {
            "api_id": "jvmletzvcvehxcr4znv373hv3a",
            "arn": "arn:aws:appsync:us-east-1:617942035950:apis/jvmletzvcvehxcr4znv373hv3a/types/Query/resolvers/getMenue",
            "caching_config": [],
            "code": "",
            "data_source": "AuroraRDS",
            "field": "getMenue",
            "id": "jvmletzvcvehxcr4znv373hv3a-Query-getMenue",
            "kind": "UNIT",
            "max_batch_size": 0,
            "pipeline_config": [],
            "request_template": "{\n    \"version\": \"2018-05-29\",\n    \"statements\": [\n         \"SELECT id, name, description, price FROM restaurant.menu_items WHERE restaurant_id = '$ctx.args.restaurantID'\"\n    ]\n}",
            "response_template": "#if($ctx.error)\n    $utils.error($ctx.error.message, $ctx.error.type)\n#end\n\n$utils.toJson($utils.rds.toJsonObject($ctx.result)[0][0])",
            "runtime": [],
            "sync_config": [],
            "type": "Query"
          },
          "sensitive_attributes": [],
          "private": "bnVsbA==",
          "dependencies": [
            "module.appsync.aws_appsync_graphql_api.appsync_api",
            "module.appsync.data.local_file.appsync_schema",
            "module.appsync.data.local_file.get_menue_request",
            "module.appsync.data.local_file.get_menue_response",
            "module.appsync.null_resource.appsync_rds_datasource",
            "module.cognito.aws_cognito_user_pool.pool",
            "module.database.aws_rds_cluster.cluster",
            "module.database.aws_secretsmanager_secret.restaurant",
            "module.iam.aws_iam_role.appsync-role"
          ]
        }
      ]
    },
    {
      "module": "module.appsync",
      "mode": "managed",
      "type": "null_resource",
      "name": "appsync_rds_datasource",
      "provider": "provider[\"registry.terraform.io/hashicorp/null\"]",
      "instances": [
        {
          "schema_version": 0,
          "attributes": {
            "id": "1479323603776017779",
            "triggers": {
              "appsync_api_id": "jvmletzvcvehxcr4znv373hv3a",
              "appsync_region": "us-east-1"
            }
          },
          "sensitive_attributes": [],
          "dependencies": [
            "module.appsync.aws_appsync_graphql_api.appsync_api",
            "module.appsync.data.local_file.appsync_schema",
            "module.cognito.aws_cognito_user_pool.pool",
            "module.database.aws_rds_cluster.cluster",
            "module.database.aws_secretsmanager_secret.restaurant",
            "module.iam.aws_iam_role.appsync-role"
          ]
        }
      ]
    },
    {
      "module": "module.cognito",
      "mode": "managed",
      "type": "aws_cognito_user_group",
      "name": "admin",
      "provider": "module.cognito.provider[\"registry.terraform.io/hashicorp/aws\"]",
      "instances": [
        {
          "schema_version": 0,
          "attributes": {
            "description": "",
            "id": "us-east-1_sPGXjVrTy/admin",
            "name": "admin",
            "precedence": 0,
            "role_arn": "",
            "user_pool_id": "us-east-1_sPGXjVrTy"
          },
          "sensitive_attributes": [],
          "private": "bnVsbA==",
          "dependencies": [
            "module.cognito.aws_cognito_user_pool.pool"
          ]
        }
      ]
    },
    {
      "module": "module.cognito",
      "mode": "managed",
      "type": "aws_cognito_user_pool",
      "name": "pool",
      "provider": "module.cognito.provider[\"registry.terraform.io/hashicorp/aws\"]",
      "instances": [
        {
          "schema_version": 0,
          "attributes": {
            "account_recovery_setting": [
              {
                "recovery_mechanism": [
                  {
                    "name": "verified_email",
                    "priority": 1
                  }
                ]
              }
            ],
            "admin_create_user_config": [
              {
                "allow_admin_create_user_only": false,
                "invite_message_template": []
              }
            ],
            "alias_attributes": null,
            "arn": "arn:aws:cognito-idp:us-east-1:617942035950:userpool/us-east-1_sPGXjVrTy",
            "auto_verified_attributes": [
              "email"
            ],
            "creation_date": "2023-05-20T07:12:50Z",
            "custom_domain": "",
            "deletion_protection": "INACTIVE",
            "device_configuration": [],
            "domain": "",
            "email_configuration": [
              {
                "configuration_set": "",
                "email_sending_account": "COGNITO_DEFAULT",
                "from_email_address": "",
                "reply_to_email_address": "",
                "source_arn": ""
              }
            ],
            "email_verification_message": "Your reset password validation code is: {####}",
            "email_verification_subject": "Reset password code",
            "endpoint": "cognito-idp.us-east-1.amazonaws.com/us-east-1_sPGXjVrTy",
            "estimated_number_of_users": 1,
            "id": "us-east-1_sPGXjVrTy",
            "lambda_config": [],
            "last_modified_date": "2023-05-20T08:54:23Z",
            "mfa_configuration": "OPTIONAL",
            "name": "restaurant-manager",
            "password_policy": [
              {
                "minimum_length": 8,
                "require_lowercase": true,
                "require_numbers": true,
                "require_symbols": false,
                "require_uppercase": true,
                "temporary_password_validity_days": 7
              }
            ],
            "schema": [
              {
                "attribute_data_type": "String",
                "developer_only_attribute": false,
                "mutable": true,
                "name": "email",
                "number_attribute_constraints": [],
                "required": true,
                "string_attribute_constraints": [
                  {
                    "max_length": "100",
                    "min_length": "7"
                  }
                ]
              }
            ],
            "sms_authentication_message": "",
            "sms_configuration": [],
            "sms_verification_message": "",
            "software_token_mfa_configuration": [
              {
                "enabled": false
              }
            ],
            "tags": {
              "Name": "restaurant-manager"
            },
            "tags_all": {
              "Name": "restaurant-manager"
            },
            "user_attribute_update_settings": [],
            "user_pool_add_ons": [
              {
                "advanced_security_mode": "OFF"
              }
            ],
            "username_attributes": [
              "email"
            ],
            "username_configuration": [],
            "verification_message_template": [
              {
                "default_email_option": "CONFIRM_WITH_CODE",
                "email_message": "Your reset password validation code is: {####}",
                "email_message_by_link": "",
                "email_subject": "Reset password code",
                "email_subject_by_link": "",
                "sms_message": ""
              }
            ]
          },
          "sensitive_attributes": [],
          "private": "bnVsbA=="
        }
      ]
    },
    {
      "module": "module.cognito",
      "mode": "managed",
      "type": "aws_cognito_user_pool_client",
      "name": "client",
      "provider": "module.cognito.provider[\"registry.terraform.io/hashicorp/aws\"]",
      "instances": [
        {
          "schema_version": 0,
          "attributes": {
            "access_token_validity": 0,
            "allowed_oauth_flows": [],
            "allowed_oauth_flows_user_pool_client": false,
            "allowed_oauth_scopes": [],
            "analytics_configuration": [],
            "auth_session_validity": 3,
            "callback_urls": [],
            "client_secret": "",
            "default_redirect_uri": "",
            "enable_propagate_additional_user_context_data": false,
            "enable_token_revocation": true,
            "explicit_auth_flows": [
              "ADMIN_NO_SRP_AUTH",
              "USER_PASSWORD_AUTH"
            ],
            "generate_secret": false,
            "id": "6oiig33cv3ab5ji8f082agdb3e",
            "id_token_validity": 0,
            "logout_urls": [],
            "name": "restaurant-manager",
            "prevent_user_existence_errors": "",
            "read_attributes": [],
            "refresh_token_validity": 30,
            "supported_identity_providers": [],
            "token_validity_units": [],
            "user_pool_id": "us-east-1_sPGXjVrTy",
            "write_attributes": []
          },
          "sensitive_attributes": [],
          "dependencies": [
            "module.cognito.aws_cognito_user_pool.pool"
          ]
        }
      ]
    },
    {
      "module": "module.database",
      "mode": "managed",
      "type": "aws_rds_cluster",
      "name": "cluster",
      "provider": "provider[\"registry.terraform.io/hashicorp/aws\"].useast",
      "instances": [
        {
          "schema_version": 0,
          "attributes": {
            "allocated_storage": 1,
            "allow_major_version_upgrade": null,
            "apply_immediately": null,
            "arn": "arn:aws:rds:us-east-1:617942035950:cluster:restaurant-manager",
            "availability_zones": [
              "us-east-1a",
              "us-east-1b",
              "us-east-1d"
            ],
            "backtrack_window": 0,
            "backup_retention_period": 7,
            "cluster_identifier": "restaurant-manager",
            "cluster_identifier_prefix": null,
            "cluster_members": [],
            "cluster_resource_id": "cluster-ATY3EIWMQMKS6QHEPPHDVA6WEM",
            "copy_tags_to_snapshot": false,
            "database_name": "restaurant",
            "db_cluster_instance_class": "",
            "db_cluster_parameter_group_name": "default.aurora-mysql5.7",
            "db_instance_parameter_group_name": null,
            "db_subnet_group_name": "default",
            "deletion_protection": false,
            "enable_global_write_forwarding": false,
            "enable_http_endpoint": true,
            "enabled_cloudwatch_logs_exports": [],
            "endpoint": "restaurant-manager.cluster-czyhnv4qk082.us-east-1.rds.amazonaws.com",
            "engine": "aurora-mysql",
            "engine_mode": "serverless",
            "engine_version": "5.7.mysql_aurora.2.08.3",
            "engine_version_actual": "5.7.mysql_aurora.2.08.3",
            "final_snapshot_identifier": null,
            "global_cluster_identifier": "",
            "hosted_zone_id": "Z2R2ITUGPM61AM",
            "iam_database_authentication_enabled": false,
            "iam_roles": [],
            "id": "restaurant-manager",
            "iops": 0,
            "kms_key_id": "arn:aws:kms:us-east-1:617942035950:key/8cf03d97-6a62-4eb9-af2f-b5e5eba95c47",
            "manage_master_user_password": null,
            "master_password": "password",
            "master_user_secret": [],
            "master_user_secret_kms_key_id": null,
            "master_username": "admin",
            "network_type": "IPV4",
            "port": 3306,
            "preferred_backup_window": "09:12-09:42",
            "preferred_maintenance_window": "fri:05:10-fri:05:40",
            "reader_endpoint": "",
            "replication_source_identifier": "",
            "restore_to_point_in_time": [],
            "s3_import": [],
            "scaling_configuration": [
              {
                "auto_pause": true,
                "max_capacity": 16,
                "min_capacity": 1,
                "seconds_until_auto_pause": 300,
                "timeout_action": "RollbackCapacityChange"
              }
            ],
            "serverlessv2_scaling_configuration": [],
            "skip_final_snapshot": true,
            "snapshot_identifier": null,
            "source_region": null,
            "storage_encrypted": true,
            "storage_type": "",
            "tags": {
              "name": "restaurant manager"
            },
            "tags_all": {
              "name": "restaurant manager"
            },
            "timeouts": null,
            "vpc_security_group_ids": [
              "sg-07398cfeac41af7b0"
            ]
          },
          "sensitive_attributes": [],
          "private": "eyJlMmJmYjczMC1lY2FhLTExZTYtOGY4OC0zNDM2M2JjN2M0YzAiOnsiY3JlYXRlIjo3MjAwMDAwMDAwMDAwLCJkZWxldGUiOjcyMDAwMDAwMDAwMDAsInVwZGF0ZSI6NzIwMDAwMDAwMDAwMH19"
        }
      ]
    },
    {
      "module": "module.database",
      "mode": "managed",
      "type": "aws_secretsmanager_secret",
      "name": "restaurant",
      "provider": "provider[\"registry.terraform.io/hashicorp/aws\"].useast",
      "instances": [
        {
          "schema_version": 0,
          "attributes": {
            "arn": "arn:aws:secretsmanager:us-east-1:617942035950:secret:restaurant-manager-secret-jdLTkK",
            "description": "RDS database admin credentials for restaurant-manager",
            "force_overwrite_replica_secret": false,
            "id": "arn:aws:secretsmanager:us-east-1:617942035950:secret:restaurant-manager-secret-jdLTkK",
            "kms_key_id": "",
            "name": "restaurant-manager-secret",
            "name_prefix": "",
            "policy": "",
            "recovery_window_in_days": 0,
            "replica": [],
            "rotation_enabled": false,
            "rotation_lambda_arn": "",
            "rotation_rules": [],
            "tags": {},
            "tags_all": {}
          },
          "sensitive_attributes": [],
          "private": "bnVsbA=="
        }
      ]
    },
    {
      "module": "module.database",
      "mode": "managed",
      "type": "aws_secretsmanager_secret_version",
      "name": "restaurant",
      "provider": "provider[\"registry.terraform.io/hashicorp/aws\"].useast",
      "instances": [
        {
          "schema_version": 0,
          "attributes": {
            "arn": "arn:aws:secretsmanager:us-east-1:617942035950:secret:restaurant-manager-secret-jdLTkK",
            "id": "arn:aws:secretsmanager:us-east-1:617942035950:secret:restaurant-manager-secret-jdLTkK|AA58E260-97D0-4FF0-842A-1C7628E9F2F9",
            "secret_binary": "",
            "secret_id": "arn:aws:secretsmanager:us-east-1:617942035950:secret:restaurant-manager-secret-jdLTkK",
            "secret_string": "{\"dbClusterIdentifier\":\"restaurant-manager\",\"engine\":\"mysql\",\"host\":\"restaurant-manager.cluster-czyhnv4qk082.us-east-1.rds.amazonaws.com\",\"password\":\"password\",\"port\":3306,\"username\":\"admin\"}",
            "version_id": "AA58E260-97D0-4FF0-842A-1C7628E9F2F9",
            "version_stages": [
              "AWSCURRENT"
            ]
          },
          "sensitive_attributes": [],
          "private": "bnVsbA==",
          "dependencies": [
            "module.database.aws_rds_cluster.cluster",
            "module.database.aws_secretsmanager_secret.restaurant"
          ]
        }
      ]
    },
    {
      "module": "module.database",
      "mode": "managed",
      "type": "aws_ssm_parameter",
      "name": "rds-secret",
      "provider": "provider[\"registry.terraform.io/hashicorp/aws\"]",
      "instances": [
        {
          "schema_version": 0,
          "attributes": {
            "allowed_pattern": "",
            "arn": "arn:aws:ssm:eu-central-1:617942035950:parameter/restaurant/secrets/aurora/arn",
            "data_type": "text",
            "description": "",
            "id": "/restaurant/secrets/aurora/arn",
            "insecure_value": null,
            "key_id": "",
            "name": "/restaurant/secrets/aurora/arn",
            "overwrite": null,
            "tags": {},
            "tags_all": {},
            "tier": "Standard",
            "type": "String",
            "value": "arn:aws:secretsmanager:us-east-1:617942035950:secret:restaurant-manager-secret-jdLTkK",
            "version": 1
          },
          "sensitive_attributes": [],
          "private": "bnVsbA==",
          "dependencies": [
            "module.database.aws_rds_cluster.cluster",
            "module.database.aws_secretsmanager_secret.restaurant",
            "module.database.aws_secretsmanager_secret_version.restaurant"
          ]
        }
      ]
    },
    {
      "module": "module.iam",
      "mode": "managed",
      "type": "aws_iam_policy",
      "name": "appsync-access-rds",
      "provider": "provider[\"registry.terraform.io/hashicorp/aws\"]",
      "instances": [
        {
          "schema_version": 0,
          "attributes": {
            "arn": "arn:aws:iam::617942035950:policy/restaurant-manager-appsync-rds",
            "description": "Appsync access to RDS data and secret to get user/password for database",
            "id": "arn:aws:iam::617942035950:policy/restaurant-manager-appsync-rds",
            "name": "restaurant-manager-appsync-rds",
            "name_prefix": "",
            "path": "/",
            "policy": "{\"Statement\":[{\"Action\":[\"rds-data:DeleteItems\",\"rds-data:ExecuteSql\",\"rds-data:GetItems\",\"rds-data:InsertItems\",\"rds-data:UpdateItems\",\"rds-data:ExecuteStatement\"],\"Effect\":\"Allow\",\"Resource\":[\"arn:aws:rds:us-east-1:*:cluster:*\"]},{\"Action\":[\"secretsmanager:GetSecretValue\"],\"Effect\":\"Allow\",\"Resource\":[\"arn:aws:secretsmanager:us-east-1:*:secret:*\"]}],\"Version\":\"2012-10-17\"}",
            "policy_id": "ANPAY7YBXFXXPOU277Z6L",
            "tags": {},
            "tags_all": {}
          },
          "sensitive_attributes": [],
          "private": "bnVsbA=="
        }
      ]
    },
    {
      "module": "module.iam",
      "mode": "managed",
      "type": "aws_iam_role",
      "name": "appsync-role",
      "provider": "provider[\"registry.terraform.io/hashicorp/aws\"]",
      "instances": [
        {
          "schema_version": 0,
          "attributes": {
            "arn": "arn:aws:iam::617942035950:role/restaurant-manager-appsync",
            "assume_role_policy": "{\"Statement\":[{\"Action\":\"sts:AssumeRole\",\"Effect\":\"Allow\",\"Principal\":{\"Service\":\"appsync.amazonaws.com\"},\"Sid\":\"\"}],\"Version\":\"2012-10-17\"}",
            "create_date": "2023-05-20T07:45:23Z",
            "description": "IAM Role for Sputnik appsync logging",
            "force_detach_policies": false,
            "id": "restaurant-manager-appsync",
            "inline_policy": [],
            "managed_policy_arns": [],
            "max_session_duration": 3600,
            "name": "restaurant-manager-appsync",
            "name_prefix": "",
            "path": "/",
            "permissions_boundary": null,
            "role_last_used": [
              {
                "last_used_date": "",
                "region": ""
              }
            ],
            "tags": {},
            "tags_all": {},
            "unique_id": "AROAY7YBXFXXB766CDH54"
          },
          "sensitive_attributes": [],
          "private": "bnVsbA=="
        }
      ]
    },
    {
      "module": "module.iam",
      "mode": "managed",
      "type": "aws_iam_role_policy_attachment",
      "name": "appsync-rds-policy-attachment",
      "provider": "provider[\"registry.terraform.io/hashicorp/aws\"]",
      "instances": [
        {
          "schema_version": 0,
          "attributes": {
            "id": "restaurant-manager-appsync-20230520085422485700000001",
            "policy_arn": "arn:aws:iam::617942035950:policy/restaurant-manager-appsync-rds",
            "role": "restaurant-manager-appsync"
          },
          "sensitive_attributes": [],
          "private": "bnVsbA==",
          "dependencies": [
            "module.iam.aws_iam_policy.appsync-access-rds",
            "module.iam.aws_iam_role.appsync-role"
          ]
        }
      ]
    }
  ],
  "check_results": []
}
