{
  "version": 4,
  "terraform_version": "1.3.1",
  "serial": 2789,
  "lineage": "605761da-90fc-2a5a-d852-11772528d41f",
  "outputs": {},
  "resources": [
    {
      "module": "module.appsync",
      "mode": "data",
      "type": "local_file",
      "name": "add_menue_item_request",
      "provider": "provider[\"registry.terraform.io/hashicorp/local\"]",
      "instances": [
        {
          "schema_version": 0,
          "attributes": {
            "content": "#foreach($item in $context.args.input.entrySet())\n    #set($item.value=$item.value.replace(\"'\", \"''\"))\n    #set($item.value=$item.value.replace(\"\\\", \"\\\\\\\\\"))\n    #set($item.value=$item.value.replace('\"', '\\\\\\\"'))\n#end\n#foreach($item in $context.args.entrySet())\n    #set($item.value=$item.value.replace(\"'\", \"''\"))\n    #set($item.value=$item.value.replace(\"\\\", \"\\\\\\\\\"))\n    #set($item.value=$item.value.replace('\"', '\\\\\\\"'))\n#end\n\n#set($process_id=$utils.autoId())\n#set($description=$util.defaultIfNullOrEmpty($ctx.args.input.description, ''))\n\n{\n    \"version\": \"2018-05-29\",\n    \"statements\": [\n        \"INSERT INTO restaurant.menu_items (id, restaurant_username, name, description, price) VALUES ('$process_id','$context.args.input.restaurantUsername', '$context.args.input.name', '$description', '$context.args.input.price')\",\n        \"SELECT id, name, description, price FROM restaurant.menu_items where id = '$process_id'\"\n    ]\n}",
            "content_base64": "I2ZvcmVhY2goJGl0ZW0gaW4gJGNvbnRleHQuYXJncy5pbnB1dC5lbnRyeVNldCgpKQogICAgI3NldCgkaXRlbS52YWx1ZT0kaXRlbS52YWx1ZS5yZXBsYWNlKCInIiwgIicnIikpCiAgICAjc2V0KCRpdGVtLnZhbHVlPSRpdGVtLnZhbHVlLnJlcGxhY2UoIlwiLCAiXFxcXCIpKQogICAgI3NldCgkaXRlbS52YWx1ZT0kaXRlbS52YWx1ZS5yZXBsYWNlKCciJywgJ1xcXCInKSkKI2VuZAojZm9yZWFjaCgkaXRlbSBpbiAkY29udGV4dC5hcmdzLmVudHJ5U2V0KCkpCiAgICAjc2V0KCRpdGVtLnZhbHVlPSRpdGVtLnZhbHVlLnJlcGxhY2UoIiciLCAiJyciKSkKICAgICNzZXQoJGl0ZW0udmFsdWU9JGl0ZW0udmFsdWUucmVwbGFjZSgiXCIsICJcXFxcIikpCiAgICAjc2V0KCRpdGVtLnZhbHVlPSRpdGVtLnZhbHVlLnJlcGxhY2UoJyInLCAnXFxcIicpKQojZW5kCgojc2V0KCRwcm9jZXNzX2lkPSR1dGlscy5hdXRvSWQoKSkKI3NldCgkZGVzY3JpcHRpb249JHV0aWwuZGVmYXVsdElmTnVsbE9yRW1wdHkoJGN0eC5hcmdzLmlucHV0LmRlc2NyaXB0aW9uLCAnJykpCgp7CiAgICAidmVyc2lvbiI6ICIyMDE4LTA1LTI5IiwKICAgICJzdGF0ZW1lbnRzIjogWwogICAgICAgICJJTlNFUlQgSU5UTyByZXN0YXVyYW50Lm1lbnVfaXRlbXMgKGlkLCByZXN0YXVyYW50X3VzZXJuYW1lLCBuYW1lLCBkZXNjcmlwdGlvbiwgcHJpY2UpIFZBTFVFUyAoJyRwcm9jZXNzX2lkJywnJGNvbnRleHQuYXJncy5pbnB1dC5yZXN0YXVyYW50VXNlcm5hbWUnLCAnJGNvbnRleHQuYXJncy5pbnB1dC5uYW1lJywgJyRkZXNjcmlwdGlvbicsICckY29udGV4dC5hcmdzLmlucHV0LnByaWNlJykiLAogICAgICAgICJTRUxFQ1QgaWQsIG5hbWUsIGRlc2NyaXB0aW9uLCBwcmljZSBGUk9NIHJlc3RhdXJhbnQubWVudV9pdGVtcyB3aGVyZSBpZCA9ICckcHJvY2Vzc19pZCciCiAgICBdCn0=",
            "content_base64sha256": "KUr84JRJlMblJq4TtTTcU/Fa9ZMbNVmaBMmYwZ24v2Y=",
            "content_base64sha512": "BfReFC0J8stJ71MdWZWNo27g2P7apT+KGw63BCNKWx14BNSuMXmX5bOGlcpqcLN0qajH4zG1kb7lWkFlWtzwvA==",
            "content_md5": "f9389809114ff8c83827e7213e8d4505",
            "content_sha1": "44bcf4620de6d9564c89b2d2157d5fdb60296167",
            "content_sha256": "294afce0944994c6e526ae13b534dc53f15af5931b35599a04c998c19db8bf66",
            "content_sha512": "05f45e142d09f2cb49ef531d59958da36ee0d8fedaa53f8a1b0eb704234a5b1d7804d4ae317997e5b38695ca6a70b374a9a8c7e331b591bee55a41655adcf0bc",
            "filename": "appsync/templates/add_menue_item_request.vtl",
            "id": "44bcf4620de6d9564c89b2d2157d5fdb60296167"
          },
          "sensitive_attributes": []
        }
      ]
    },
    {
      "module": "module.appsync",
      "mode": "data",
      "type": "local_file",
      "name": "add_menue_item_response",
      "provider": "provider[\"registry.terraform.io/hashicorp/local\"]",
      "instances": [
        {
          "schema_version": 0,
          "attributes": {
            "content": "#if($ctx.error)\n    $utils.error($ctx.error.message, $ctx.error.type)\n#end\n\n$utils.toJson($utils.rds.toJsonObject($ctx.result)[1][0])",
            "content_base64": "I2lmKCRjdHguZXJyb3IpCiAgICAkdXRpbHMuZXJyb3IoJGN0eC5lcnJvci5tZXNzYWdlLCAkY3R4LmVycm9yLnR5cGUpCiNlbmQKCiR1dGlscy50b0pzb24oJHV0aWxzLnJkcy50b0pzb25PYmplY3QoJGN0eC5yZXN1bHQpWzFdWzBdKQ==",
            "content_base64sha256": "jl/Qe4LfHPs9lzhie1JKmkHl8XcRlV8QNcgCEy9Gunc=",
            "content_base64sha512": "wBw5/thqXsmJ6CuL4XJBh1CCEpTRv+Ey+n+mgW9ixwvbs6SGH3w1UBrqBEyUYSVDJwsPumm519nHzO8w9kidtA==",
            "content_md5": "9e1c940cb6d02bf1bd1a4c05e5cb802d",
            "content_sha1": "8b26730c55c5b58ab254d1ea3736e4672e9effb4",
            "content_sha256": "8e5fd07b82df1cfb3d9738627b524a9a41e5f17711955f1035c802132f46ba77",
            "content_sha512": "c01c39fed86a5ec989e82b8be172418750821294d1bfe132fa7fa6816f62c70bdbb3a4861f7c35501aea044c94612543270b0fba69b9d7d9c7ccef30f6489db4",
            "filename": "appsync/templates/add_menue_item_response.vtl",
            "id": "8b26730c55c5b58ab254d1ea3736e4672e9effb4"
          },
          "sensitive_attributes": []
        }
      ]
    },
    {
      "module": "module.appsync",
      "mode": "data",
      "type": "local_file",
      "name": "appsync_schema",
      "provider": "provider[\"registry.terraform.io/hashicorp/local\"]",
      "instances": [
        {
          "schema_version": 0,
          "attributes": {
            "content": "schema {\n    query: Query\n    mutation: Mutation\n}\n\ntype Query {\n    getMenue(restaurantUsername:String!):[MenueItem]\n    listRestaurant:[Restaurant!]\n}\n\ntype Mutation {\n    addMenueItem(input: AddMenueItem!): MenueItem\n    deleteMenueItem(id:String!): String\n    createRestaurant(input: CreateRestaurant!): Restaurant\n    deleteRestaurant(restaurantUsername:String!): String\n}\n\ntype MenueItem {\n    id: ID\n    name: String!\n    description: String\n    price: Int!\n}\n\ninput AddMenueItem {\n    restaurantUsername: String!\n    name: String!\n    description: String\n    price: Int!\n}\n\ntype Restaurant {\n    username: String!\n    name: String!\n    address: String\n    phone: String\n}\n\ninput CreateRestaurant {\n    email: String!\n    password: String!\n    name: String!\n    address: String\n    phone: String\n}",
            "content_base64": "c2NoZW1hIHsKICAgIHF1ZXJ5OiBRdWVyeQogICAgbXV0YXRpb246IE11dGF0aW9uCn0KCnR5cGUgUXVlcnkgewogICAgZ2V0TWVudWUocmVzdGF1cmFudFVzZXJuYW1lOlN0cmluZyEpOltNZW51ZUl0ZW1dCiAgICBsaXN0UmVzdGF1cmFudDpbUmVzdGF1cmFudCFdCn0KCnR5cGUgTXV0YXRpb24gewogICAgYWRkTWVudWVJdGVtKGlucHV0OiBBZGRNZW51ZUl0ZW0hKTogTWVudWVJdGVtCiAgICBkZWxldGVNZW51ZUl0ZW0oaWQ6U3RyaW5nISk6IFN0cmluZwogICAgY3JlYXRlUmVzdGF1cmFudChpbnB1dDogQ3JlYXRlUmVzdGF1cmFudCEpOiBSZXN0YXVyYW50CiAgICBkZWxldGVSZXN0YXVyYW50KHJlc3RhdXJhbnRVc2VybmFtZTpTdHJpbmchKTogU3RyaW5nCn0KCnR5cGUgTWVudWVJdGVtIHsKICAgIGlkOiBJRAogICAgbmFtZTogU3RyaW5nIQogICAgZGVzY3JpcHRpb246IFN0cmluZwogICAgcHJpY2U6IEludCEKfQoKaW5wdXQgQWRkTWVudWVJdGVtIHsKICAgIHJlc3RhdXJhbnRVc2VybmFtZTogU3RyaW5nIQogICAgbmFtZTogU3RyaW5nIQogICAgZGVzY3JpcHRpb246IFN0cmluZwogICAgcHJpY2U6IEludCEKfQoKdHlwZSBSZXN0YXVyYW50IHsKICAgIHVzZXJuYW1lOiBTdHJpbmchCiAgICBuYW1lOiBTdHJpbmchCiAgICBhZGRyZXNzOiBTdHJpbmcKICAgIHBob25lOiBTdHJpbmcKfQoKaW5wdXQgQ3JlYXRlUmVzdGF1cmFudCB7CiAgICBlbWFpbDogU3RyaW5nIQogICAgcGFzc3dvcmQ6IFN0cmluZyEKICAgIG5hbWU6IFN0cmluZyEKICAgIGFkZHJlc3M6IFN0cmluZwogICAgcGhvbmU6IFN0cmluZwp9",
            "content_base64sha256": "vJy6sPFdgtYLMhaaCrk82h0Tr197Q2PZJrMCxz8hK/Q=",
            "content_base64sha512": "i14bVpxW888ScJs1NALljOUJbUkovophH697guN2ucPHByuRswr9fBPFApQz7ghN+rgQ7ASbGlB0WT7OiQxGXA==",
            "content_md5": "effb633abd9182871f9a7305cf2f8d1f",
            "content_sha1": "5b087ffe82d0b99794541fb7c0529d86ac681bc2",
            "content_sha256": "bc9cbab0f15d82d60b32169a0ab93cda1d13af5f7b4363d926b302c73f212bf4",
            "content_sha512": "8b5e1b569c56f3cf12709b353402e58ce5096d4928be8a611faf7b82e376b9c3c7072b91b30afd7c13c5029433ee084dfab810ec049b1a5074593ece890c465c",
            "filename": "appsync/appsync-schema.graphql",
            "id": "5b087ffe82d0b99794541fb7c0529d86ac681bc2"
          },
          "sensitive_attributes": []
        }
      ]
    },
    {
      "module": "module.appsync",
      "mode": "data",
      "type": "local_file",
      "name": "create_cognito_user_request",
      "provider": "provider[\"registry.terraform.io/hashicorp/local\"]",
      "instances": [
        {
          "schema_version": 0,
          "attributes": {
            "content": "#set($data = {\n    \"action\": \"CREATE\",\n    \"email\": $ctx.args.input.email,\n    \"password\": $ctx.args.input.password,\n    \"name\": $ctx.args.input.name,\n    \"address\": $ctx.args.input.address,\n    \"phone\": $ctx.args.input.phone\n})\n{\n  \"operation\": \"Invoke\",\n  \"payload\": $util.toJson($data)\n}",
            "content_base64": "I3NldCgkZGF0YSA9IHsKICAgICJhY3Rpb24iOiAiQ1JFQVRFIiwKICAgICJlbWFpbCI6ICRjdHguYXJncy5pbnB1dC5lbWFpbCwKICAgICJwYXNzd29yZCI6ICRjdHguYXJncy5pbnB1dC5wYXNzd29yZCwKICAgICJuYW1lIjogJGN0eC5hcmdzLmlucHV0Lm5hbWUsCiAgICAiYWRkcmVzcyI6ICRjdHguYXJncy5pbnB1dC5hZGRyZXNzLAogICAgInBob25lIjogJGN0eC5hcmdzLmlucHV0LnBob25lCn0pCnsKICAib3BlcmF0aW9uIjogIkludm9rZSIsCiAgInBheWxvYWQiOiAkdXRpbC50b0pzb24oJGRhdGEpCn0=",
            "content_base64sha256": "dxhiIrxf7YTos2DC7f/4BNdzy3PUi0lqWOYrCEa44Lk=",
            "content_base64sha512": "KNaondT2MzVuzF8jL+xf30Gi++Ig+rgjSaS8lgUBmm3GFzUes1ItO5p+gOL8vkwCooArQk2JTaVV4YeZyZzl8A==",
            "content_md5": "c94d19b8a0cbf4cb1a456a15bb887d0a",
            "content_sha1": "b68cf6415d68194083fdcfad94fed066994a1d55",
            "content_sha256": "77186222bc5fed84e8b360c2edfff804d773cb73d48b496a58e62b0846b8e0b9",
            "content_sha512": "28d6a89dd4f633356ecc5f232fec5fdf41a2fbe220fab82349a4bc9605019a6dc617351eb3522d3b9a7e80e2fcbe4c02a2802b424d894da555e18799c99ce5f0",
            "filename": "appsync/templates/create_cognito_user_request.vtl",
            "id": "b68cf6415d68194083fdcfad94fed066994a1d55"
          },
          "sensitive_attributes": []
        }
      ]
    },
    {
      "module": "module.appsync",
      "mode": "data",
      "type": "local_file",
      "name": "create_cognito_user_response",
      "provider": "provider[\"registry.terraform.io/hashicorp/local\"]",
      "instances": [
        {
          "schema_version": 0,
          "attributes": {
            "content": "#if($ctx.error)\n    $utils.error($ctx.error.message, $ctx.error.type)\n#end\n\n$utils.toJson($context.result)",
            "content_base64": "I2lmKCRjdHguZXJyb3IpCiAgICAkdXRpbHMuZXJyb3IoJGN0eC5lcnJvci5tZXNzYWdlLCAkY3R4LmVycm9yLnR5cGUpCiNlbmQKCiR1dGlscy50b0pzb24oJGNvbnRleHQucmVzdWx0KQ==",
            "content_base64sha256": "yKRrFNEBbTxSmqSJpqKFcqjm0Dqk9nxxooVTSVnU1tw=",
            "content_base64sha512": "RAtze3jVWrppehjVarj6xN5nGsXj5QXN51Z0p+hpOdRbir+4oWn51RNFAyBoM5PBvtaAe8dpTi58XXoyNoDoqw==",
            "content_md5": "71f56feacc9a2073d4886547eba919bd",
            "content_sha1": "61b1a444fbe8e92d4315b3dfc4b0988fa2835bcb",
            "content_sha256": "c8a46b14d1016d3c529aa489a6a28572a8e6d03aa4f67c71a285534959d4d6dc",
            "content_sha512": "440b737b78d55aba697a18d56ab8fac4de671ac5e3e505cde75674a7e86939d45b8abfb8a169f9d513450320683393c1bed6807bc7694e2e7c5d7a323680e8ab",
            "filename": "appsync/templates/create_cognito_user_response.vtl",
            "id": "61b1a444fbe8e92d4315b3dfc4b0988fa2835bcb"
          },
          "sensitive_attributes": []
        }
      ]
    },
    {
      "module": "module.appsync",
      "mode": "data",
      "type": "local_file",
      "name": "create_restaurant_request",
      "provider": "provider[\"registry.terraform.io/hashicorp/local\"]",
      "instances": [
        {
          "schema_version": 0,
          "attributes": {
            "content": "#set($address=$util.defaultIfNullOrEmpty($ctx.prev.result.address, ''))\n#set($phone=$util.defaultIfNullOrEmpty($ctx.prev.result.phone, ''))\n#set($username=$util.defaultIfNullOrEmpty($ctx.prev.result.username, ''))\n\n{\n    \"version\": \"2018-05-29\",\n    \"statements\": [\n        \"INSERT INTO restaurant.restaurants (username, name, address, phone) VALUES ('$username', '$context.args.input.name', '$address', '$phone')\",\n        \"SELECT username, name, address, phone  FROM restaurant.restaurants where username = '$username'\"\n    ]\n}\n\n\n",
            "content_base64": "I3NldCgkYWRkcmVzcz0kdXRpbC5kZWZhdWx0SWZOdWxsT3JFbXB0eSgkY3R4LnByZXYucmVzdWx0LmFkZHJlc3MsICcnKSkKI3NldCgkcGhvbmU9JHV0aWwuZGVmYXVsdElmTnVsbE9yRW1wdHkoJGN0eC5wcmV2LnJlc3VsdC5waG9uZSwgJycpKQojc2V0KCR1c2VybmFtZT0kdXRpbC5kZWZhdWx0SWZOdWxsT3JFbXB0eSgkY3R4LnByZXYucmVzdWx0LnVzZXJuYW1lLCAnJykpCgp7CiAgICAidmVyc2lvbiI6ICIyMDE4LTA1LTI5IiwKICAgICJzdGF0ZW1lbnRzIjogWwogICAgICAgICJJTlNFUlQgSU5UTyByZXN0YXVyYW50LnJlc3RhdXJhbnRzICh1c2VybmFtZSwgbmFtZSwgYWRkcmVzcywgcGhvbmUpIFZBTFVFUyAoJyR1c2VybmFtZScsICckY29udGV4dC5hcmdzLmlucHV0Lm5hbWUnLCAnJGFkZHJlc3MnLCAnJHBob25lJykiLAogICAgICAgICJTRUxFQ1QgdXNlcm5hbWUsIG5hbWUsIGFkZHJlc3MsIHBob25lICBGUk9NIHJlc3RhdXJhbnQucmVzdGF1cmFudHMgd2hlcmUgdXNlcm5hbWUgPSAnJHVzZXJuYW1lJyIKICAgIF0KfQoKCg==",
            "content_base64sha256": "lpWHRskowd5p/RntVKFdPJMSUl+82BKNDGyZEnCEqU4=",
            "content_base64sha512": "L+rBm3Hk5sh/OlNAqoBeUvjX2b7GQxQZHcvNpc5qaM2RmRYcD9k2fVWiFXQ9hYEjRzhEFj4OvTkUBLvL8AnkMg==",
            "content_md5": "2fb8315c862d11e31ae683fdde7f99ba",
            "content_sha1": "e0108b8987a5cad4ef3b3b46cc6c1313a1ee8b55",
            "content_sha256": "96958746c928c1de69fd19ed54a15d3c9312525fbcd8128d0c6c99127084a94e",
            "content_sha512": "2feac19b71e4e6c87f3a5340aa805e52f8d7d9bec64314191dcbcda5ce6a68cd9199161c0fd9367d55a215743d858123473844163e0ebd391404bbcbf009e432",
            "filename": "appsync/templates/create_restaurant_request.vtl",
            "id": "e0108b8987a5cad4ef3b3b46cc6c1313a1ee8b55"
          },
          "sensitive_attributes": []
        }
      ]
    },
    {
      "module": "module.appsync",
      "mode": "data",
      "type": "local_file",
      "name": "create_restaurant_response",
      "provider": "provider[\"registry.terraform.io/hashicorp/local\"]",
      "instances": [
        {
          "schema_version": 0,
          "attributes": {
            "content": "#if($ctx.error)\n    $utils.error($ctx.error.message, $ctx.error.type)\n#end\n\n$utils.toJson($utils.rds.toJsonObject($ctx.result)[1][0])",
            "content_base64": "I2lmKCRjdHguZXJyb3IpCiAgICAkdXRpbHMuZXJyb3IoJGN0eC5lcnJvci5tZXNzYWdlLCAkY3R4LmVycm9yLnR5cGUpCiNlbmQKCiR1dGlscy50b0pzb24oJHV0aWxzLnJkcy50b0pzb25PYmplY3QoJGN0eC5yZXN1bHQpWzFdWzBdKQ==",
            "content_base64sha256": "jl/Qe4LfHPs9lzhie1JKmkHl8XcRlV8QNcgCEy9Gunc=",
            "content_base64sha512": "wBw5/thqXsmJ6CuL4XJBh1CCEpTRv+Ey+n+mgW9ixwvbs6SGH3w1UBrqBEyUYSVDJwsPumm519nHzO8w9kidtA==",
            "content_md5": "9e1c940cb6d02bf1bd1a4c05e5cb802d",
            "content_sha1": "8b26730c55c5b58ab254d1ea3736e4672e9effb4",
            "content_sha256": "8e5fd07b82df1cfb3d9738627b524a9a41e5f17711955f1035c802132f46ba77",
            "content_sha512": "c01c39fed86a5ec989e82b8be172418750821294d1bfe132fa7fa6816f62c70bdbb3a4861f7c35501aea044c94612543270b0fba69b9d7d9c7ccef30f6489db4",
            "filename": "appsync/templates/create_restaurant_response.vtl",
            "id": "8b26730c55c5b58ab254d1ea3736e4672e9effb4"
          },
          "sensitive_attributes": []
        }
      ]
    },
    {
      "module": "module.appsync",
      "mode": "data",
      "type": "local_file",
      "name": "delete_menue_item_request",
      "provider": "provider[\"registry.terraform.io/hashicorp/local\"]",
      "instances": [
        {
          "schema_version": 0,
          "attributes": {
            "content": "{\n    \"version\": \"2018-05-29\",\n    \"statements\": [\n        \"DELETE FROM restaurant.menu_items WHERE id = '$ctx.arguments.id'\"\n    ]\n}",
            "content_base64": "ewogICAgInZlcnNpb24iOiAiMjAxOC0wNS0yOSIsCiAgICAic3RhdGVtZW50cyI6IFsKICAgICAgICAiREVMRVRFIEZST00gcmVzdGF1cmFudC5tZW51X2l0ZW1zIFdIRVJFIGlkID0gJyRjdHguYXJndW1lbnRzLmlkJyIKICAgIF0KfQ==",
            "content_base64sha256": "inMA5HBtMuS+OKKzb8Uc0zjDtJ50lclYm+p9j159z6c=",
            "content_base64sha512": "uGet+3JxJX/JiiPVcJ1bfnjbEJCLyi2bQLi86OE0FAi6ajHrhqoA7FPBFIY1Ci5WPMIyTgUmZwnfJq8YkoeMyA==",
            "content_md5": "61167b95b2a0b2ee13517a607e883884",
            "content_sha1": "fa79da0e1997af3b118cc5517a30c4bbe6be215e",
            "content_sha256": "8a7300e4706d32e4be38a2b36fc51cd338c3b49e7495c9589bea7d8f5e7dcfa7",
            "content_sha512": "b867adfb7271257fc98a23d5709d5b7e78db10908bca2d9b40b8bce8e1341408ba6a31eb86aa00ec53c11486350a2e563cc2324e05266709df26af1892878cc8",
            "filename": "appsync/templates/delete_menue_item_request.vtl",
            "id": "fa79da0e1997af3b118cc5517a30c4bbe6be215e"
          },
          "sensitive_attributes": []
        }
      ]
    },
    {
      "module": "module.appsync",
      "mode": "data",
      "type": "local_file",
      "name": "delete_menue_item_response",
      "provider": "provider[\"registry.terraform.io/hashicorp/local\"]",
      "instances": [
        {
          "schema_version": 0,
          "attributes": {
            "content": "#if($ctx.error)\n    $utils.error($ctx.error.message, $ctx.error.type)\n#end\n$utils.toJson($utils.rds.toJsonObject($ctx.result)[0][0])",
            "content_base64": "I2lmKCRjdHguZXJyb3IpCiAgICAkdXRpbHMuZXJyb3IoJGN0eC5lcnJvci5tZXNzYWdlLCAkY3R4LmVycm9yLnR5cGUpCiNlbmQKJHV0aWxzLnRvSnNvbigkdXRpbHMucmRzLnRvSnNvbk9iamVjdCgkY3R4LnJlc3VsdClbMF1bMF0p",
            "content_base64sha256": "GUE2KQTfUWGj+GTWHeMh/imCRHWgACT+BY66FMnsBKg=",
            "content_base64sha512": "8hrTGUq8Xskrls+iqQFY8J+pS/ZCIyLun+Ap2XuacjBUxe942S7BOEUx3K7G6FjWnITPGV+w0i5iiMLI0+NRoA==",
            "content_md5": "ef84afe7a3a6e4106342cb77cc905ec1",
            "content_sha1": "d06b1e78646df168e8c664b02cdee3982403d6f6",
            "content_sha256": "1941362904df5161a3f864d61de321fe29824475a00024fe058eba14c9ec04a8",
            "content_sha512": "f21ad3194abc5ec92b96cfa2a90158f09fa94bf6422322ee9fe029d97b9a723054c5ef78d92ec1384531dcaec6e858d69c84cf195fb0d22e6288c2c8d3e351a0",
            "filename": "appsync/templates/delete_menue_item_response.vtl",
            "id": "d06b1e78646df168e8c664b02cdee3982403d6f6"
          },
          "sensitive_attributes": []
        }
      ]
    },
    {
      "module": "module.appsync",
      "mode": "data",
      "type": "local_file",
      "name": "get_menue_request",
      "provider": "provider[\"registry.terraform.io/hashicorp/local\"]",
      "instances": [
        {
          "schema_version": 0,
          "attributes": {
            "content": "{\n    \"version\": \"2018-05-29\",\n    \"statements\": [\n         \"SELECT id, name, description, price FROM restaurant.menu_items WHERE restaurant_username = '$ctx.args.restaurantUsername'\"\n    ]\n}",
            "content_base64": "ewogICAgInZlcnNpb24iOiAiMjAxOC0wNS0yOSIsCiAgICAic3RhdGVtZW50cyI6IFsKICAgICAgICAgIlNFTEVDVCBpZCwgbmFtZSwgZGVzY3JpcHRpb24sIHByaWNlIEZST00gcmVzdGF1cmFudC5tZW51X2l0ZW1zIFdIRVJFIHJlc3RhdXJhbnRfdXNlcm5hbWUgPSAnJGN0eC5hcmdzLnJlc3RhdXJhbnRVc2VybmFtZSciCiAgICBdCn0=",
            "content_base64sha256": "l9aiaLXrPDJ8PjsmDfFgQTubFvLKtSh0kXvjKjMgDLs=",
            "content_base64sha512": "rDIhrw5gXfdb8QiABYE8mx1RN+Xp25rOgQUEGFs7rNRmgBC7IEjI2Q0ywjPDDKATnbrpRMX1N0ECZe1roe8eBQ==",
            "content_md5": "98f4c1ee5a3f129482b5e6245e3f076c",
            "content_sha1": "44ecfec80f4b3a8fbf01551992ac27f49118afda",
            "content_sha256": "97d6a268b5eb3c327c3e3b260df160413b9b16f2cab52874917be32a33200cbb",
            "content_sha512": "ac3221af0e605df75bf1088005813c9b1d5137e5e9db9ace810504185b3bacd4668010bb2048c8d90d32c233c30ca0139dbae944c5f537410265ed6ba1ef1e05",
            "filename": "appsync/templates/get_menue_request.vtl",
            "id": "44ecfec80f4b3a8fbf01551992ac27f49118afda"
          },
          "sensitive_attributes": []
        }
      ]
    },
    {
      "module": "module.appsync",
      "mode": "data",
      "type": "local_file",
      "name": "get_menue_response",
      "provider": "provider[\"registry.terraform.io/hashicorp/local\"]",
      "instances": [
        {
          "schema_version": 0,
          "attributes": {
            "content": "#if($ctx.error)\n    $utils.error($ctx.error.message, $ctx.error.type)\n#end\n\n$utils.toJson($utils.rds.toJsonObject($ctx.result)[0])",
            "content_base64": "I2lmKCRjdHguZXJyb3IpCiAgICAkdXRpbHMuZXJyb3IoJGN0eC5lcnJvci5tZXNzYWdlLCAkY3R4LmVycm9yLnR5cGUpCiNlbmQKCiR1dGlscy50b0pzb24oJHV0aWxzLnJkcy50b0pzb25PYmplY3QoJGN0eC5yZXN1bHQpWzBdKQ==",
            "content_base64sha256": "DzWCKwwbGDJcdOE5A7R+kLmJCuCwQptgMpR2VaKySzM=",
            "content_base64sha512": "8BmwoaptksJNxJj/Hq4gK3t14xyVhF5Q6d37M3uy/wj9rmzb54OODSRHRJArWRV+idnKNxSzYstXc+tDEv1+GQ==",
            "content_md5": "6a2d9f4792d9caf41ddc1f2a08134e97",
            "content_sha1": "ff624a2bf5862c5bd97a360a45d30af38cb4d760",
            "content_sha256": "0f35822b0c1b18325c74e13903b47e90b9890ae0b0429b6032947655a2b24b33",
            "content_sha512": "f019b0a1aa6d92c24dc498ff1eae202b7b75e31c95845e50e9ddfb337bb2ff08fdae6cdbe7838e0d244744902b59157e89d9ca3714b362cb5773eb4312fd7e19",
            "filename": "appsync/templates/get_menue_response.vtl",
            "id": "ff624a2bf5862c5bd97a360a45d30af38cb4d760"
          },
          "sensitive_attributes": []
        }
      ]
    },
    {
      "module": "module.appsync",
      "mode": "data",
      "type": "local_file",
      "name": "list_restaurant_request",
      "provider": "provider[\"registry.terraform.io/hashicorp/local\"]",
      "instances": [
        {
          "schema_version": 0,
          "attributes": {
            "content": "{\n    \"version\": \"2018-05-29\",\n    \"statements\": [\n         \"SELECT username, name, address, phone FROM restaurant.restaurants\"\n    ]\n}",
            "content_base64": "ewogICAgInZlcnNpb24iOiAiMjAxOC0wNS0yOSIsCiAgICAic3RhdGVtZW50cyI6IFsKICAgICAgICAgIlNFTEVDVCB1c2VybmFtZSwgbmFtZSwgYWRkcmVzcywgcGhvbmUgRlJPTSByZXN0YXVyYW50LnJlc3RhdXJhbnRzIgogICAgXQp9",
            "content_base64sha256": "VATJgLsiaxZmzXGpKU72sUBj5mNE/wjQEStd7H5MW/c=",
            "content_base64sha512": "XYV6vA6ylEA1Nu1CqN+q33/29o8bero8f7viol5szhm+dEkfhljW1MBgxQPchkdLGO2kqsquCEb+SMnketAyeg==",
            "content_md5": "109a7ab21014799546f65c661be74433",
            "content_sha1": "b8bb147b81cef46c024491251948f02a39a0076f",
            "content_sha256": "5404c980bb226b1666cd71a9294ef6b14063e66344ff08d0112b5dec7e4c5bf7",
            "content_sha512": "5d857abc0eb294403536ed42a8dfaadf7ff6f68f1b7aba3c7fbbe2a25e6cce19be74491f8658d6d4c060c503dc86474b18eda4aacaae0846fe48c9e47ad0327a",
            "filename": "appsync/templates/list_restaurant_request.vtl",
            "id": "b8bb147b81cef46c024491251948f02a39a0076f"
          },
          "sensitive_attributes": []
        }
      ]
    },
    {
      "module": "module.appsync",
      "mode": "data",
      "type": "local_file",
      "name": "list_restaurant_response",
      "provider": "provider[\"registry.terraform.io/hashicorp/local\"]",
      "instances": [
        {
          "schema_version": 0,
          "attributes": {
            "content": "#if($ctx.error)\n    $utils.error($ctx.error.message, $ctx.error.type)\n#end\n\n$utils.toJson($utils.rds.toJsonObject($ctx.result)[0])",
            "content_base64": "I2lmKCRjdHguZXJyb3IpCiAgICAkdXRpbHMuZXJyb3IoJGN0eC5lcnJvci5tZXNzYWdlLCAkY3R4LmVycm9yLnR5cGUpCiNlbmQKCiR1dGlscy50b0pzb24oJHV0aWxzLnJkcy50b0pzb25PYmplY3QoJGN0eC5yZXN1bHQpWzBdKQ==",
            "content_base64sha256": "DzWCKwwbGDJcdOE5A7R+kLmJCuCwQptgMpR2VaKySzM=",
            "content_base64sha512": "8BmwoaptksJNxJj/Hq4gK3t14xyVhF5Q6d37M3uy/wj9rmzb54OODSRHRJArWRV+idnKNxSzYstXc+tDEv1+GQ==",
            "content_md5": "6a2d9f4792d9caf41ddc1f2a08134e97",
            "content_sha1": "ff624a2bf5862c5bd97a360a45d30af38cb4d760",
            "content_sha256": "0f35822b0c1b18325c74e13903b47e90b9890ae0b0429b6032947655a2b24b33",
            "content_sha512": "f019b0a1aa6d92c24dc498ff1eae202b7b75e31c95845e50e9ddfb337bb2ff08fdae6cdbe7838e0d244744902b59157e89d9ca3714b362cb5773eb4312fd7e19",
            "filename": "appsync/templates/list_restaurant_response.vtl",
            "id": "ff624a2bf5862c5bd97a360a45d30af38cb4d760"
          },
          "sensitive_attributes": []
        }
      ]
    },
    {
      "module": "module.appsync",
      "mode": "data",
      "type": "local_file",
      "name": "pipeline_after_request",
      "provider": "provider[\"registry.terraform.io/hashicorp/local\"]",
      "instances": [
        {
          "schema_version": 0,
          "attributes": {
            "content": "#if($ctx.error)\n    $utils.error($ctx.error.message, $ctx.error.type)\n#end\n\n$utils.toJson($context.prev.result)",
            "content_base64": "I2lmKCRjdHguZXJyb3IpCiAgICAkdXRpbHMuZXJyb3IoJGN0eC5lcnJvci5tZXNzYWdlLCAkY3R4LmVycm9yLnR5cGUpCiNlbmQKCiR1dGlscy50b0pzb24oJGNvbnRleHQucHJldi5yZXN1bHQp",
            "content_base64sha256": "Utxq5cyZlWhdh8KebLOgOvBco66Tf5tUIM8GPAMSXqE=",
            "content_base64sha512": "wmj0Y6BigMdRpA8R/8gFpG7RUKJrBr1Kgmcg+1ZBJ4e1Hlexe2/6TRPraSKphcbfWqzEUepi4I2hz/Bsf8iZKg==",
            "content_md5": "10eda4cb7d126aa3d3d22aa7e0840bdb",
            "content_sha1": "bb7fdc7f6f4ebaf27088685b4c992867f6a1d0b8",
            "content_sha256": "52dc6ae5cc9995685d87c29e6cb3a03af05ca3ae937f9b5420cf063c03125ea1",
            "content_sha512": "c268f463a06280c751a40f11ffc805a46ed150a26b06bd4a826720fb56412787b51e57b17b6ffa4d13eb6922a985c6df5aacc451ea62e08da1cff06c7fc8992a",
            "filename": "appsync/templates/pipeline_after_request.vtl",
            "id": "bb7fdc7f6f4ebaf27088685b4c992867f6a1d0b8"
          },
          "sensitive_attributes": []
        }
      ]
    },
    {
      "module": "module.appsync",
      "mode": "data",
      "type": "local_file",
      "name": "pipeline_before_request",
      "provider": "provider[\"registry.terraform.io/hashicorp/local\"]",
      "instances": [
        {
          "schema_version": 0,
          "attributes": {
            "content": "#foreach($item in $context.args.input.entrySet())\n    #set($item.value=$item.value.replace(\"'\", \"''\"))\n    #set($item.value=$item.value.replace(\"\\\", \"\\\\\\\\\"))\n    #set($item.value=$item.value.replace('\"', '\\\\\\\"'))\n#end\n#foreach($item in $context.args.entrySet())\n    #set($item.value=$item.value.replace(\"'\", \"''\"))\n    #set($item.value=$item.value.replace(\"\\\", \"\\\\\\\\\"))\n    #set($item.value=$item.value.replace('\"', '\\\\\\\"'))\n#end\n{}",
            "content_base64": "I2ZvcmVhY2goJGl0ZW0gaW4gJGNvbnRleHQuYXJncy5pbnB1dC5lbnRyeVNldCgpKQogICAgI3NldCgkaXRlbS52YWx1ZT0kaXRlbS52YWx1ZS5yZXBsYWNlKCInIiwgIicnIikpCiAgICAjc2V0KCRpdGVtLnZhbHVlPSRpdGVtLnZhbHVlLnJlcGxhY2UoIlwiLCAiXFxcXCIpKQogICAgI3NldCgkaXRlbS52YWx1ZT0kaXRlbS52YWx1ZS5yZXBsYWNlKCciJywgJ1xcXCInKSkKI2VuZAojZm9yZWFjaCgkaXRlbSBpbiAkY29udGV4dC5hcmdzLmVudHJ5U2V0KCkpCiAgICAjc2V0KCRpdGVtLnZhbHVlPSRpdGVtLnZhbHVlLnJlcGxhY2UoIiciLCAiJyciKSkKICAgICNzZXQoJGl0ZW0udmFsdWU9JGl0ZW0udmFsdWUucmVwbGFjZSgiXCIsICJcXFxcIikpCiAgICAjc2V0KCRpdGVtLnZhbHVlPSRpdGVtLnZhbHVlLnJlcGxhY2UoJyInLCAnXFxcIicpKQojZW5kCnt9",
            "content_base64sha256": "fcz7JJ1NEr7GzfgCn6BSydQ9ae9hIiSNzPXgX21qUjM=",
            "content_base64sha512": "4JO7jOhvicf28oVmohj+wfJxaxbH9i6r+MzftBEPx5aWL62PfKCkB3K30lYHhxJ/DEUOOiwcIcRshRCy0q93yA==",
            "content_md5": "8f5a2efe40fb55e362670e4d36b73999",
            "content_sha1": "a6d84a91d528f822098295451eca348ac197e666",
            "content_sha256": "7dccfb249d4d12bec6cdf8029fa052c9d43d69ef6122248dccf5e05f6d6a5233",
            "content_sha512": "e093bb8ce86f89c7f6f28566a218fec1f2716b16c7f62eabf8ccdfb4110fc796962fad8f7ca0a40772b7d2560787127f0c450e3a2c1c21c46c8510b2d2af77c8",
            "filename": "appsync/templates/pipeline_before_request.vtl",
            "id": "a6d84a91d528f822098295451eca348ac197e666"
          },
          "sensitive_attributes": []
        }
      ]
    },
    {
      "module": "module.appsync",
      "mode": "managed",
      "type": "aws_appsync_datasource",
      "name": "cognito_user_lambda",
      "provider": "provider[\"registry.terraform.io/hashicorp/aws\"].useast",
      "instances": [
        {
          "schema_version": 0,
          "attributes": {
            "api_id": "lk3q4mqg3bhgrlfkvdinia6dbe",
            "arn": "arn:aws:appsync:us-east-1:617942035950:apis/lk3q4mqg3bhgrlfkvdinia6dbe/datasources/CognitoUser",
            "description": "",
            "dynamodb_config": [],
            "elasticsearch_config": [],
            "event_bridge_config": [],
            "http_config": [],
            "id": "lk3q4mqg3bhgrlfkvdinia6dbe-CognitoUser",
            "lambda_config": [
              {
                "function_arn": "arn:aws:lambda:us-east-1:617942035950:function:cognito-user-function"
              }
            ],
            "name": "CognitoUser",
            "opensearchservice_config": [],
            "relational_database_config": [],
            "service_role_arn": "arn:aws:iam::617942035950:role/restaurant-manager-appsync",
            "type": "AWS_LAMBDA"
          },
          "sensitive_attributes": [],
          "private": "bnVsbA==",
          "dependencies": [
            "module.appsync.aws_appsync_graphql_api.appsync_api",
            "module.appsync.data.local_file.appsync_schema",
            "module.cognito.aws_cognito_user_pool.pool",
            "module.cognito.aws_cognito_user_pool_client.client",
            "module.iam.aws_iam_role.appsync-role",
            "module.iam.aws_iam_role.lambda-role",
            "module.lambda.aws_lambda_function.cognito-user"
          ]
        }
      ]
    },
    {
      "module": "module.appsync",
      "mode": "managed",
      "type": "aws_appsync_function",
      "name": "create_cognito_user_lambda",
      "provider": "provider[\"registry.terraform.io/hashicorp/aws\"].useast",
      "instances": [
        {
          "schema_version": 0,
          "attributes": {
            "api_id": "lk3q4mqg3bhgrlfkvdinia6dbe",
            "arn": "arn:aws:appsync:us-east-1:617942035950:apis/lk3q4mqg3bhgrlfkvdinia6dbe/functions/ekxufmin65a3jbxwaj3zqgpfjm",
            "code": "",
            "data_source": "CognitoUser",
            "description": "",
            "function_id": "ekxufmin65a3jbxwaj3zqgpfjm",
            "function_version": "2018-05-29",
            "id": "lk3q4mqg3bhgrlfkvdinia6dbe-ekxufmin65a3jbxwaj3zqgpfjm",
            "max_batch_size": 0,
            "name": "CreateCognitoUser",
            "request_mapping_template": "#set($data = {\n    \"action\": \"CREATE\",\n    \"email\": $ctx.args.input.email,\n    \"password\": $ctx.args.input.password,\n    \"name\": $ctx.args.input.name,\n    \"address\": $ctx.args.input.address,\n    \"phone\": $ctx.args.input.phone\n})\n{\n  \"operation\": \"Invoke\",\n  \"payload\": $util.toJson($data)\n}",
            "response_mapping_template": "#if($ctx.error)\n    $utils.error($ctx.error.message, $ctx.error.type)\n#end\n\n$utils.toJson($context.result)",
            "runtime": [],
            "sync_config": []
          },
          "sensitive_attributes": [],
          "private": "bnVsbA==",
          "dependencies": [
            "module.appsync.aws_appsync_datasource.cognito_user_lambda",
            "module.appsync.aws_appsync_graphql_api.appsync_api",
            "module.appsync.data.local_file.appsync_schema",
            "module.appsync.data.local_file.create_cognito_user_request",
            "module.appsync.data.local_file.create_cognito_user_response",
            "module.appsync.null_resource.appsync_rds_datasource",
            "module.cognito.aws_cognito_user_pool.pool",
            "module.cognito.aws_cognito_user_pool_client.client",
            "module.database.aws_rds_cluster.cluster",
            "module.database.aws_secretsmanager_secret.restaurant",
            "module.iam.aws_iam_role.appsync-role",
            "module.iam.aws_iam_role.lambda-role",
            "module.lambda.aws_lambda_function.cognito-user"
          ]
        }
      ]
    },
    {
      "module": "module.appsync",
      "mode": "managed",
      "type": "aws_appsync_function",
      "name": "create_restaurant_function",
      "provider": "provider[\"registry.terraform.io/hashicorp/aws\"].useast",
      "instances": [
        {
          "schema_version": 0,
          "attributes": {
            "api_id": "lk3q4mqg3bhgrlfkvdinia6dbe",
            "arn": "arn:aws:appsync:us-east-1:617942035950:apis/lk3q4mqg3bhgrlfkvdinia6dbe/functions/wuckotl32jcixeldeaex75hmgi",
            "code": "",
            "data_source": "AuroraRDS",
            "description": "",
            "function_id": "wuckotl32jcixeldeaex75hmgi",
            "function_version": "2018-05-29",
            "id": "lk3q4mqg3bhgrlfkvdinia6dbe-wuckotl32jcixeldeaex75hmgi",
            "max_batch_size": 0,
            "name": "createRestaurantFunction",
            "request_mapping_template": "#set($address=$util.defaultIfNullOrEmpty($ctx.prev.result.address, ''))\n#set($phone=$util.defaultIfNullOrEmpty($ctx.prev.result.phone, ''))\n#set($username=$util.defaultIfNullOrEmpty($ctx.prev.result.username, ''))\n\n{\n    \"version\": \"2018-05-29\",\n    \"statements\": [\n        \"INSERT INTO restaurant.restaurants (username, name, address, phone) VALUES ('$username', '$context.args.input.name', '$address', '$phone')\",\n        \"SELECT username, name, address, phone  FROM restaurant.restaurants where username = '$username'\"\n    ]\n}\n\n\n",
            "response_mapping_template": "#if($ctx.error)\n    $utils.error($ctx.error.message, $ctx.error.type)\n#end\n\n$utils.toJson($utils.rds.toJsonObject($ctx.result)[1][0])",
            "runtime": [],
            "sync_config": []
          },
          "sensitive_attributes": [],
          "private": "bnVsbA==",
          "dependencies": [
            "module.appsync.aws_appsync_graphql_api.appsync_api",
            "module.appsync.data.local_file.appsync_schema",
            "module.appsync.data.local_file.create_restaurant_request",
            "module.appsync.data.local_file.create_restaurant_response",
            "module.appsync.null_resource.appsync_rds_datasource",
            "module.cognito.aws_cognito_user_pool.pool",
            "module.cognito.aws_cognito_user_pool_client.client",
            "module.database.aws_rds_cluster.cluster",
            "module.database.aws_secretsmanager_secret.restaurant",
            "module.iam.aws_iam_role.appsync-role"
          ]
        }
      ]
    },
    {
      "module": "module.appsync",
      "mode": "managed",
      "type": "aws_appsync_graphql_api",
      "name": "appsync_api",
      "provider": "provider[\"registry.terraform.io/hashicorp/aws\"].useast",
      "instances": [
        {
          "schema_version": 0,
          "attributes": {
            "additional_authentication_provider": [
              {
                "authentication_type": "API_KEY",
                "lambda_authorizer_config": [],
                "openid_connect_config": [],
                "user_pool_config": []
              }
            ],
            "arn": "arn:aws:appsync:us-east-1:617942035950:apis/lk3q4mqg3bhgrlfkvdinia6dbe",
            "authentication_type": "AMAZON_COGNITO_USER_POOLS",
            "id": "lk3q4mqg3bhgrlfkvdinia6dbe",
            "lambda_authorizer_config": [],
            "log_config": [],
            "name": "Cognito",
            "openid_connect_config": [],
            "schema": "schema {\n    query: Query\n    mutation: Mutation\n}\n\ntype Query {\n    getMenue(restaurantUsername:String!):[MenueItem]\n    listRestaurant:[Restaurant!]\n}\n\ntype Mutation {\n    addMenueItem(input: AddMenueItem!): MenueItem\n    deleteMenueItem(id:String!): String\n    createRestaurant(input: CreateRestaurant!): Restaurant\n    deleteRestaurant(restaurantUsername:String!): String\n}\n\ntype MenueItem {\n    id: ID\n    name: String!\n    description: String\n    price: Int!\n}\n\ninput AddMenueItem {\n    restaurantUsername: String!\n    name: String!\n    description: String\n    price: Int!\n}\n\ntype Restaurant {\n    username: String!\n    name: String!\n    address: String\n    phone: String\n}\n\ninput CreateRestaurant {\n    email: String!\n    password: String!\n    name: String!\n    address: String\n    phone: String\n}",
            "tags": {},
            "tags_all": {},
            "uris": {
              "GRAPHQL": "https://cajvq4hudvaqnemhczorolay7a.appsync-api.us-east-1.amazonaws.com/graphql",
              "REALTIME": "wss://cajvq4hudvaqnemhczorolay7a.appsync-realtime-api.us-east-1.amazonaws.com/graphql"
            },
            "user_pool_config": [
              {
                "app_id_client_regex": "76q8o53d4tq18a11q6sqcjmnsj",
                "aws_region": "us-east-1",
                "default_action": "ALLOW",
                "user_pool_id": "us-east-1_ozrrxONLX"
              }
            ],
            "xray_enabled": false
          },
          "sensitive_attributes": [],
          "private": "bnVsbA==",
          "dependencies": [
            "module.appsync.data.local_file.appsync_schema",
            "module.cognito.aws_cognito_user_pool.pool",
            "module.cognito.aws_cognito_user_pool_client.client"
          ]
        }
      ]
    },
    {
      "module": "module.appsync",
      "mode": "managed",
      "type": "aws_appsync_resolver",
      "name": "add_menue_item",
      "provider": "provider[\"registry.terraform.io/hashicorp/aws\"].useast",
      "instances": [
        {
          "schema_version": 0,
          "attributes": {
            "api_id": "lk3q4mqg3bhgrlfkvdinia6dbe",
            "arn": "arn:aws:appsync:us-east-1:617942035950:apis/lk3q4mqg3bhgrlfkvdinia6dbe/types/Mutation/resolvers/addMenueItem",
            "caching_config": [],
            "code": "",
            "data_source": "AuroraRDS",
            "field": "addMenueItem",
            "id": "lk3q4mqg3bhgrlfkvdinia6dbe-Mutation-addMenueItem",
            "kind": "UNIT",
            "max_batch_size": 0,
            "pipeline_config": [],
            "request_template": "#foreach($item in $context.args.input.entrySet())\n    #set($item.value=$item.value.replace(\"'\", \"''\"))\n    #set($item.value=$item.value.replace(\"\\\", \"\\\\\\\\\"))\n    #set($item.value=$item.value.replace('\"', '\\\\\\\"'))\n#end\n#foreach($item in $context.args.entrySet())\n    #set($item.value=$item.value.replace(\"'\", \"''\"))\n    #set($item.value=$item.value.replace(\"\\\", \"\\\\\\\\\"))\n    #set($item.value=$item.value.replace('\"', '\\\\\\\"'))\n#end\n\n#set($process_id=$utils.autoId())\n#set($description=$util.defaultIfNullOrEmpty($ctx.args.input.description, ''))\n\n{\n    \"version\": \"2018-05-29\",\n    \"statements\": [\n        \"INSERT INTO restaurant.menu_items (id, restaurant_username, name, description, price) VALUES ('$process_id','$context.args.input.restaurantUsername', '$context.args.input.name', '$description', '$context.args.input.price')\",\n        \"SELECT id, name, description, price FROM restaurant.menu_items where id = '$process_id'\"\n    ]\n}",
            "response_template": "#if($ctx.error)\n    $utils.error($ctx.error.message, $ctx.error.type)\n#end\n\n$utils.toJson($utils.rds.toJsonObject($ctx.result)[1][0])",
            "runtime": [],
            "sync_config": [],
            "type": "Mutation"
          },
          "sensitive_attributes": [],
          "private": "bnVsbA==",
          "dependencies": [
            "module.appsync.aws_appsync_graphql_api.appsync_api",
            "module.appsync.data.local_file.add_menue_item_request",
            "module.appsync.data.local_file.add_menue_item_response",
            "module.appsync.data.local_file.appsync_schema",
            "module.appsync.null_resource.appsync_rds_datasource",
            "module.cognito.aws_cognito_user_pool.pool",
            "module.cognito.aws_cognito_user_pool_client.client",
            "module.database.aws_rds_cluster.cluster",
            "module.database.aws_secretsmanager_secret.restaurant",
            "module.iam.aws_iam_role.appsync-role"
          ]
        }
      ]
    },
    {
      "module": "module.appsync",
      "mode": "managed",
      "type": "aws_appsync_resolver",
      "name": "create_restaurant",
      "provider": "provider[\"registry.terraform.io/hashicorp/aws\"].useast",
      "instances": [
        {
          "schema_version": 0,
          "attributes": {
            "api_id": "lk3q4mqg3bhgrlfkvdinia6dbe",
            "arn": "arn:aws:appsync:us-east-1:617942035950:apis/lk3q4mqg3bhgrlfkvdinia6dbe/types/Mutation/resolvers/createRestaurant",
            "caching_config": [],
            "code": "",
            "data_source": "",
            "field": "createRestaurant",
            "id": "lk3q4mqg3bhgrlfkvdinia6dbe-Mutation-createRestaurant",
            "kind": "PIPELINE",
            "max_batch_size": 0,
            "pipeline_config": [
              {
                "functions": [
                  "ekxufmin65a3jbxwaj3zqgpfjm",
                  "wuckotl32jcixeldeaex75hmgi"
                ]
              }
            ],
            "request_template": "#foreach($item in $context.args.input.entrySet())\n    #set($item.value=$item.value.replace(\"'\", \"''\"))\n    #set($item.value=$item.value.replace(\"\\\", \"\\\\\\\\\"))\n    #set($item.value=$item.value.replace('\"', '\\\\\\\"'))\n#end\n#foreach($item in $context.args.entrySet())\n    #set($item.value=$item.value.replace(\"'\", \"''\"))\n    #set($item.value=$item.value.replace(\"\\\", \"\\\\\\\\\"))\n    #set($item.value=$item.value.replace('\"', '\\\\\\\"'))\n#end\n{}",
            "response_template": "#if($ctx.error)\n    $utils.error($ctx.error.message, $ctx.error.type)\n#end\n\n$utils.toJson($context.prev.result)",
            "runtime": [],
            "sync_config": [],
            "type": "Mutation"
          },
          "sensitive_attributes": [],
          "private": "bnVsbA==",
          "dependencies": [
            "module.appsync.aws_appsync_datasource.cognito_user_lambda",
            "module.appsync.aws_appsync_function.create_cognito_user_lambda",
            "module.appsync.aws_appsync_function.create_restaurant_function",
            "module.appsync.aws_appsync_graphql_api.appsync_api",
            "module.appsync.data.local_file.appsync_schema",
            "module.appsync.data.local_file.create_cognito_user_request",
            "module.appsync.data.local_file.create_cognito_user_response",
            "module.appsync.data.local_file.create_restaurant_request",
            "module.appsync.data.local_file.create_restaurant_response",
            "module.appsync.data.local_file.pipeline_after_request",
            "module.appsync.data.local_file.pipeline_before_request",
            "module.appsync.null_resource.appsync_rds_datasource",
            "module.cognito.aws_cognito_user_pool.pool",
            "module.cognito.aws_cognito_user_pool_client.client",
            "module.database.aws_rds_cluster.cluster",
            "module.database.aws_secretsmanager_secret.restaurant",
            "module.iam.aws_iam_role.appsync-role",
            "module.iam.aws_iam_role.lambda-role",
            "module.lambda.aws_lambda_function.cognito-user"
          ]
        }
      ]
    },
    {
      "module": "module.appsync",
      "mode": "managed",
      "type": "aws_appsync_resolver",
      "name": "delete_menue_item",
      "provider": "provider[\"registry.terraform.io/hashicorp/aws\"].useast",
      "instances": [
        {
          "schema_version": 0,
          "attributes": {
            "api_id": "lk3q4mqg3bhgrlfkvdinia6dbe",
            "arn": "arn:aws:appsync:us-east-1:617942035950:apis/lk3q4mqg3bhgrlfkvdinia6dbe/types/Mutation/resolvers/deleteMenueItem",
            "caching_config": [],
            "code": "",
            "data_source": "AuroraRDS",
            "field": "deleteMenueItem",
            "id": "lk3q4mqg3bhgrlfkvdinia6dbe-Mutation-deleteMenueItem",
            "kind": "UNIT",
            "max_batch_size": 0,
            "pipeline_config": [],
            "request_template": "{\n    \"version\": \"2018-05-29\",\n    \"statements\": [\n        \"DELETE FROM restaurant.menu_items WHERE id = '$ctx.arguments.id'\"\n    ]\n}",
            "response_template": "#if($ctx.error)\n    $utils.error($ctx.error.message, $ctx.error.type)\n#end\n$utils.toJson($utils.rds.toJsonObject($ctx.result)[0][0])",
            "runtime": [],
            "sync_config": [],
            "type": "Mutation"
          },
          "sensitive_attributes": [],
          "private": "bnVsbA==",
          "dependencies": [
            "module.appsync.aws_appsync_graphql_api.appsync_api",
            "module.appsync.data.local_file.appsync_schema",
            "module.appsync.data.local_file.delete_menue_item_request",
            "module.appsync.data.local_file.delete_menue_item_response",
            "module.appsync.null_resource.appsync_rds_datasource",
            "module.cognito.aws_cognito_user_pool.pool",
            "module.cognito.aws_cognito_user_pool_client.client",
            "module.database.aws_rds_cluster.cluster",
            "module.database.aws_secretsmanager_secret.restaurant",
            "module.iam.aws_iam_role.appsync-role"
          ]
        }
      ]
    },
    {
      "module": "module.appsync",
      "mode": "managed",
      "type": "aws_appsync_resolver",
      "name": "get_menue",
      "provider": "provider[\"registry.terraform.io/hashicorp/aws\"].useast",
      "instances": [
        {
          "schema_version": 0,
          "attributes": {
            "api_id": "lk3q4mqg3bhgrlfkvdinia6dbe",
            "arn": "arn:aws:appsync:us-east-1:617942035950:apis/lk3q4mqg3bhgrlfkvdinia6dbe/types/Query/resolvers/getMenue",
            "caching_config": [],
            "code": "",
            "data_source": "AuroraRDS",
            "field": "getMenue",
            "id": "lk3q4mqg3bhgrlfkvdinia6dbe-Query-getMenue",
            "kind": "UNIT",
            "max_batch_size": 0,
            "pipeline_config": [],
            "request_template": "{\n    \"version\": \"2018-05-29\",\n    \"statements\": [\n         \"SELECT id, name, description, price FROM restaurant.menu_items WHERE restaurant_username = '$ctx.args.restaurantUsername'\"\n    ]\n}",
            "response_template": "#if($ctx.error)\n    $utils.error($ctx.error.message, $ctx.error.type)\n#end\n\n$utils.toJson($utils.rds.toJsonObject($ctx.result)[0])",
            "runtime": [],
            "sync_config": [],
            "type": "Query"
          },
          "sensitive_attributes": [],
          "private": "bnVsbA==",
          "dependencies": [
            "module.appsync.aws_appsync_graphql_api.appsync_api",
            "module.appsync.data.local_file.appsync_schema",
            "module.appsync.data.local_file.get_menue_request",
            "module.appsync.data.local_file.get_menue_response",
            "module.appsync.null_resource.appsync_rds_datasource",
            "module.cognito.aws_cognito_user_pool.pool",
            "module.cognito.aws_cognito_user_pool_client.client",
            "module.database.aws_rds_cluster.cluster",
            "module.database.aws_secretsmanager_secret.restaurant",
            "module.iam.aws_iam_role.appsync-role"
          ]
        }
      ]
    },
    {
      "module": "module.appsync",
      "mode": "managed",
      "type": "aws_appsync_resolver",
      "name": "list_restaurant",
      "provider": "provider[\"registry.terraform.io/hashicorp/aws\"].useast",
      "instances": [
        {
          "schema_version": 0,
          "attributes": {
            "api_id": "lk3q4mqg3bhgrlfkvdinia6dbe",
            "arn": "arn:aws:appsync:us-east-1:617942035950:apis/lk3q4mqg3bhgrlfkvdinia6dbe/types/Query/resolvers/listRestaurant",
            "caching_config": [],
            "code": "",
            "data_source": "AuroraRDS",
            "field": "listRestaurant",
            "id": "lk3q4mqg3bhgrlfkvdinia6dbe-Query-listRestaurant",
            "kind": "UNIT",
            "max_batch_size": 0,
            "pipeline_config": [],
            "request_template": "{\n    \"version\": \"2018-05-29\",\n    \"statements\": [\n         \"SELECT username, name, address, phone FROM restaurant.restaurants\"\n    ]\n}",
            "response_template": "#if($ctx.error)\n    $utils.error($ctx.error.message, $ctx.error.type)\n#end\n\n$utils.toJson($utils.rds.toJsonObject($ctx.result)[0])",
            "runtime": [],
            "sync_config": [],
            "type": "Query"
          },
          "sensitive_attributes": [],
          "private": "bnVsbA==",
          "dependencies": [
            "module.appsync.aws_appsync_graphql_api.appsync_api",
            "module.appsync.data.local_file.appsync_schema",
            "module.appsync.data.local_file.list_restaurant_request",
            "module.appsync.data.local_file.list_restaurant_response",
            "module.appsync.null_resource.appsync_rds_datasource",
            "module.cognito.aws_cognito_user_pool.pool",
            "module.cognito.aws_cognito_user_pool_client.client",
            "module.database.aws_rds_cluster.cluster",
            "module.database.aws_secretsmanager_secret.restaurant",
            "module.iam.aws_iam_role.appsync-role"
          ]
        }
      ]
    },
    {
      "module": "module.appsync",
      "mode": "managed",
      "type": "null_resource",
      "name": "appsync_rds_datasource",
      "provider": "provider[\"registry.terraform.io/hashicorp/null\"]",
      "instances": [
        {
          "schema_version": 0,
          "attributes": {
            "id": "4380984873328160926",
            "triggers": {
              "appsync_api_id": "lk3q4mqg3bhgrlfkvdinia6dbe",
              "appsync_region": "us-east-1"
            }
          },
          "sensitive_attributes": [],
          "dependencies": [
            "module.appsync.aws_appsync_graphql_api.appsync_api",
            "module.appsync.data.local_file.appsync_schema",
            "module.cognito.aws_cognito_user_pool.pool",
            "module.cognito.aws_cognito_user_pool_client.client",
            "module.database.aws_rds_cluster.cluster",
            "module.database.aws_secretsmanager_secret.restaurant",
            "module.iam.aws_iam_role.appsync-role"
          ]
        }
      ]
    },
    {
      "module": "module.cognito",
      "mode": "managed",
      "type": "aws_cognito_user_group",
      "name": "admin",
      "provider": "module.cognito.provider[\"registry.terraform.io/hashicorp/aws\"]",
      "instances": [
        {
          "schema_version": 0,
          "attributes": {
            "description": "",
            "id": "us-east-1_ozrrxONLX/admin",
            "name": "admin",
            "precedence": 0,
            "role_arn": "",
            "user_pool_id": "us-east-1_ozrrxONLX"
          },
          "sensitive_attributes": [],
          "private": "bnVsbA==",
          "dependencies": [
            "module.cognito.aws_cognito_user_pool.pool"
          ]
        }
      ]
    },
    {
      "module": "module.cognito",
      "mode": "managed",
      "type": "aws_cognito_user_pool",
      "name": "pool",
      "provider": "module.cognito.provider[\"registry.terraform.io/hashicorp/aws\"]",
      "instances": [
        {
          "schema_version": 0,
          "attributes": {
            "account_recovery_setting": [
              {
                "recovery_mechanism": [
                  {
                    "name": "verified_email",
                    "priority": 1
                  }
                ]
              }
            ],
            "admin_create_user_config": [
              {
                "allow_admin_create_user_only": false,
                "invite_message_template": []
              }
            ],
            "alias_attributes": null,
            "arn": "arn:aws:cognito-idp:us-east-1:617942035950:userpool/us-east-1_ozrrxONLX",
            "auto_verified_attributes": [
              "email"
            ],
            "creation_date": "2023-05-21T21:01:42Z",
            "custom_domain": "",
            "deletion_protection": "INACTIVE",
            "device_configuration": [],
            "domain": "",
            "email_configuration": [
              {
                "configuration_set": "",
                "email_sending_account": "COGNITO_DEFAULT",
                "from_email_address": "",
                "reply_to_email_address": "",
                "source_arn": ""
              }
            ],
            "email_verification_message": "Your reset password validation code is: {####}",
            "email_verification_subject": "Reset password code",
            "endpoint": "cognito-idp.us-east-1.amazonaws.com/us-east-1_ozrrxONLX",
            "estimated_number_of_users": 25,
            "id": "us-east-1_ozrrxONLX",
            "lambda_config": [],
            "last_modified_date": "2023-05-24T09:08:28Z",
            "mfa_configuration": "OPTIONAL",
            "name": "restaurant-manager",
            "password_policy": [
              {
                "minimum_length": 8,
                "require_lowercase": true,
                "require_numbers": true,
                "require_symbols": false,
                "require_uppercase": true,
                "temporary_password_validity_days": 7
              }
            ],
            "schema": [
              {
                "attribute_data_type": "String",
                "developer_only_attribute": false,
                "mutable": true,
                "name": "email",
                "number_attribute_constraints": [],
                "required": true,
                "string_attribute_constraints": [
                  {
                    "max_length": "100",
                    "min_length": "7"
                  }
                ]
              }
            ],
            "sms_authentication_message": "",
            "sms_configuration": [],
            "sms_verification_message": "",
            "software_token_mfa_configuration": [
              {
                "enabled": false
              }
            ],
            "tags": {
              "Name": "restaurant-manager"
            },
            "tags_all": {
              "Name": "restaurant-manager"
            },
            "user_attribute_update_settings": [],
            "user_pool_add_ons": [
              {
                "advanced_security_mode": "OFF"
              }
            ],
            "username_attributes": [
              "email"
            ],
            "username_configuration": [],
            "verification_message_template": [
              {
                "default_email_option": "CONFIRM_WITH_CODE",
                "email_message": "Your reset password validation code is: {####}",
                "email_message_by_link": "",
                "email_subject": "Reset password code",
                "email_subject_by_link": "",
                "sms_message": ""
              }
            ]
          },
          "sensitive_attributes": [],
          "private": "bnVsbA=="
        }
      ]
    },
    {
      "module": "module.cognito",
      "mode": "managed",
      "type": "aws_cognito_user_pool_client",
      "name": "client",
      "provider": "module.cognito.provider[\"registry.terraform.io/hashicorp/aws\"]",
      "instances": [
        {
          "schema_version": 0,
          "attributes": {
            "access_token_validity": 0,
            "allowed_oauth_flows": [],
            "allowed_oauth_flows_user_pool_client": false,
            "allowed_oauth_scopes": [],
            "analytics_configuration": [],
            "auth_session_validity": 3,
            "callback_urls": [],
            "client_secret": "",
            "default_redirect_uri": "",
            "enable_propagate_additional_user_context_data": false,
            "enable_token_revocation": true,
            "explicit_auth_flows": [
              "ADMIN_NO_SRP_AUTH",
              "USER_PASSWORD_AUTH"
            ],
            "generate_secret": false,
            "id": "76q8o53d4tq18a11q6sqcjmnsj",
            "id_token_validity": 0,
            "logout_urls": [],
            "name": "restaurant-manager",
            "prevent_user_existence_errors": "",
            "read_attributes": [],
            "refresh_token_validity": 30,
            "supported_identity_providers": [],
            "token_validity_units": [],
            "user_pool_id": "us-east-1_ozrrxONLX",
            "write_attributes": []
          },
          "sensitive_attributes": [],
          "dependencies": [
            "module.cognito.aws_cognito_user_pool.pool"
          ]
        }
      ]
    },
    {
      "module": "module.cognito",
      "mode": "managed",
      "type": "aws_ssm_parameter",
      "name": "email",
      "provider": "module.cognito.provider[\"registry.terraform.io/hashicorp/aws\"]",
      "instances": [
        {
          "schema_version": 0,
          "attributes": {
            "allowed_pattern": "",
            "arn": "arn:aws:ssm:us-east-1:617942035950:parameter/restaurant-manager/app/users/root/email",
            "data_type": "text",
            "description": "",
            "id": "/restaurant-manager/app/users/root/email",
            "insecure_value": null,
            "key_id": "",
            "name": "/restaurant-manager/app/users/root/email",
            "overwrite": null,
            "tags": {},
            "tags_all": {},
            "tier": "Standard",
            "type": "String",
            "value": "test@example.com",
            "version": 1
          },
          "sensitive_attributes": [],
          "private": "bnVsbA=="
        }
      ]
    },
    {
      "module": "module.cognito",
      "mode": "managed",
      "type": "aws_ssm_parameter",
      "name": "password",
      "provider": "module.cognito.provider[\"registry.terraform.io/hashicorp/aws\"]",
      "instances": [
        {
          "schema_version": 0,
          "attributes": {
            "allowed_pattern": "",
            "arn": "arn:aws:ssm:us-east-1:617942035950:parameter/restaurant-manager/app/users/root/password",
            "data_type": "text",
            "description": "",
            "id": "/restaurant-manager/app/users/root/password",
            "insecure_value": null,
            "key_id": "",
            "name": "/restaurant-manager/app/users/root/password",
            "overwrite": null,
            "tags": {},
            "tags_all": {},
            "tier": "Standard",
            "type": "String",
            "value": "Test1234",
            "version": 1
          },
          "sensitive_attributes": [],
          "private": "bnVsbA=="
        }
      ]
    },
    {
      "module": "module.cognito",
      "mode": "managed",
      "type": "null_resource",
      "name": "sputnik_root_user",
      "provider": "provider[\"registry.terraform.io/hashicorp/null\"]",
      "instances": [
        {
          "schema_version": 0,
          "attributes": {
            "id": "745299497642302255",
            "triggers": null
          },
          "sensitive_attributes": [],
          "dependencies": [
            "module.cognito.aws_cognito_user_pool.pool"
          ]
        }
      ]
    },
    {
      "module": "module.cognito",
      "mode": "managed",
      "type": "null_resource",
      "name": "sputnik_root_user_confirm_email",
      "provider": "provider[\"registry.terraform.io/hashicorp/null\"]",
      "instances": [
        {
          "schema_version": 0,
          "attributes": {
            "id": "6941719419614465200",
            "triggers": null
          },
          "sensitive_attributes": [],
          "dependencies": [
            "module.cognito.aws_cognito_user_pool.pool",
            "module.cognito.null_resource.sputnik_root_user"
          ]
        }
      ]
    },
    {
      "module": "module.cognito",
      "mode": "managed",
      "type": "null_resource",
      "name": "sputnik_root_user_group",
      "provider": "provider[\"registry.terraform.io/hashicorp/null\"]",
      "instances": [
        {
          "schema_version": 0,
          "attributes": {
            "id": "1343590434937052071",
            "triggers": null
          },
          "sensitive_attributes": [],
          "dependencies": [
            "module.cognito.aws_cognito_user_group.admin",
            "module.cognito.aws_cognito_user_pool.pool",
            "module.cognito.null_resource.sputnik_root_user"
          ]
        }
      ]
    },
    {
      "module": "module.database",
      "mode": "managed",
      "type": "aws_rds_cluster",
      "name": "cluster",
      "provider": "provider[\"registry.terraform.io/hashicorp/aws\"].useast",
      "instances": [
        {
          "schema_version": 0,
          "attributes": {
            "allocated_storage": 1,
            "allow_major_version_upgrade": null,
            "apply_immediately": null,
            "arn": "arn:aws:rds:us-east-1:617942035950:cluster:restaurant-manager",
            "availability_zones": [
              "us-east-1a",
              "us-east-1b",
              "us-east-1d"
            ],
            "backtrack_window": 0,
            "backup_retention_period": 7,
            "cluster_identifier": "restaurant-manager",
            "cluster_identifier_prefix": null,
            "cluster_members": [],
            "cluster_resource_id": "cluster-J4QCWPZ32QJAJ3ZAHNLXJZ3KTI",
            "copy_tags_to_snapshot": false,
            "database_name": "restaurant",
            "db_cluster_instance_class": "",
            "db_cluster_parameter_group_name": "default.aurora-mysql5.7",
            "db_instance_parameter_group_name": null,
            "db_subnet_group_name": "default",
            "deletion_protection": false,
            "enable_global_write_forwarding": false,
            "enable_http_endpoint": true,
            "enabled_cloudwatch_logs_exports": [],
            "endpoint": "restaurant-manager.cluster-czyhnv4qk082.us-east-1.rds.amazonaws.com",
            "engine": "aurora-mysql",
            "engine_mode": "serverless",
            "engine_version": "5.7.mysql_aurora.2.08.3",
            "engine_version_actual": "5.7.mysql_aurora.2.08.3",
            "final_snapshot_identifier": null,
            "global_cluster_identifier": "",
            "hosted_zone_id": "Z2R2ITUGPM61AM",
            "iam_database_authentication_enabled": false,
            "iam_roles": [],
            "id": "restaurant-manager",
            "iops": 0,
            "kms_key_id": "arn:aws:kms:us-east-1:617942035950:key/8cf03d97-6a62-4eb9-af2f-b5e5eba95c47",
            "manage_master_user_password": null,
            "master_password": "password",
            "master_user_secret": [],
            "master_user_secret_kms_key_id": null,
            "master_username": "admin",
            "network_type": "IPV4",
            "port": 3306,
            "preferred_backup_window": "04:14-04:44",
            "preferred_maintenance_window": "wed:09:33-wed:10:03",
            "reader_endpoint": "",
            "replication_source_identifier": "",
            "restore_to_point_in_time": [],
            "s3_import": [],
            "scaling_configuration": [
              {
                "auto_pause": true,
                "max_capacity": 16,
                "min_capacity": 1,
                "seconds_until_auto_pause": 300,
                "timeout_action": "RollbackCapacityChange"
              }
            ],
            "serverlessv2_scaling_configuration": [],
            "skip_final_snapshot": true,
            "snapshot_identifier": null,
            "source_region": null,
            "storage_encrypted": true,
            "storage_type": "",
            "tags": {
              "name": "restaurant manager"
            },
            "tags_all": {
              "name": "restaurant manager"
            },
            "timeouts": null,
            "vpc_security_group_ids": [
              "sg-07398cfeac41af7b0"
            ]
          },
          "sensitive_attributes": [],
          "private": "eyJlMmJmYjczMC1lY2FhLTExZTYtOGY4OC0zNDM2M2JjN2M0YzAiOnsiY3JlYXRlIjo3MjAwMDAwMDAwMDAwLCJkZWxldGUiOjcyMDAwMDAwMDAwMDAsInVwZGF0ZSI6NzIwMDAwMDAwMDAwMH19"
        }
      ]
    },
    {
      "module": "module.database",
      "mode": "managed",
      "type": "aws_secretsmanager_secret",
      "name": "restaurant",
      "provider": "provider[\"registry.terraform.io/hashicorp/aws\"].useast",
      "instances": [
        {
          "schema_version": 0,
          "attributes": {
            "arn": "arn:aws:secretsmanager:us-east-1:617942035950:secret:restaurant-manager-secret-Th1EPH",
            "description": "RDS database admin credentials for restaurant-manager",
            "force_overwrite_replica_secret": false,
            "id": "arn:aws:secretsmanager:us-east-1:617942035950:secret:restaurant-manager-secret-Th1EPH",
            "kms_key_id": "",
            "name": "restaurant-manager-secret",
            "name_prefix": "",
            "policy": "",
            "recovery_window_in_days": 0,
            "replica": [],
            "rotation_enabled": false,
            "rotation_lambda_arn": "",
            "rotation_rules": [],
            "tags": {},
            "tags_all": {}
          },
          "sensitive_attributes": [],
          "private": "bnVsbA=="
        }
      ]
    },
    {
      "module": "module.database",
      "mode": "managed",
      "type": "aws_secretsmanager_secret_version",
      "name": "restaurant",
      "provider": "provider[\"registry.terraform.io/hashicorp/aws\"].useast",
      "instances": [
        {
          "schema_version": 0,
          "attributes": {
            "arn": "arn:aws:secretsmanager:us-east-1:617942035950:secret:restaurant-manager-secret-Th1EPH",
            "id": "arn:aws:secretsmanager:us-east-1:617942035950:secret:restaurant-manager-secret-Th1EPH|3631A1BB-3621-4B81-881E-90DAB3D83405",
            "secret_binary": "",
            "secret_id": "arn:aws:secretsmanager:us-east-1:617942035950:secret:restaurant-manager-secret-Th1EPH",
            "secret_string": "{\"dbClusterIdentifier\":\"restaurant-manager\",\"engine\":\"mysql\",\"host\":\"restaurant-manager.cluster-czyhnv4qk082.us-east-1.rds.amazonaws.com\",\"password\":\"password\",\"port\":3306,\"username\":\"admin\"}",
            "version_id": "3631A1BB-3621-4B81-881E-90DAB3D83405",
            "version_stages": [
              "AWSCURRENT"
            ]
          },
          "sensitive_attributes": [],
          "private": "bnVsbA==",
          "dependencies": [
            "module.database.aws_rds_cluster.cluster",
            "module.database.aws_secretsmanager_secret.restaurant"
          ]
        }
      ]
    },
    {
      "module": "module.database",
      "mode": "managed",
      "type": "aws_ssm_parameter",
      "name": "rds-secret",
      "provider": "provider[\"registry.terraform.io/hashicorp/aws\"]",
      "instances": [
        {
          "schema_version": 0,
          "attributes": {
            "allowed_pattern": "",
            "arn": "arn:aws:ssm:eu-central-1:617942035950:parameter/restaurant/secrets/aurora/arn",
            "data_type": "text",
            "description": "",
            "id": "/restaurant/secrets/aurora/arn",
            "insecure_value": null,
            "key_id": "",
            "name": "/restaurant/secrets/aurora/arn",
            "overwrite": null,
            "tags": {},
            "tags_all": {},
            "tier": "Standard",
            "type": "String",
            "value": "arn:aws:secretsmanager:us-east-1:617942035950:secret:restaurant-manager-secret-Th1EPH",
            "version": 1
          },
          "sensitive_attributes": [],
          "private": "bnVsbA==",
          "dependencies": [
            "module.database.aws_rds_cluster.cluster",
            "module.database.aws_secretsmanager_secret.restaurant",
            "module.database.aws_secretsmanager_secret_version.restaurant"
          ]
        }
      ]
    },
    {
      "module": "module.database",
      "mode": "managed",
      "type": "null_resource",
      "name": "db_setup",
      "provider": "provider[\"registry.terraform.io/hashicorp/null\"]",
      "instances": [
        {
          "schema_version": 0,
          "attributes": {
            "id": "5178618747582573596",
            "triggers": {
              "file": "1fe9ad1eb5eb226041b007d0343128c2a7d27d96"
            }
          },
          "sensitive_attributes": [],
          "dependencies": [
            "module.database.aws_rds_cluster.cluster",
            "module.database.aws_secretsmanager_secret.restaurant"
          ]
        }
      ]
    },
    {
      "module": "module.iam",
      "mode": "managed",
      "type": "aws_iam_policy",
      "name": "appsync-access-rds",
      "provider": "provider[\"registry.terraform.io/hashicorp/aws\"]",
      "instances": [
        {
          "schema_version": 0,
          "attributes": {
            "arn": "arn:aws:iam::617942035950:policy/restaurant-manager-appsync-rds",
            "description": "Appsync access to RDS data and secret to get user/password for database",
            "id": "arn:aws:iam::617942035950:policy/restaurant-manager-appsync-rds",
            "name": "restaurant-manager-appsync-rds",
            "name_prefix": "",
            "path": "/",
            "policy": "{\"Statement\":[{\"Action\":[\"rds-data:DeleteItems\",\"rds-data:ExecuteSql\",\"rds-data:GetItems\",\"rds-data:InsertItems\",\"rds-data:UpdateItems\",\"rds-data:ExecuteStatement\"],\"Effect\":\"Allow\",\"Resource\":[\"arn:aws:rds:us-east-1:*:cluster:*\"]},{\"Action\":[\"secretsmanager:GetSecretValue\"],\"Effect\":\"Allow\",\"Resource\":[\"arn:aws:secretsmanager:us-east-1:*:secret:*\"]},{\"Action\":\"lambda:InvokeFunction\",\"Effect\":\"Allow\",\"Resource\":\"*\"}],\"Version\":\"2012-10-17\"}",
            "policy_id": "ANPAY7YBXFXXK4UQDI3ZM",
            "tags": {},
            "tags_all": {}
          },
          "sensitive_attributes": [],
          "private": "bnVsbA=="
        }
      ]
    },
    {
      "module": "module.iam",
      "mode": "managed",
      "type": "aws_iam_policy",
      "name": "appsync-lambda-policy",
      "provider": "provider[\"registry.terraform.io/hashicorp/aws\"]",
      "instances": [
        {
          "schema_version": 0,
          "attributes": {
            "arn": "arn:aws:iam::617942035950:policy/restaurant-appsync-lambda",
            "description": "IAM policy for AppSync to invoke a lambda",
            "id": "arn:aws:iam::617942035950:policy/restaurant-appsync-lambda",
            "name": "restaurant-appsync-lambda",
            "name_prefix": "",
            "path": "/",
            "policy": "{\"Statement\":[{\"Action\":[\"cognito-idp:AdminDeleteUser\",\"cognito-idp:AdminDisableUser\",\"cognito-idp:AdminGetUser\",\"cognito-idp:AdminResetUserPassword\",\"cognito-idp:AdminSetUserPassword\",\"cognito-idp:SignUp\"],\"Effect\":\"Allow\",\"Resource\":\"arn:aws:cognito-idp:*:*:*\"}],\"Version\":\"2012-10-17\"}",
            "policy_id": "ANPAY7YBXFXXEAM47WDBM",
            "tags": {},
            "tags_all": {}
          },
          "sensitive_attributes": [],
          "private": "bnVsbA=="
        }
      ]
    },
    {
      "module": "module.iam",
      "mode": "managed",
      "type": "aws_iam_role",
      "name": "appsync-role",
      "provider": "provider[\"registry.terraform.io/hashicorp/aws\"].useast",
      "instances": [
        {
          "schema_version": 0,
          "attributes": {
            "arn": "arn:aws:iam::617942035950:role/restaurant-manager-appsync",
            "assume_role_policy": "{\"Statement\":[{\"Action\":\"sts:AssumeRole\",\"Effect\":\"Allow\",\"Principal\":{\"Service\":\"appsync.amazonaws.com\"},\"Sid\":\"\"}],\"Version\":\"2012-10-17\"}",
            "create_date": "2023-05-21T21:01:42Z",
            "description": "IAM Role for Sputnik appsync logging",
            "force_detach_policies": false,
            "id": "restaurant-manager-appsync",
            "inline_policy": [],
            "managed_policy_arns": [
              "arn:aws:iam::617942035950:policy/restaurant-manager-appsync-rds",
              "arn:aws:iam::aws:policy/service-role/AWSAppSyncPushToCloudWatchLogs"
            ],
            "max_session_duration": 3600,
            "name": "restaurant-manager-appsync",
            "name_prefix": "",
            "path": "/",
            "permissions_boundary": null,
            "role_last_used": [
              {
                "last_used_date": "2023-05-22T09:20:38Z",
                "region": "us-east-1"
              }
            ],
            "tags": {},
            "tags_all": {},
            "unique_id": "AROAY7YBXFXXGWQKJXJWK"
          },
          "sensitive_attributes": [],
          "private": "bnVsbA=="
        }
      ]
    },
    {
      "module": "module.iam",
      "mode": "managed",
      "type": "aws_iam_role",
      "name": "lambda-role",
      "provider": "provider[\"registry.terraform.io/hashicorp/aws\"].useast",
      "instances": [
        {
          "schema_version": 0,
          "attributes": {
            "arn": "arn:aws:iam::617942035950:role/restaurant-lambda-role",
            "assume_role_policy": "{\"Statement\":[{\"Action\":\"sts:AssumeRole\",\"Effect\":\"Allow\",\"Principal\":{\"Service\":\"lambda.amazonaws.com\"},\"Sid\":\"\"}],\"Version\":\"2012-10-17\"}",
            "create_date": "2023-05-21T21:01:42Z",
            "description": "",
            "force_detach_policies": false,
            "id": "restaurant-lambda-role",
            "inline_policy": [],
            "managed_policy_arns": [
              "arn:aws:iam::617942035950:policy/restaurant-appsync-lambda"
            ],
            "max_session_duration": 3600,
            "name": "restaurant-lambda-role",
            "name_prefix": "",
            "path": "/",
            "permissions_boundary": null,
            "role_last_used": [
              {
                "last_used_date": "2023-05-22T08:21:34Z",
                "region": "us-east-1"
              }
            ],
            "tags": {},
            "tags_all": {},
            "unique_id": "AROAY7YBXFXXA2HR5AD6R"
          },
          "sensitive_attributes": [],
          "private": "bnVsbA=="
        }
      ]
    },
    {
      "module": "module.iam",
      "mode": "managed",
      "type": "aws_iam_role_policy_attachment",
      "name": "appsync-logs-policy-attachment",
      "provider": "provider[\"registry.terraform.io/hashicorp/aws\"]",
      "instances": [
        {
          "schema_version": 0,
          "attributes": {
            "id": "restaurant-manager-appsync-20230521210143352900000002",
            "policy_arn": "arn:aws:iam::aws:policy/service-role/AWSAppSyncPushToCloudWatchLogs",
            "role": "restaurant-manager-appsync"
          },
          "sensitive_attributes": [],
          "private": "bnVsbA==",
          "dependencies": [
            "module.iam.aws_iam_role.appsync-role"
          ]
        }
      ]
    },
    {
      "module": "module.iam",
      "mode": "managed",
      "type": "aws_iam_role_policy_attachment",
      "name": "appsync-rds-policy-attachment",
      "provider": "provider[\"registry.terraform.io/hashicorp/aws\"]",
      "instances": [
        {
          "schema_version": 0,
          "attributes": {
            "id": "restaurant-manager-appsync-20230521210143310300000001",
            "policy_arn": "arn:aws:iam::617942035950:policy/restaurant-manager-appsync-rds",
            "role": "restaurant-manager-appsync"
          },
          "sensitive_attributes": [],
          "private": "bnVsbA==",
          "dependencies": [
            "module.iam.aws_iam_policy.appsync-access-rds",
            "module.iam.aws_iam_role.appsync-role"
          ]
        }
      ]
    },
    {
      "module": "module.iam",
      "mode": "managed",
      "type": "aws_iam_role_policy_attachment",
      "name": "lambda_policy_attachment",
      "provider": "provider[\"registry.terraform.io/hashicorp/aws\"]",
      "instances": [
        {
          "schema_version": 0,
          "attributes": {
            "id": "restaurant-lambda-role-20230521210143621000000003",
            "policy_arn": "arn:aws:iam::617942035950:policy/restaurant-appsync-lambda",
            "role": "restaurant-lambda-role"
          },
          "sensitive_attributes": [],
          "private": "bnVsbA==",
          "dependencies": [
            "module.iam.aws_iam_policy.appsync-lambda-policy",
            "module.iam.aws_iam_role.lambda-role"
          ]
        }
      ]
    },
    {
      "module": "module.lambda",
      "mode": "managed",
      "type": "aws_lambda_function",
      "name": "cognito-user",
      "provider": "provider[\"registry.terraform.io/hashicorp/aws\"].useast",
      "instances": [
        {
          "schema_version": 0,
          "attributes": {
            "architectures": [
              "x86_64"
            ],
            "arn": "arn:aws:lambda:us-east-1:617942035950:function:cognito-user-function",
            "code_signing_config_arn": "",
            "dead_letter_config": [],
            "description": "",
            "environment": [
              {
                "variables": {
                  "COGNITO_CLIENT_ID": "76q8o53d4tq18a11q6sqcjmnsj",
                  "COGNITO_USER_POOL": "us-east-1_ozrrxONLX"
                }
              }
            ],
            "ephemeral_storage": [
              {
                "size": 512
              }
            ],
            "file_system_config": [],
            "filename": "lambda/cognito-user-go/cognito-user.zip",
            "function_name": "cognito-user-function",
            "handler": "main",
            "id": "cognito-user-function",
            "image_config": [],
            "image_uri": "",
            "invoke_arn": "arn:aws:apigateway:us-east-1:lambda:path/2015-03-31/functions/arn:aws:lambda:us-east-1:617942035950:function:cognito-user-function/invocations",
            "kms_key_arn": "",
            "last_modified": "2023-05-21T21:01:53.242+0000",
            "layers": [],
            "memory_size": 128,
            "package_type": "Zip",
            "publish": false,
            "qualified_arn": "arn:aws:lambda:us-east-1:617942035950:function:cognito-user-function:$LATEST",
            "qualified_invoke_arn": "arn:aws:apigateway:us-east-1:lambda:path/2015-03-31/functions/arn:aws:lambda:us-east-1:617942035950:function:cognito-user-function:$LATEST/invocations",
            "replace_security_groups_on_destroy": null,
            "replacement_security_group_ids": null,
            "reserved_concurrent_executions": -1,
            "role": "arn:aws:iam::617942035950:role/restaurant-lambda-role",
            "runtime": "go1.x",
            "s3_bucket": null,
            "s3_key": null,
            "s3_object_version": null,
            "signing_job_arn": "",
            "signing_profile_version_arn": "",
            "skip_destroy": false,
            "snap_start": [],
            "source_code_hash": "uXqSkFZDNV7tl/+RkjLVc9H9KCCS643kZtnVzw4J7e4=",
            "source_code_size": 7596811,
            "tags": {},
            "tags_all": {},
            "timeout": 10,
            "timeouts": null,
            "tracing_config": [
              {
                "mode": "PassThrough"
              }
            ],
            "version": "$LATEST",
            "vpc_config": []
          },
          "sensitive_attributes": [],
          "private": "eyJlMmJmYjczMC1lY2FhLTExZTYtOGY4OC0zNDM2M2JjN2M0YzAiOnsiY3JlYXRlIjo2MDAwMDAwMDAwMDAsImRlbGV0ZSI6NjAwMDAwMDAwMDAwLCJ1cGRhdGUiOjYwMDAwMDAwMDAwMH19",
          "dependencies": [
            "module.cognito.aws_cognito_user_pool.pool",
            "module.cognito.aws_cognito_user_pool_client.client",
            "module.iam.aws_iam_role.lambda-role"
          ]
        }
      ]
    }
  ],
  "check_results": []
}
